version = 1
project = "arena"
td_path = "projects/arena/tech-design"
generated_at = "2026-06-14T08:04:58.998548+00:00"
digest = "sha256:c767b642487a12541710988564288fab70231266c2df31646711a89510aaa795"

[[files]]
path = "logic/external-contracts.md"
digest = "sha256:83ebe7d8434905810e721be0ce3936a15bc049a21af706da579171e34cd42354"

[[files]]
path = "semantic/arena-build-script.md"
digest = "sha256:819d8791d5c69c0c6d64154d0099925c29825a210fbe195e8abc4aed5cf13a32"

[[files]]
path = "semantic/arena-install-script.md"
digest = "sha256:0237b4e2ac57d7b376bf011d16d6567b90f879db453b07f523377c63ec65692f"

[[files]]
path = "semantic/arena-projects-arena.md"
digest = "sha256:8ed75c935ae81857fdd97efe4c7883ea7fce66babf0ba7f6dc7f1d283f355123"

[[files]]
path = "semantic/source/projects-arena-arena-cli-src-bin-arena-rs.md"
digest = "sha256:db5f40136e1a57b72196353ae99bedb4f9d78f68b83809c7fc00275751b5aafc"

[[files]]
path = "semantic/source/projects-arena-arena-cli-src-dispatch-rs.md"
digest = "sha256:30ed9c11823b01b6e088a9e13a0ea662238fc5e332261296af6764be9b9553c2"

[[files]]
path = "semantic/source/projects-arena-arena-cli-src-lib-rs.md"
digest = "sha256:e0ccddcfba681ad99351bf558368992ef91c0a578f0ce4abaa2030ead38503c1"

[[files]]
path = "semantic/source/projects-arena-src-compare-rs.md"
digest = "sha256:1f18720c12db91b92ac15a7a4b50f959fd4ef940aff848bff6970f82a9da9df6"

[[files]]
path = "semantic/source/projects-arena-src-engine-rs.md"
digest = "sha256:a03176d45117976181280936f7344440f53988c0dbe51616d8e90586d07fbf6e"

[[files]]
path = "semantic/source/projects-arena-src-lib-rs.md"
digest = "sha256:3ff5d3111b7e55a78ef95a1c0592add9e2f8267c6d96f2e5d01517e4489b0d01"

[[files]]
path = "semantic/source/projects-arena-src-measure-rs.md"
digest = "sha256:ac8cb5f9aa3ebbc9103f7cd2e0af1d43d220724b533a2546d4908e98eb2a8688"

[[files]]
path = "semantic/source/projects-arena-src-report-rs.md"
digest = "sha256:e91120b1d1fcc6dab30170faa8b15ac5bb8b4a92d777a6afa0df40fab3c11ce7"

[[files]]
path = "semantic/source/projects-arena-src-spec-rs.md"
digest = "sha256:39e69b27a31ffb18c77234215601770a6a8fb027736cff23c4043853e85113c9"

[[files]]
path = "semantic/source/projects-arena-tests-pipeline_e2e-rs.md"
digest = "sha256:630b5e6e8492bd206ad8d5a2e63b379c2d9fbb04b73065f01efe82186f14dca4"
