version = 2
project = "lumen"
ir_kind = "td"
td_path = "apps/lumen/tech-design"
generated_at = "2026-07-15T18:50:09.292943+00:00"
digest = "sha256:588a559c06635244d635c3992518b6e530e993f53c2f4c9e778f0405b434d6a2"
source_digest = "sha256:588a559c06635244d635c3992518b6e530e993f53c2f4c9e778f0405b434d6a2"
ir_digest = "sha256:80587e8985d1c69696d9cac21feeb6b26439393ef92ac850611d5ddafef2d184"

[[files]]
path = "interfaces/cli/cli-connect-query-k8s-agent-workflow.md"
digest = "sha256:d9dc7b101520ddbf0049f639edfef26d93c91e8ed6682ba23e46832fde6de655"
ir_digest = "sha256:601cec77e360956a2d7c57a81fe30781817f16ba87ec67c2ebdc83249c8e136d"
section_count = 3

[[files]]
path = "interfaces/cli/lumen-cli-add-dump-load-export-import-snapshot-verbs.md"
digest = "sha256:105bae007aaeb7dad1189f8810451be173f057981a2ed98e9695315937cfa9fc"
ir_digest = "sha256:9e34c6a02128b5e8cfd820f92d71035036c2ebb3b0d3d70e9718b28c08ba89a3"
section_count = 3

[[files]]
path = "interfaces/cli/lumen-cli-add-issue-comment-auto-reopen-follow-up.md"
digest = "sha256:bc0d56560fde6706360630711ac799e99e8af81ce2014d6395b2f97fdbbd3fef"
ir_digest = "sha256:83eb3f1e16cc5fe5c4caef97145b9491bd3bb881c26dc8c780a3f454b9ab69e0"
section_count = 3

[[files]]
path = "interfaces/cli/lumen-cli-consolidation-single-binary-serve-spec-llm-k8s-operato.md"
digest = "sha256:92fdf06b97cadb99ee1013c4f38503fdedd59ea05e333f9caa67b48f3f929cb5"
ir_digest = "sha256:19d788dcd91029819232dff688c76329c65ac381431b76a9100bfafd9ef2ecb3"
section_count = 5

[[files]]
path = "interfaces/cli/lumen-issue-search-view-create-shared-cli-standard.md"
digest = "sha256:675ec4864f7b65d457dc4df5d74d38a7fdf6c4ce6f41317241535518aee5d9c1"
ir_digest = "sha256:7cc8b93106a9c08db3304683658e11ffb124eaa9c45bf9d5e49d0124e4f00f63"
section_count = 3

[[files]]
path = "interfaces/cli/lumen-spec-gen-generate-a-typed-client-ts-py-rust-from-lumen-s-o.md"
digest = "sha256:68b97e4a030d84b32191cc58d3a3ebf178a12eb4ca30fe70ee62b90600826a57"
ir_digest = "sha256:a878af28eb82842319d013c8eef87ea96de3983bfe15597c9fe2c3170ad354e8"
section_count = 3

[[files]]
path = "interfaces/cli/lumen-upgrade-self-update-cli-from-github-releases.md"
digest = "sha256:d3f6ffe5e691d9ef74bc1e294ea643034430864277abd777e92aa16d94c2ab0b"
ir_digest = "sha256:29460b41d13eacda8d5c0fd12ae4a37f1bf06178ab89603c5414899199816817"
section_count = 4

[[files]]
path = "interfaces/cli/self-docs-teach-positional-lumen-llm-topic-but-the-cli-only-acce.md"
digest = "sha256:396f4b364ac501bd2cbb03bd617aa8b329a2ce9b427c9dc74ec45b6ffb1fd927"
ir_digest = "sha256:b09c58edad8c2d4d30b42bfbb9d1a2f4d42392a2759cc342792e5b23808365c3"
section_count = 3

[[files]]
path = "interfaces/dx/lumen-dx-contract.md"
digest = "sha256:2c2ea774e1513dd81befe4b817c6580a74981127afe4fb2eec1bdacfa1ce4bd9"
ir_digest = "sha256:552932d354aea40542fe4dfdfa7c865a3b9469e30a45d027d16cf64438519cd0"
section_count = 3

[[files]]
path = "interfaces/rest/lumen-openapi-define-4-dangling-ref-schemas-fix-servers-port-808.md"
digest = "sha256:52817113acc991ff7d3cd02e28770c19f756bc196ec8d24be84b6e8bca33d5c5"
ir_digest = "sha256:040cb42e8c46cc55947cde117af060f00ba2e54ab9bea60c551564eb56e9ec1b"
section_count = 4

[[files]]
path = "interfaces/rest/relay-wal.md"
digest = "sha256:beaaeee24e710ddc08dc338d81bf422ae1c2c7288c71c248da63b0dac9386e17"
ir_digest = "sha256:13845aafba5f053672e2af5f0461090e9fce9775a134597fd5a6d944478de04e"
section_count = 3

[[files]]
path = "logic/0-4-4-docs-stale-sort-missing-last-and-has-child-sort-both-work.md"
digest = "sha256:8dc4bb277616934a11195cf480d94ac6b7fe3811813dc36c47c3ce4c99e931f6"
ir_digest = "sha256:7a158c837dcd3b0143ef8d7d24933dfc0b85f21bfe5fc12bccaf86f49aa7a89d"
section_count = 4

[[files]]
path = "logic/adopt-shared-stateful-service-foundations.md"
digest = "sha256:02a9d64b106f68398ea44ec40fa1c6b0d4d95c70df8a6fbe958e2c8a084a5678"
ir_digest = "sha256:9b541e03f6368d7184b284bf817bcf1a3ed21605fdb95578b2f6718ad45d947b"
section_count = 3

[[files]]
path = "logic/allow-has-child-to-combine-with-sort-by-materializing-parent-bit.md"
digest = "sha256:086ad410e92c38a573173a4fdee9e4290f6b595d07cf245461ed21f27af7d9de"
ir_digest = "sha256:2699a2bd6ef448dd3a3c76a8dcb9c664f7a8b18366e9a4925edf55e5d1a2c23b"
section_count = 4

[[files]]
path = "logic/bulk-scroll-to-exhaustion-endpoint-for-all-matching-ids-no-unlim.md"
digest = "sha256:61133d85e330ad6ba0aef02bca64d19de3e5a76867bdaa73d875426d0644ee61"
ir_digest = "sha256:c28545624bdea8fcd921d4f8ccf467bd78373e634a61664f518120fe012a13de"
section_count = 3

[[files]]
path = "logic/convergence-self-heal-bounded-remediation-restart-on-version-mis.md"
digest = "sha256:58d1b71dcd86a8450f9aac06248794e2849263a2ba3e96a249bb4c4f84dc40a4"
ir_digest = "sha256:776520bf515441554d30906f7df0bb6e4c591870438043db56acf600f5437075"
section_count = 3

[[files]]
path = "logic/early-stop-on-high-selectivity-term-lookups-p99-regression-vs-pg.md"
digest = "sha256:9fb3b7208050903f654e522abc4c685c570de2a3199a72296113946dec7bed46"
ir_digest = "sha256:e67c19ccce125bea83c12a6c408a0a0c3013beebde1bf6dcc05baf06833f02a5"
section_count = 4

[[files]]
path = "logic/expose-ssd-as-a-simple-toggle-serving-ssd-instead-of-requiring-a.md"
digest = "sha256:651a7f84bdad332412b1d55880ad69de6aa6182a8d28a221674b778742c4a8fc"
ir_digest = "sha256:7305e4396683eaf8d161a824627b45692b671931cbbd493eecc7be20c8ba6894"
section_count = 3

[[files]]
path = "logic/external-version-lww-optional-version-on-indexitem-drop-stale-pe.md"
digest = "sha256:5cd794fb865cb8758207dc6db631f3b4753ce5573ada1464ba42f47ab6a7b73c"
ir_digest = "sha256:fcfb8a0e910b6c97388bfb227073843c243ba74bd4ee7d2757c10a630d2433e2"
section_count = 4

[[files]]
path = "logic/gate-the-filter-sort-deep-page-chain-bench-cell-pg-competitive-p.md"
digest = "sha256:efda84d728c00e3c30f9bec809e7af249186338f2cb80a9c5e64b90a13f985ce"
ir_digest = "sha256:e2fd526c88c27d0144571dc3ca31aa8b900f39def0c2613f424c10e03d8ec421"
section_count = 4

[[files]]
path = "logic/lumen-service-auth-convergence-delegate-middleware-to-shared-ver.md"
digest = "sha256:d8411303c33aa33d6ec0794f4d6ebd606cc0494f85598fc89a0e1a0b2e1f9ae5"
ir_digest = "sha256:59298f2ed25763cf67ab10ad39e6221449f0f86c8aba075048a7ed540d1afa74"
section_count = 4

[[files]]
path = "logic/lumen-service-http-convergence-adopt-shared-probes-trace-and-dra.md"
digest = "sha256:1696159b65cab58f45b362e6a4e9b70c6cde49f2934bafd602b952e081982956"
ir_digest = "sha256:2d429ea7e016091df70be536cccbd2867d45512d075b56f320b374789eb540bf"
section_count = 4

[[files]]
path = "logic/native-ids-query-node-filter-by-external-id-set.md"
digest = "sha256:bc1f506a01546d751cad9fad086158c10cd8e85920181ef51745ddf645b3b3e0"
ir_digest = "sha256:d487d0a341fe53bef8aaa6b605f7d31b9c2dc1e598ae7100dfbc3fcbb3f29f80"
section_count = 4

[[files]]
path = "logic/native-prefix-wildcard-query-for-keyword-fields.md"
digest = "sha256:01d1daaa8a036c7e3152be28117d299a91622b23bc62d32e069d8be6e78b7edf"
ir_digest = "sha256:f0b1fd6d806056a9b0073423c24e1b36c93c2e5175d76b3adba0bddb15ea67bd"
section_count = 3

[[files]]
path = "logic/native-sorted-offset-deep-page-jump-without-over-fetch.md"
digest = "sha256:224bac4909bc66c9fad1348705e0fa35592a1475196d399e174aa63dbd0158c2"
ir_digest = "sha256:21a05c28d3a354a7ddcf87888e67c5d86f88d5335d5425e3719c92b70fb67e27"
section_count = 3

[[files]]
path = "logic/no-snapshot-backup-mechanism-for-lumen-s-wal-any-replicaspershar.md"
digest = "sha256:ff33507684bf12496bf362e2ae20f3c51fbad8858d9c6b1c5f9dc3604b336b97"
ir_digest = "sha256:5d2f8c14edabf89ab889ce4963beebf4c396dd2e1a4c74fcae841a36e2162981"
section_count = 3

[[files]]
path = "logic/offset-cursor-sort-silently-ignores-sort-reject-with-400-fix-sta.md"
digest = "sha256:b1243fbcd1c98b4b8ed75edaea2a9b74f99a0a8990fe922c452debd86d238548"
ir_digest = "sha256:aaa733cb82e28d666bbb8decf2bcde859bfb1801c71daacdcf2a128ef2fc48bf"
section_count = 4

[[files]]
path = "logic/py-codegen-spec-gen-lang-py-0-4-20-batchsearchitem-alias-referen.md"
digest = "sha256:bb29db3d6b7d90c1e002b2da8f9baf2f8e0c95576cd77aff90f5ed048f17dde7"
ir_digest = "sha256:dbfb0a2ba59ea1f6005af35e5bd521fcba5058d07d15a5d766372656af066809"
section_count = 3

[[files]]
path = "logic/raftstorage-pvc-has-no-auto-expansion-cr-field-change-doesn-t-re.md"
digest = "sha256:e6e68370e857cb4e0b0b23753f3d13ef603a3e9f5894bc7f3932c9d9d2af5b3b"
ir_digest = "sha256:85186feeca7235bf3bcfe59107cf5bf7f8afc512f9b25648594fdef0498fee1d"
section_count = 3

[[files]]
path = "logic/raise-multi-key-sort-cap-beyond-2-keys.md"
digest = "sha256:c9752553d7c37f1d0c21dc68c1fc3a1a14dd47cb6233f53920dd5b00ff88b12a"
ir_digest = "sha256:89f1960de49158eb95b336bf844cac1dc2a4055db931eaf3ca551f4d83218da2"
section_count = 4

[[files]]
path = "logic/render-serving-as-a-statefulset-unconditionally-even-at-replicas.md"
digest = "sha256:47eb4274ea15c6a33bba7df0cb32bcde32f9b0529a477056dd86418f51afdbd3"
ir_digest = "sha256:daf7a53c289230c6b115bbd0720dd19b7e8ee7772e90aba887ad7e1ce1e9bec0"
section_count = 3

[[files]]
path = "logic/repo-taxonomy-move-lumen-from-projects-lumen-to-apps-lumen.md"
digest = "sha256:029bb7c9f0e8c40f1b3e6272678cd2abb995fa1d979e9291ce475ead403cea13"
ir_digest = "sha256:44cd25cf65b7729bc1206ca8fc0ad9b14496fdc237aedf2fc1eed01b2976fc7d"
section_count = 3

[[files]]
path = "logic/sort-missing-value-handling-opt-in-missing-first-last-exclude-an.md"
digest = "sha256:f0b1aaceaff0af6be4bca1294c666c97e8bf377fde8af4a9d08558d0215f5457"
ir_digest = "sha256:2268dcc5390badbf3e228f4708a1b0d0a124b3f0a3a8e1c6aad1eae5b1129ef4"
section_count = 4

[[files]]
path = "logic/strengthen-generator-for-9-file-s-are-handwrite-because-they-are.md"
digest = "sha256:5700cf961f06b5a40ab0f3c6e13245e8ae0fd611f8138bdb0e9f328d685499f4"
ir_digest = "sha256:27bc70e054796852dffa7203fd53edde93588668490e576ceb2ca3da1dc521a5"
section_count = 2

[[files]]
path = "semantic/lumen-apps-lumen.md"
digest = "sha256:2e3b814b633403c4997d1dab3220818883dfd71ae68add496fa749f7added6cb"
ir_digest = "sha256:36ff858b0a256949f4829e97d01e694404913627875c54f926c618a70bbe1510"
section_count = 3

[[files]]
path = "semantic/lumen-benches.md"
digest = "sha256:35838272a7b19abb6a43d5f4843b609862df03ff6cc671f4b75079b891aae0ef"
ir_digest = "sha256:0148785a3e356b9fef08ba8acc4a9d797c04908341a6268d3324b7affe994ffa"
section_count = 3

[[files]]
path = "semantic/lumen-bin.md"
digest = "sha256:b4f24c449717c415fb6dd0d48818abe0a147d4a01bc331fe22626440d3242d5e"
ir_digest = "sha256:64559daad92e1acfab847060998923121dc6d89a0c60d1033ecec0f894415ee1"
section_count = 2

[[files]]
path = "semantic/lumen-build-script.md"
digest = "sha256:d44c0399689d9ae8f6675a4c1cf11de7417e6104d470738ccb2d3a6297305567"
ir_digest = "sha256:7bb714edfc25356ea7000518449f4bfb8fd85b642550b1ffe4b8ea975b8468f0"
section_count = 2

[[files]]
path = "semantic/lumen-ec-gates.md"
digest = "sha256:73a4747a9381e243e765dbcb6fc34bb4b3af75599e01d3b2498808d14b7f614a"
ir_digest = "sha256:6af1a7de8ed17d989d57c530a541640534105c372febb114cf7efa153263770e"
section_count = 2

[[files]]
path = "semantic/lumen-examples.md"
digest = "sha256:665245cbd0ec8120fe9a7b488b4e5847eb48effef0147c48d5df4ea99e566866"
ir_digest = "sha256:a3ed3fc111ef88afb52a6c423748033e4c3f0d9b3efe1b4abb49af3920c7b13b"
section_count = 3

[[files]]
path = "semantic/lumen-install-script.md"
digest = "sha256:09332fb136d51b528dea24e28e0e9ffe527c9e8492e3b9b3821bc6d1984addef"
ir_digest = "sha256:c97d6180f89a37309686ceab1572040a55bf4fa9d0b9502fc745563d66152c61"
section_count = 2

[[files]]
path = "semantic/lumen-k8s-base.md"
digest = "sha256:9b7475f776625b0a7a14968b76d2f577bee287be4846f1b230ccd5ee69719113"
ir_digest = "sha256:582f129a55f86d425fc25d89f9525ad63bc85c0d95954e229b29a3129c78ec7c"
section_count = 2

[[files]]
path = "semantic/lumen-k8s-components-observability.md"
digest = "sha256:a2dc5da4d0d2ea6b1d77645f7de72e49ef023cf498a4fa49449bd1edfc204adf"
ir_digest = "sha256:bd4e50c9c03e8d6fd6b7de8f0be3a7af6cbc1d556e6d07b238658764b4561566"
section_count = 2

[[files]]
path = "semantic/lumen-k8s-operator.md"
digest = "sha256:789e0d17cc441a06544efb22da9767f74d0249e97c5f3a304b4d9e036802e0c2"
ir_digest = "sha256:1a4dbdf7278f0ce0697e0419c4dd99b51667f39cf78e97ea6211c24b9deb1887"
section_count = 2

[[files]]
path = "semantic/lumen-k8s-overlays-dev.md"
digest = "sha256:4380d593bf6184840d40c680496848cf796b1b9e90fa10f5644cfd6b311d7019"
ir_digest = "sha256:2b69fdf55ca4c1e756f7c3008feac2b4f3e6460a92551203ad2f3b84f836973c"
section_count = 2

[[files]]
path = "semantic/lumen-k8s-overlays-prod.md"
digest = "sha256:fe0613a5e0cdc7acb8f10c20196a32bcd5a763664feec26344970ef84b34d018"
ir_digest = "sha256:e03e1f2baadf64df3ef3b0c6f2da2a44928c31a29fb570e39d4e51e7e87dc224"
section_count = 2

[[files]]
path = "semantic/lumen-k8s-overlays-staging.md"
digest = "sha256:5c8bdbae1fd12d7a930beb0934006446935f4bb69e8352cd5d4bb9d2f40dc09b"
ir_digest = "sha256:590c583ca99987f6f5b0a1022f5b784ecbc61bbbf676379c9ec73a933081a455"
section_count = 2

[[files]]
path = "semantic/lumen-k8s-overlays-template.md"
digest = "sha256:38de238df7ceab6ab3a1cc9d50a3f9060f96a33b694d89e62174d5cafd6c196a"
ir_digest = "sha256:fa3d65b4833d96825f8996e552e2b86eb9691b9405d564548ee10d30461aafe1"
section_count = 2

[[files]]
path = "semantic/lumen-operator.md"
digest = "sha256:91389e7bb41532ae12c88953dd5a5d5d599c93a004d152f22f32404813e23736"
ir_digest = "sha256:f374df98b6ea533c7ecef3668128be387da1d06f00c87fda490489a2ed5c2b3e"
section_count = 2

[[files]]
path = "semantic/lumen-runtime-image.md"
digest = "sha256:62e74fe9d113944befcfa645e0808ae8c61ce83845478d6dfd9f3e0573619227"
ir_digest = "sha256:896c0c8c1b24731bbb043090c66cfdf9804dad5bd9cff4c149e20850ac97dd4c"
section_count = 2

[[files]]
path = "semantic/lumen-scripts.md"
digest = "sha256:d5cee617dce589e5a7491dcb3815306c0ca5b6d3ed60c0a50b8aca36c3eaa0a3"
ir_digest = "sha256:2a93ffb92ef0895849c4e47dda00f70cfb6551320a7cdd7a89a9277acbe2a7e1"
section_count = 3

[[files]]
path = "semantic/lumen-src.md"
digest = "sha256:d30618530cca1fd62a9c4ee30fe2058e80e1e89937f3713763d3a1ae565efa6d"
ir_digest = "sha256:6aca2f69f596886ee260716e87dadd4cfb34a939aaeaf3f3e5a1fb2bf3c16941"
section_count = 2

[[files]]
path = "semantic/lumen-tests.md"
digest = "sha256:d2366351d278bc195e00e0033d18705717e7af632f3415ee67963e84d008ad18"
ir_digest = "sha256:b8c9a8cb971809886cd688df0592c0750813dc4cd9fdb5d5c5978402123a7c33"
section_count = 3

[[files]]
path = "semantic/orphaned-semantic-mirror-snapshots-deleted-wal-relay-rs.md"
digest = "sha256:d8c0b9281a99e6f3647b7c0dd38cd7e2d8c990e5db77619e02c0cf8afa4f3e08"
ir_digest = "sha256:7cd1ebb41f4bbc67000190b094b238b7fbb93d2670e8e0b9ed3e26da5bc2123a"
section_count = 3

[[files]]
path = "semantic/source/apps-lumen-build-rs.md"
digest = "sha256:29fde1bb7b41d06ef1255b592cd06084a2e5abbc2407ca5b9031e8fcac28798b"
ir_digest = "sha256:ddfb1ceda0800aa91e1d532e6bf80cb41bc8203596bfc9e7c4c384db31dbafea"
section_count = 3

[[files]]
path = "semantic/source/apps-lumen-src-aof-rs.md"
digest = "sha256:edebfb279edeb2b755f67bffa4b0139e2e733245ec54087aa8aa90110c6472f4"
ir_digest = "sha256:dfd0ad9608c8d50aae4d2f462b0181da687be42617ba34a6a54606077551426c"
section_count = 3

[[files]]
path = "semantic/source/apps-lumen-src-api-rs.md"
digest = "sha256:030866d33b1a1d37e5a8bf3065ac19c16ffd8bcf825d75160ae7a6117b60f433"
ir_digest = "sha256:db79443c622d3189988200a97522c8725ac59104a22d3c6662e45a3b1059b1a2"
section_count = 3

[[files]]
path = "semantic/source/apps-lumen-src-auth-rs.md"
digest = "sha256:146e7dd0e38b92acf1f66ae86e414feced0e1eea015a7c51b58bf0a3e45025e0"
ir_digest = "sha256:381a9a3c57414fed38c26e1883c3786a48897096099506d574786e070f7f20ae"
section_count = 3

[[files]]
path = "semantic/source/apps-lumen-src-backup-rs.md"
digest = "sha256:4fb4ecbe7683f7d4836e539234a5c89abd1bd09e58954f79ef5e9f449f4a1aa9"
ir_digest = "sha256:558fcd91f3f456a4621e6915e9f8a10e201cbb4e3b6b472c2e3103cad919d946"
section_count = 3

[[files]]
path = "semantic/source/apps-lumen-src-backup_sink-rs.md"
digest = "sha256:0102c168fad6fc7467c867a5bf457a3d5922b1d6a57504e378e58fded1495fe1"
ir_digest = "sha256:2af37f98cacd36d79019da47c86f4857822edaf338e57e616447047a46ef708b"
section_count = 3

[[files]]
path = "semantic/source/apps-lumen-src-bin-lumen-bench-rs.md"
digest = "sha256:59d7f6572ed2192341a71da9e9a0c379514cda1c53c2447cc70ac0c96e44d97b"
ir_digest = "sha256:2492594556620d2d47483f8e086579196d50fbc3f42868e5c4a14331ac220b43"
section_count = 3

[[files]]
path = "semantic/source/apps-lumen-src-bin-lumen-rs.md"
digest = "sha256:73783162df1e82fc7dd86a6201323893c2e043fa3407e4900de30c0ece0bb8e8"
ir_digest = "sha256:dee84df07d027756cbbeda8955ee13b9279a8bd995b63031ab90be366ad55f0d"
section_count = 3

[[files]]
path = "semantic/source/apps-lumen-src-config-rs.md"
digest = "sha256:b8e1ce70bad2b6fbd71b75cdc3f9a33bc16f346482468880e1d2b43f3ac4a6f9"
ir_digest = "sha256:9f49284d2f3d70b85683c2696bf5b3b41e3e0068bad03f37a85827d251b7f49f"
section_count = 3

[[files]]
path = "semantic/source/apps-lumen-src-consumer-rs.md"
digest = "sha256:9e2b25c92375a0c0a124ddd6cc522657b1cde069ee733daf5a515cf1c6f47962"
ir_digest = "sha256:d9d13d06c7b8fddb436432afb1ce27a8a5312cc37e1baef02e7465ae4766a315"
section_count = 3

[[files]]
path = "semantic/source/apps-lumen-src-coordinator-rs.md"
digest = "sha256:a9e063896fdc761baffc307c40b0e43edaade5e83932bb31d67070f43fb97b06"
ir_digest = "sha256:8eb754213cd9e770578e8701b7e5a7db0bab16db81c12ee4be063e4c62b44776"
section_count = 3

[[files]]
path = "semantic/source/apps-lumen-src-lib-rs.md"
digest = "sha256:5fa6554f789ce5be5fa50913d4d9f6ea5195561de81771ae3cfbc7cab61faa45"
ir_digest = "sha256:5e89f6dce6b57347aff56cb7655b7c3d2c53714a30fc23c5c7b9823a1cec5525"
section_count = 3

[[files]]
path = "semantic/source/apps-lumen-src-log_entry-rs.md"
digest = "sha256:38bb04685fff57acd82dcda2effbad448efeeb2e86daa389f8b8fa87d8da1865"
ir_digest = "sha256:58f8eb3ae629fc86fa8b18fc52ef58761736d8bd4c1a4bbdcc73158d4fcf430d"
section_count = 3

[[files]]
path = "semantic/source/apps-lumen-src-metrics-rs.md"
digest = "sha256:945fc617faa9d8b5e777f4128ea2ccab743278520a8e9808e0a23f08d07888bb"
ir_digest = "sha256:dcc32a925df42130ada8e3d53d470a007d97a1e5c03131d8a544f846598902eb"
section_count = 3

[[files]]
path = "semantic/source/apps-lumen-src-native_wire-rs.md"
digest = "sha256:18eec056aaddc50ebab6638cfc0880b2a92223d691bc7ac778c9a7b0789c3968"
ir_digest = "sha256:33c8dcba4301b89f0893cfcb337e13d7594025b3fc9f09b32e1d55da5b41f2ce"
section_count = 3

[[files]]
path = "semantic/source/apps-lumen-src-operator-crd-rs.md"
digest = "sha256:b2c980a909292564e17a581dc4dddf10c075d191b8ff4e034cf88fd209ee0d13"
ir_digest = "sha256:f80b5d403cc4fdffe3e4daaf260adee41b5017792f3af40fe369909aeaa26f1d"
section_count = 3

[[files]]
path = "semantic/source/apps-lumen-src-operator-lease-rs.md"
digest = "sha256:5e471a29ded07da69f9bc00211239cfa34ace5a36c69d5f9f2d933b61b53cb8c"
ir_digest = "sha256:33e6f78d5b2d0a55abf0152ad7746caccdc1e8ee0d7d265f4b7056010a9b7446"
section_count = 3

[[files]]
path = "semantic/source/apps-lumen-src-operator-mod-rs.md"
digest = "sha256:ec3be81c9ff2c0335e75639e53e4110a62055f3975df6141b54929761b8a77f8"
ir_digest = "sha256:86e33daf75b7b39625e2b0e9d20405fe3e86e65d49d0f0384ea12a2d9ed8e0d9"
section_count = 3

[[files]]
path = "semantic/source/apps-lumen-src-operator-reconcile-rs.md"
digest = "sha256:f9f3d225505f90ade9e31b7b04de22a1d6b00680db8a7718cc90d6d2aa84f934"
ir_digest = "sha256:ff3b6b5e6a13baa388cae69f00ca58c403819646fde13ddb8dcb62fb3e16cf49"
section_count = 3

[[files]]
path = "semantic/source/apps-lumen-src-operator-render-rs.md"
digest = "sha256:ed291b95101711544a4b16d0190b12bbfb4da99def5fc29a6c8bcc7641592b19"
ir_digest = "sha256:e61e4bcab97c2e0afd77ee5590fafc387ac339856e32e9427486162faf1a519e"
section_count = 3

[[files]]
path = "semantic/source/apps-lumen-src-operator-reshard-driver-rs.md"
digest = "sha256:7d290939ac115ef48042c59d9f16dfeb78659d05a785530412bf30f6f78941df"
ir_digest = "sha256:93fb3ad84ca8bdee423ac962275369ea28714e830738bcb5f5c1ade46c854992"
section_count = 3

[[files]]
path = "semantic/source/apps-lumen-src-operator-resize-rs.md"
digest = "sha256:a25a7a093507bb7fe9db073487542da2eab5bc6ccd4396527c9018e15e9c889c"
ir_digest = "sha256:25f923d8b5d5a9df8a6159ccde29c5cf6ebf39cca114f63161a32f107d47ebd1"
section_count = 3

[[files]]
path = "semantic/source/apps-lumen-src-raft-rs.md"
digest = "sha256:4dee684bfdc906ebc60b2f8e515460bdfa7fe9a53ced478824ec50e4d69a7de5"
ir_digest = "sha256:7f883134517065e5947e00655b1002107e4a25c352f8a20e997c7f99cb8f71bb"
section_count = 3

[[files]]
path = "semantic/source/apps-lumen-src-raft_sm-rs.md"
digest = "sha256:d209da401a727f1a7f65b937cca6dbc05748bc09c2f73bb218f093e1ba0efd39"
ir_digest = "sha256:5f16e6513cfa7325e63f79081cc165e2666ea81f42fc084d1d8e7bca2845f071"
section_count = 3

[[files]]
path = "semantic/source/apps-lumen-src-rdb-rs.md"
digest = "sha256:bc3fca1c09ec4b4cf862a781d7aac0df93ff4eef2480a18424fcfaac0e099c3a"
ir_digest = "sha256:b8e69c73983430cc23b3e88b88f0d28494770d5af25d9db69043506ffaa2ec42"
section_count = 3

[[files]]
path = "semantic/source/apps-lumen-src-reshard-rs.md"
digest = "sha256:ad98493c6a28dac689aa436f133db59a18e87bfa9e196310f512c3a54bba3302"
ir_digest = "sha256:e279500598fdb7dbd3ed188599c6953da65c6dc754136115bc0bceac02264d28"
section_count = 3

[[files]]
path = "semantic/source/apps-lumen-src-routing-rs.md"
digest = "sha256:65a6ae7eb220dfef44835a368e94a0df5516fdfcc1e8b44e9c1fd61fd933bcdd"
ir_digest = "sha256:58375ba4a432dfda913da00f4abd1f661eba0935ffc916d655e60031420e3d6f"
section_count = 3

[[files]]
path = "semantic/source/apps-lumen-src-routing_remote-rs.md"
digest = "sha256:352f9d4cda71b1e2a96cd5770cbfddbc5bc16cb30ade1da6d19b4e2505ecb8b9"
ir_digest = "sha256:49082c72cf82b613638ab1b25df7519a771a1680b167511aeb934f95dec759d7"
section_count = 2

[[files]]
path = "semantic/source/apps-lumen-src-segment-rs.md"
digest = "sha256:776a71a3b00d3102e0374f61d73a7046f31dbdcc40875f24edba1e3c0b47ce0a"
ir_digest = "sha256:24acace65b2851a06383ebcd7d08e8c58b5bc23eac7f2a52a624632749734b44"
section_count = 3

[[files]]
path = "semantic/source/apps-lumen-src-segment_rdb-rs.md"
digest = "sha256:7a1c5c831d7c7be144dad5e1fd920377643cdc1decdc4c27d19bf0bb8cda69bb"
ir_digest = "sha256:c4837e09de8fac3efae6a14ef371339e051104e49706cdd3aa9190bbfd2d54f8"
section_count = 3

[[files]]
path = "semantic/source/apps-lumen-src-spec-rs.md"
digest = "sha256:3e148bbf924902ab8e4f22b69a729780d81c21c1c875e4dae3af144cc476fe86"
ir_digest = "sha256:baa47c2f819f72d7437c4b84d2232bcd889ece7b53f5b311b8fac898bcfda408"
section_count = 3

[[files]]
path = "semantic/source/apps-lumen-src-storage-rs.md"
digest = "sha256:db195bf4c46bba9c791467f7423595e0cd9f743ebbab512efb3f5bdf2fb9b594"
ir_digest = "sha256:37c78c1847ab98f16284e78a5a89d87ce86baa96ff84748531e23e8ab76a9a13"
section_count = 3

[[files]]
path = "semantic/source/apps-lumen-src-tls-rs.md"
digest = "sha256:750313d10097db1fa2390ef44dd50e60065f493a4c57e7940533eca7b60d86aa"
ir_digest = "sha256:2f6fe9e5a673c98fdeea85aeea4da02b3b351d92ffc58f044175ace5dd1ee2b8"
section_count = 3

[[files]]
path = "semantic/source/apps-lumen-src-tokenize-rs.md"
digest = "sha256:1899101a573d5e9c45ebcb9e4dad1a2c892732e221c2ac6765da4c0fadf4788b"
ir_digest = "sha256:940b8ac4b081be387937b5aa1705df3e6438fbb10acaf9e456af10ab35155d7e"
section_count = 3

[[files]]
path = "semantic/source/apps-lumen-src-types-rs.md"
digest = "sha256:fc1f518d4143674242f40f7c9d50ead07b50483af5c7da31ffee9abbfd7548e3"
ir_digest = "sha256:c0efa2da99bc11a8a66006cc5ea4b5380b17a7a830b7a20fb4a289b1f2131ae5"
section_count = 3

[[files]]
path = "semantic/source/apps-lumen-src-vector_index-rs.md"
digest = "sha256:15d2aebdbb3ab62d7a1ce9dfde756ebdb0715da68a2cd2562db896a49649ecd6"
ir_digest = "sha256:aaced6bd1f14c62086b59eeab82cd7c6acc4eb0cdfd934b0b02f897bfbc73f82"
section_count = 3

[[files]]
path = "semantic/source/apps-lumen-src-wal-rs.md"
digest = "sha256:f2669008387d6a36518f1056d2d51405cbbfdd165b7191479742ed11d35ff137"
ir_digest = "sha256:accac849219b2d4e0565a59f5f260bb8ed65d3548c01dc7558aaabb15f50e924"
section_count = 3

[[files]]
path = "semantic/source/apps-lumen-src-wal_nats-rs.md"
digest = "sha256:0b1c8232bda382e5a367b03b0d467747ffffe0df278662d5bcb07183da6e2feb"
ir_digest = "sha256:37d9860264408f72e672f3feee4f0205d02c0b0ccc0f9819ea8b458f2b6f5844"
section_count = 3

[[files]]
path = "semantic/source/apps-lumen-tests-generated_clients_crud_e2e-rs.md"
digest = "sha256:cb3f49bfdc098f9dfec34fb20d1b4da393a93f974b7209d8c3dfe48c494e99ce"
ir_digest = "sha256:6181456f9348bb023d36f2f06d390085d92a186d3baaf157fc0111c2cd62d013"
section_count = 3

[[files]]
path = "semantic/source/apps-lumen-tests-lumen_bench_cli-rs.md"
digest = "sha256:85e76fa88c0a971270426e18bd78d2d757e71636d9051a2be8027e3a03b13ce4"
ir_digest = "sha256:a8a86b067220dff26c93f052ae16d743f3cc5874c827779ba145a9ba586ffa3d"
section_count = 3

[[files]]
path = "semantic/source/apps-lumen-tests-protocol_transport_e2e-rs.md"
digest = "sha256:96f0085bface77e373cee920625e2889247cb56c7850dd4fc60a1d7a53f17301"
ir_digest = "sha256:8ef6ba268fad80e78af2fe96cc4e24d83d764bab5d8172b63efebf6e8b1727a5"
section_count = 3
