version = 2
project = "jet"
ir_kind = "td"
td_path = "projects/jet/tech-design"
generated_at = "2026-07-09T13:26:33.642101+00:00"
digest = "sha256:dddd81fcceb432e863d6b50e4d9e1345366c7f9ba4a425659a6d71abcd279c85"
source_digest = "sha256:dddd81fcceb432e863d6b50e4d9e1345366c7f9ba4a425659a6d71abcd279c85"
ir_digest = "sha256:c722f656433d6b8efb61a2a68b4b1beaad9fbeb2184b64520a7de4f4b1bf2f5f"

[[files]]
path = "config/jet-transform-resolver-nx-tsconfig-path-aliases-never-wired-into.md"
digest = "sha256:6bc041a9e268180e74aa695ef52d3982575b1364a84fdeee64dff89a31301b2e"
ir_digest = "sha256:dc6b85e29bd369b13818d91bb044c1d69ac9296f1883b0f457d19373a34b1194"
section_count = 3

[[files]]
path = "interfaces/cli/jet-cli-add-issue-comment-auto-reopen-follow-up.md"
digest = "sha256:4913cf522a9f2f86882fdff7e932865f1baf041bce70816a4d85e9318edbae0c"
ir_digest = "sha256:6a0562d06b9c19b957a38f07144929554002245d274079563f913733e9a87f49"
section_count = 4

[[files]]
path = "logic/jet-build-lib-dts-object-literal-d-ts-emission-silently-truncate.md"
digest = "sha256:0db24c5a1a383d0e109b44fcc08092f436fa38b0b45d2bd1e23ff6eb300c0d27"
ir_digest = "sha256:853dc8b0411cac907bab94a7c340be4802c51b9dc4ee6216f7a9b41df52f0ab0"
section_count = 3

[[files]]
path = "logic/jet-docs-site-carries-cclab-era-branding-after-move-to-projects.md"
digest = "sha256:599db506d170db7c1508b5d4cdbca5a6df3ccb73766a5a51de44ba3bb48178f4"
ir_digest = "sha256:842618fa7f26b137c2e80d6be496121bf029a79e57a4c40a01cacbb0e5b018ae"
section_count = 4

[[files]]
path = "logic/jet-install-401-on-tarball-download-despite-valid-npmrc-authtoke.md"
digest = "sha256:862214d892758416eae5d4486175c0c92945e87ea5d5724396fc21335611d660"
ir_digest = "sha256:7fd15e261b631188d30fc43a4d5ef8ed8abe1b16522bc1770421d7b6ab2091e5"
section_count = 3

[[files]]
path = "logic/jet-lib-dts-isolateddeclarations-false-positive-on-arrow-functio.md"
digest = "sha256:04ceea3c23b8bea34cfdbafea0bfd55ad653e89e6ab192f387f11a4e8aeac3ca"
ir_digest = "sha256:ac24c3125eda747d6785f26a9c36c815865feffb4e056c34c9bcb50a41738476"
section_count = 3

[[files]]
path = "logic/jet-lib-dts-isolateddeclarations-false-positive-on-expr-as-type.md"
digest = "sha256:7b77b753f6e2e76d28e3886aad0795d587c95ac203ef16c14aee9e10b2f30f5e"
ir_digest = "sha256:7b44aa07b88b73a6b714f59d5d203c3ad7ae4f53a02ee0e49485d15c390dd60d"
section_count = 3

[[files]]
path = "logic/jet-lib-dts-isolateddeclarations-false-positive-on-nested-plain.md"
digest = "sha256:001bc107b11218f010f6f46e66d19e1790c2c86666d9f07e5c7575b14cb022b0"
ir_digest = "sha256:58934dd3edadd567191ea6ae0cf41c6d71c65af316b69f140dbb1c779568f094"
section_count = 3

[[files]]
path = "logic/jet-lib-dts-isolateddeclarations-object-assign-computed-key-stil.md"
digest = "sha256:2bdef66d8dce9c4d94c8ae7af32fb9b55855d9211e9df016a8d0b19bd33bb680"
ir_digest = "sha256:e7b7802f5113923033ed24f4f95a3ec958c9cbfd26c8c00c5a6b771f64869340"
section_count = 3

[[files]]
path = "logic/jet-stories-build-png-now-fixed-svg-partially-fixed-barrel-re-ex.md"
digest = "sha256:933d48ac20cebc4043ef9d99844b84e4ee06677c36f9e644e84a4daba9e2c212"
ir_digest = "sha256:72471b9360b771aec6889cd7b429adb7d0d181c4be27bd3436d3fb7fda5a8df3"
section_count = 3

[[files]]
path = "logic/jet-transform-resolver-dotted-basename-extension-probe-drops-ext.md"
digest = "sha256:041801664ce3f9eeab9e431fb6b88782010a50e0e239d74a44055b1931be3109"
ir_digest = "sha256:8b2d8f43c40f96c41f4b34023a4c700ba99774037a1363f173c0926d68e97f2f"
section_count = 3

[[files]]
path = "logic/jet-transform-resolver-node-builtin-polyfill-wiring.md"
digest = "sha256:99c6483b37bbae903bf511a284b6ff0dce4d4caa6ca5427417f57c5abbbea543"
ir_digest = "sha256:9186d05add543a356bcb295cbda7676c42f227e9cb387b5fb93add7001af90a6"
section_count = 3

[[files]]
path = "logic/move-root-layout-meta-doc-into-scoped-architecture-documentation.md"
digest = "sha256:b22a2ef1e7b8b550e3f7bbba55633a219aee629212a10c1f98e12fa779408d7b"
ir_digest = "sha256:befa7d1b504ce0758bde5b1b046a461c59926be8c1d1eb3be2459a8f87283428"
section_count = 4

[[files]]
path = "semantic/jet-browser-cli.md"
digest = "sha256:b338ca4c53b77a82884dfca2a66e6bced6b2d75307bd32cfdfc1d3f9437014da"
ir_digest = "sha256:b2fc30a75d188df43125d0c62a09199af500cb8ba65e54e747656c27793e049c"
section_count = 2

[[files]]
path = "semantic/jet-css.md"
digest = "sha256:d8003a462068cb5e6609f90810d96b8be1058414c38f02c477beddf85cbecc71"
ir_digest = "sha256:b201c8703aeb9071424c4fe8dd5ffa059ea9a1aafc0d741a54750a90f1e1a423"
section_count = 2

[[files]]
path = "semantic/jet-projects-jet.md"
digest = "sha256:7daa02c643c893596f043eff268b36fe6b422578f7127821d36c5755eb19f5ea"
ir_digest = "sha256:4b6399a335a169439aa4ea3ef9339003e642506270a702e7ebd61443b038ccb4"
section_count = 2

[[files]]
path = "semantic/jet-scripts.md"
digest = "sha256:4a2f48d0c11754cb697593c44948c5325ec7b6672b34fd430a4dee46b6c6ad7f"
ir_digest = "sha256:050388bbf8130858fc5ba3354a839803b9de612a4e45bf65053df33875363d3b"
section_count = 2

[[files]]
path = "semantic/jet-src.md"
digest = "sha256:e23f5b76c38b51be0c2e3f94e59669da6427518e09e170185f78cb6f0eff4ecc"
ir_digest = "sha256:67511d25a9ab54e16b49545091c09c265efd860de023e8e836b1642350ea0e82"
section_count = 2

[[files]]
path = "semantic/jet-stories.md"
digest = "sha256:1d0bb22d83e02f6f2874e0fca9445acbe15a476227eb7c6129fa91817efa1dbf"
ir_digest = "sha256:c0bd70b305a96822bf976c8f3d8fc96a89685b227d264a7462d78465942112c8"
section_count = 2

[[files]]
path = "semantic/jet-tests-browser-bridge.md"
digest = "sha256:e41bf6510a5a1938d86fc095166c24737d93838175aa13ab6dfb60c876c1a97c"
ir_digest = "sha256:912d3fc8ee5bfee0755229b717827357224c5281827983382e19519b7164756c"
section_count = 3

[[files]]
path = "semantic/jet-tests-codegen.md"
digest = "sha256:8359a0da948252a1f62cf91f6b022b54c8a8c3e878e31dc800567b4c8391810c"
ir_digest = "sha256:12fe7441aaff5f6b35fa667dcf8de572ce14ad716e077085622e174909beefeb"
section_count = 3

[[files]]
path = "semantic/jet-tests-fixtures-dom-production-build-antd-visual.md"
digest = "sha256:8a2721e59ef9aefaa9421541f2cc052c7b4d4fa05d9871ff266884d263016596"
ir_digest = "sha256:b85466eb9960f84f2912f4063a5856454a2d471357dcaaace785f4fedfa45b39"
section_count = 3

[[files]]
path = "semantic/jet-tests-fixtures-dom-production-build-dom-production-assets.md"
digest = "sha256:7ddfdff1ee83563c1d84c837b54abbb53c7ededd31fc9e3a9d8c67589b2a9032"
ir_digest = "sha256:92c6a13953aed5662156aeff69d3c578a218192c655a4177c09ea3418e3041bf"
section_count = 3

[[files]]
path = "semantic/jet-tests-fixtures-dom-production-build-mui-visual.md"
digest = "sha256:c435d2bfcad15177f8938d9d7e528468a608a5615a0c9b00b4d1fc04b36ceb6d"
ir_digest = "sha256:169eed540135e3d77e63f9bbe54b03a33f4cf7b8495be934bea0a0683b16870d"
section_count = 3

[[files]]
path = "semantic/jet-tests-fixtures-dom-production-build-react-bench.md"
digest = "sha256:67e829e6dcab3d7c8b68f90d666a5d2ee8e1de308936bf8ccb7c4ca0e25e911a"
ir_digest = "sha256:db1b5b5990850af2879039e6f320f619fbac887ea3ba16c7a25aeff990346809"
section_count = 3

[[files]]
path = "semantic/jet-tests-fixtures-dom-production-build-styled-components-visual.md"
digest = "sha256:9f3ce9571feb5e3439ecab7c05b8e1761ba4bce3061049442ff54c074b0b4efb"
ir_digest = "sha256:f1b653e5c79d6c6910be04dcc0b24bac807c16fde081b6b0f28634c99b415dfe"
section_count = 3

[[files]]
path = "semantic/jet-tests-fixtures-dom-production-build-tailwind-visual.md"
digest = "sha256:d118d7a5e5ccadf7b2ee108671e4c97bee933b57d64d4e0fef184ffa48320065"
ir_digest = "sha256:a6d21a54e1da5b8f40cd01ce8a29ef951a447ad5fe9aeb739d0240e0e79982e6"
section_count = 3

[[files]]
path = "semantic/jet-tests-fixtures-dom-production-build.md"
digest = "sha256:4c9236a2c882b85b72c17793223285de4228de0131cd8351601a630194b3bcee"
ir_digest = "sha256:521b1ebace5a1149f0de09d40b81b01c3b386eefb07b80a25847367d192226c1"
section_count = 5

[[files]]
path = "semantic/jet-tests-harness.md"
digest = "sha256:10e8e02d5ee61cef3ed262eb6e625ae4e24119958ae11f779e5fcd3d3b2ea96a"
ir_digest = "sha256:650b2a39575a85ae994ea39d04b3e59d91d0156ee5bbd2d4330d25f2978d7f26"
section_count = 3

[[files]]
path = "semantic/jet-tests-pkg-mgmt.md"
digest = "sha256:d3b3bc242dc18e565fbc3b9027f3f5238a8c4ee39dbc326812c907acb1079b31"
ir_digest = "sha256:86539a0b09cc9e0c8f51ded5cc344186b0b17800a3c9d5565a2a5cd2e57665a0"
section_count = 3

[[files]]
path = "semantic/jet-tests-snapshots-codegen.md"
digest = "sha256:b446f58fe5af5be319f58385b3bf479b8ffa1793efada1188d51a9fed5371490"
ir_digest = "sha256:cfc02900b1c118f57db927514da0de400a9462d95d15cc8e33638a126b657550"
section_count = 3

[[files]]
path = "semantic/jet-tests-wasm.md"
digest = "sha256:6e2bf8644e68b5742bcab2b18a929c7c76343653c20382334a7abd39415aa64b"
ir_digest = "sha256:24e9655d9a762f8963d6c21d1855ffe1501a212c3319aa2fd721850f2dc9d2f3"
section_count = 3

[[files]]
path = "semantic/jet-tests.md"
digest = "sha256:cf388b52a08505ea0319a9dcb40e589296fce97d5a79426c989f29512b878096"
ir_digest = "sha256:860a7c1882014c5b8af293a41fbcef90e5f022b8b9deaa08a670d9c10350c5d3"
section_count = 3
