version = 1
project = "preview"
td_path = "projects/preview/tech-design"
generated_at = "2026-07-04T17:06:22.061465+00:00"
digest = "sha256:df4543c622fa80bd77aed8d82e6e02de63b0dc17f4b7605d1f407d3d3f773f9a"

[[files]]
path = "README.md"
digest = "sha256:dfc819133707a9badcc30383b6465862f93e5b102d95ee2c53d3930efb557331"

[[files]]
path = "interfaces/cli/preview-discovers-and-normalizes-base-workload-clone-contracts-l.md"
digest = "sha256:bb1b6feef701cadaba574eb72d84ef0f2b9792d5680d792ddac526babe9230eb"

[[files]]
path = "interfaces/cli/preview-exposes-local-apply-and-gitops-bundle-execution-paths.md"
digest = "sha256:e4609fb93584a759d296a2a09de014ad690a6fdd3d87683199618f12f12f57a8"

[[files]]
path = "interfaces/cli/preview-router-adapter-proves-base-fallback-and-target-routing-locally.md"
digest = "sha256:27d2a09fccd973ebaaceea62b8394b6f7543863641ed003592fe8efbddc8e529"

[[files]]
path = "semantic/preview-projects-preview.md"
digest = "sha256:5b2c43fbc22bf24ea39e182005d62475b41d686cb15f6a41959b37ec73b85beb"

[[files]]
path = "semantic/preview-src.md"
digest = "sha256:ed2a1eef092ac870b041906815a8f6011100f02e33989929c111f89975d8439c"

[[files]]
path = "semantic/preview-tests.md"
digest = "sha256:7845ff1834c582a6ba39a40e999ea632d5f862d72fccca4f994a3ecf80cb39c2"
