version = 1
project = "preview"
td_path = "projects/preview/tech-design"
generated_at = "2026-07-04T16:54:31.543910+00:00"
digest = "sha256:c6c4ef878fb8d3cec5aa8d8f7dfe08eaf07a7e48a8a5535cb8258debbcb27813"

[[files]]
path = "README.md"
digest = "sha256:dfc819133707a9badcc30383b6465862f93e5b102d95ee2c53d3930efb557331"

[[files]]
path = "interfaces/cli/preview-discovers-and-normalizes-base-workload-clone-contracts-l.md"
digest = "sha256:bb1b6feef701cadaba574eb72d84ef0f2b9792d5680d792ddac526babe9230eb"

[[files]]
path = "interfaces/cli/preview-exposes-local-apply-and-gitops-bundle-execution-paths.md"
digest = "sha256:e4609fb93584a759d296a2a09de014ad690a6fdd3d87683199618f12f12f57a8"

[[files]]
path = "semantic/preview-projects-preview.md"
digest = "sha256:5b2c43fbc22bf24ea39e182005d62475b41d686cb15f6a41959b37ec73b85beb"

[[files]]
path = "semantic/preview-src.md"
digest = "sha256:4bbb6bb7b0765608dc6552c2e82cc08d0a4190ad57968ac9a37dc28ff1d20c04"

[[files]]
path = "semantic/preview-tests.md"
digest = "sha256:8849d59a039d27889f7fd27efbc65f6b7b54e3d3e90196785c674956b876aa7b"
