version = 2
project = "mamba"
ir_kind = "td"
td_path = "apps/mamba/tech-design"
generated_at = "2026-07-27T18:31:38.635745+00:00"
digest = "sha256:9a4fe48c97ac215d3734d1bdb8b713ae41f6d03251f893c8ba831fb086dea691"
source_digest = "sha256:9a4fe48c97ac215d3734d1bdb8b713ae41f6d03251f893c8ba831fb086dea691"
ir_digest = "sha256:c9739e718aef0ce2453851b7055ecc786bec6d2a0c39e005d039a5f090fc609a"

[[files]]
path = "README.md"
digest = "sha256:e6277d1b38f2bffbb9ce24681ef7555064ab24cf8d7e07795644a9992c14fff4"
ir_digest = "sha256:ffd60e3aff92c538315b70c3984361efaa6fab25e0af61264310a39a68b8cfcd"
section_count = 0

[[files]]
path = "calling-convention/ARCHITECTURE.md"
digest = "sha256:1fcb732bf0caab32fc166b5a4af267a13a9725272c079ce585a1bafa10fccf23"
ir_digest = "sha256:ffd60e3aff92c538315b70c3984361efaa6fab25e0af61264310a39a68b8cfcd"
section_count = 0

[[files]]
path = "closures/ARCHITECTURE.md"
digest = "sha256:3a420dc155f3631fb6fa4611241df9685843753c0a27f18f1ecee3cfaa664955"
ir_digest = "sha256:ffd60e3aff92c538315b70c3984361efaa6fab25e0af61264310a39a68b8cfcd"
section_count = 0

[[files]]
path = "closures/capture-and-scope.md"
digest = "sha256:46ded8e1a877850b3ee3da85732271b03ecb3cebeeafabfbfb7595f818bcd41b"
ir_digest = "sha256:ffd60e3aff92c538315b70c3984361efaa6fab25e0af61264310a39a68b8cfcd"
section_count = 0

[[files]]
path = "codegen/ARCHITECTURE.md"
digest = "sha256:c7f02df887157003c05da065dd467449f69c8c54e8e6c92c35bf99c0e6c62a08"
ir_digest = "sha256:ffd60e3aff92c538315b70c3984361efaa6fab25e0af61264310a39a68b8cfcd"
section_count = 0

[[files]]
path = "codegen/tracing-and-frames.md"
digest = "sha256:f235b726a6b92f7476dd2812f6c0244cd24ff9374974301a002fcc2a4e7a9a20"
ir_digest = "sha256:ffd60e3aff92c538315b70c3984361efaa6fab25e0af61264310a39a68b8cfcd"
section_count = 0

[[files]]
path = "codegen/value-representation.md"
digest = "sha256:26141141de85e16ad451edd095fb69114e55123023c705f3477993b516dc1567"
ir_digest = "sha256:ffd60e3aff92c538315b70c3984361efaa6fab25e0af61264310a39a68b8cfcd"
section_count = 0

[[files]]
path = "collections/ARCHITECTURE.md"
digest = "sha256:c313e3b60a45164984c6b292ca2456a30e3e4e9795ea8f820e3175b9d7813d8a"
ir_digest = "sha256:ffd60e3aff92c538315b70c3984361efaa6fab25e0af61264310a39a68b8cfcd"
section_count = 0

[[files]]
path = "concurrency/ARCHITECTURE.md"
digest = "sha256:d2e42d52b5c8c95ee35a0e73e7cc448b4919c32221407504a7689f187f14aa59"
ir_digest = "sha256:ffd60e3aff92c538315b70c3984361efaa6fab25e0af61264310a39a68b8cfcd"
section_count = 0

[[files]]
path = "exceptions/ARCHITECTURE.md"
digest = "sha256:787d897a4287ab2b20f65b48892f4613474206caf0c9c6695121e5f628b88ee7"
ir_digest = "sha256:ffd60e3aff92c538315b70c3984361efaa6fab25e0af61264310a39a68b8cfcd"
section_count = 0

[[files]]
path = "exceptions/construction-and-rendering.md"
digest = "sha256:4ac3b0cbf14bccd104ed181efe52c772ae9be0c2a5af12b98737ee7e94e819d6"
ir_digest = "sha256:ffd60e3aff92c538315b70c3984361efaa6fab25e0af61264310a39a68b8cfcd"
section_count = 0

[[files]]
path = "frontend/ARCHITECTURE.md"
digest = "sha256:052074783842453c14bac2815e80678a94c6db374e5a4e304497e8ef56fc20d4"
ir_digest = "sha256:ffd60e3aff92c538315b70c3984361efaa6fab25e0af61264310a39a68b8cfcd"
section_count = 0

[[files]]
path = "import-system/ARCHITECTURE.md"
digest = "sha256:77cc3d6d819b29918c0019fe084863ed0e89b6b02632a8a1fc56013a46c838d3"
ir_digest = "sha256:ffd60e3aff92c538315b70c3984361efaa6fab25e0af61264310a39a68b8cfcd"
section_count = 0

[[files]]
path = "interfaces/rest/mamba-weakref-mod-callback-double-store-without-retain-double-fr.md"
digest = "sha256:99d8b17d44b53ff4764914c953749f43ad353e2ea22b52a067d1b8fd752fd39d"
ir_digest = "sha256:9a1edce266d1e9e6f5f9aea52e76bc8a3c7f7ae38d83decbcc2f3534ea147fce"
section_count = 3

[[files]]
path = "iterators/ARCHITECTURE.md"
digest = "sha256:aefe316e3233d6aa906ff89252f12615b996bef739621c077dee3f03a1ed331f"
ir_digest = "sha256:ffd60e3aff92c538315b70c3984361efaa6fab25e0af61264310a39a68b8cfcd"
section_count = 0

[[files]]
path = "logic/asyncio-to-thread-dispatch-gather-mb-await-drops-second-parallel.md"
digest = "sha256:03aa7a2c03bfa500cb6a25d2d4f88629e1d9b709041b50ffd6c25605319e2561"
ir_digest = "sha256:d32989ae65abab7d0b1ef00915161a3ff1e3feea011c3d7cda58340a94508079"
section_count = 3

[[files]]
path = "logic/bool-keys-don-t-unify-with-int-numeric-keys-in-dict-set-true-1-f.md"
digest = "sha256:a3c842d031aa0555f17fb1f9956f4d69c437d93ba4d6bbdf1be9d05767db76e9"
ir_digest = "sha256:faea15d8641b34cea30e2acade12160f0f575d877cdac65211a5afaf79c105de"
section_count = 0

[[files]]
path = "logic/to-dict-key-leaks-str-variant-keys-on-build-globals-dict-path-le.md"
digest = "sha256:87a486f18da18db94f921f89a60de4c29ee65fdfcdaffc532b8cf86abbaa47bd"
ir_digest = "sha256:af5bd19bd0382ae0e2daa8eaa3a633b2047d4bd3c0729eefa3b55e78a42e076b"
section_count = 3

[[files]]
path = "memory/ARCHITECTURE.md"
digest = "sha256:19252994f54f1f8f5123d1691cdeecf4782a81d5160dc064b6adf061a7767e50"
ir_digest = "sha256:ffd60e3aff92c538315b70c3984361efaa6fab25e0af61264310a39a68b8cfcd"
section_count = 0

[[files]]
path = "memory/object-lifetime.md"
digest = "sha256:6cc10e1bd7cbe95574a0f58504dbc0d7b8b7cf7b2bdc67e056b074ca758d718c"
ir_digest = "sha256:ffd60e3aff92c538315b70c3984361efaa6fab25e0af61264310a39a68b8cfcd"
section_count = 0

[[files]]
path = "name-resolution/ARCHITECTURE.md"
digest = "sha256:e38e9c42271c4a2c3df67659ed389c8aa4e944359e9c2c69708e461eb3bf965a"
ir_digest = "sha256:ffd60e3aff92c538315b70c3984361efaa6fab25e0af61264310a39a68b8cfcd"
section_count = 0

[[files]]
path = "numbers/ARCHITECTURE.md"
digest = "sha256:762bede8914e7253af8722ac525fb1e571b5160c9b9eee89acccee80ec664b29"
ir_digest = "sha256:ffd60e3aff92c538315b70c3984361efaa6fab25e0af61264310a39a68b8cfcd"
section_count = 0

[[files]]
path = "object-model/ARCHITECTURE.md"
digest = "sha256:c7732017dbee01f7f43f76be5a238973fc6c7ee57b6ee7b26028a40f01f945ba"
ir_digest = "sha256:ffd60e3aff92c538315b70c3984361efaa6fab25e0af61264310a39a68b8cfcd"
section_count = 0

[[files]]
path = "object-model/class-construction.md"
digest = "sha256:7849e04465d5ee57257693a62622440ce188d16e03fdebaa7ee9c0ad7f207c3d"
ir_digest = "sha256:ffd60e3aff92c538315b70c3984361efaa6fab25e0af61264310a39a68b8cfcd"
section_count = 0

[[files]]
path = "object-model/identity-and-keys.md"
digest = "sha256:d49c7321d8e021f0bbb686a68a3887b824f2e15893547d65d4b16027de58510d"
ir_digest = "sha256:ffd60e3aff92c538315b70c3984361efaa6fab25e0af61264310a39a68b8cfcd"
section_count = 0

[[files]]
path = "pkgmanage/ARCHITECTURE.md"
digest = "sha256:f5d1b034d0a4c4a773a6293f106b53feb7a28551d0d876b77bd5d072e1e836a0"
ir_digest = "sha256:ffd60e3aff92c538315b70c3984361efaa6fab25e0af61264310a39a68b8cfcd"
section_count = 0

[[files]]
path = "pkgmanage/mamba-pkgmanage-remove-implicit-pypi-default-from-add-lock.md"
digest = "sha256:20cc53f9a053f363af88ea154ad77e3aab592d51c78031d41040fa09e43dcb96"
ir_digest = "sha256:6cf3dc00069f76a2b26d0c9955e5f9435f3d3f93ecaf2d239cb248929550da34"
section_count = 3

[[files]]
path = "stdlib/ARCHITECTURE.md"
digest = "sha256:b77f4c154dec368688ea6efa0b17696beacdad2c605602f1c3989308016627fd"
ir_digest = "sha256:ffd60e3aff92c538315b70c3984361efaa6fab25e0af61264310a39a68b8cfcd"
section_count = 0

[[files]]
path = "stdlib/module-hazards.md"
digest = "sha256:93f159f04de50f6b4560127534870a215aa903c92813b40beec1e83fbfa01c62"
ir_digest = "sha256:ffd60e3aff92c538315b70c3984361efaa6fab25e0af61264310a39a68b8cfcd"
section_count = 0

[[files]]
path = "strings/ARCHITECTURE.md"
digest = "sha256:f4a70aa0a559e072c224a7d7ffdea556ee683057cbf8534ecec4c876883ca3c7"
ir_digest = "sha256:ffd60e3aff92c538315b70c3984361efaa6fab25e0af61264310a39a68b8cfcd"
section_count = 0

[[files]]
path = "type-system/ARCHITECTURE.md"
digest = "sha256:8df35c5a3047c7bed9dbfb60c2b73b0f5c1ad6cfcc750e6d3f180976d577ab10"
ir_digest = "sha256:ffd60e3aff92c538315b70c3984361efaa6fab25e0af61264310a39a68b8cfcd"
section_count = 0

[[files]]
path = "type-system/walls-and-widening.md"
digest = "sha256:e6a8ca650bdb245db5237a7cbe35858fba0c01e7227ae0c15cb2f13ee43e7128"
ir_digest = "sha256:ffd60e3aff92c538315b70c3984361efaa6fab25e0af61264310a39a68b8cfcd"
section_count = 0

[[files]]
path = "validate/conformance-suite-total-failed-count-is-non-deterministic-across.md"
digest = "sha256:c4bf72ff88be1f6f3cac507c3403f9dc58440facec1073cef66c2c0d67fbd18f"
ir_digest = "sha256:218c79c06c8feb36dbdc1ca859fb6ba00799322caae9e26883796b373522b9f6"
section_count = 3
