version = 1
project = "keep"
td_path = "projects/keep/tech-design"
generated_at = "2026-06-20T12:58:03.976216+00:00"
digest = "sha256:6b240fd638b3f9a3629e6a5b6186d589fb6eee4ccba61ed8aa6b82f05bb59cf5"

[[files]]
path = "semantic/keep-runtime.md"
digest = "sha256:4f92686d05d6d2edebbf4bc5587d1dde1564aba455e2be116cec3612abf3ed75"
