version = 2
project = "keep"
ir_kind = "td"
td_path = "projects/keep/tech-design"
generated_at = "2026-07-01T03:17:31.323003+00:00"
digest = "sha256:76c8f40f9941d29056ff28a58ff3c20de9849af38c6815fdc1ac0ba99b6745da"
source_digest = "sha256:76c8f40f9941d29056ff28a58ff3c20de9849af38c6815fdc1ac0ba99b6745da"
ir_digest = "sha256:78f4549f8a92bfa70ac0e6b7844506b5f5b8eab9475ba4eb7b663c4f33cf24e8"

[[files]]
path = "interfaces/cli/adopt-libs-operator-keep-k8s-crd-operator-instance-cli.md"
digest = "sha256:687e463825eb57d76189c2bf53fda15bf0515643a8c06b88e534d5f68f347aa9"
ir_digest = "sha256:ab32a214b684ce43cee8cf9ea7e98c80923a845342993756cc9c83a670ff0f3f"
section_count = 3

[[files]]
path = "interfaces/cli/deploy-cli-keep-spec-spec-gen-dockerfile-render.md"
digest = "sha256:ec69497841321761892e3b3ea231a251e8573d4b40a87cf60aafaa549d414197"
ir_digest = "sha256:7440944c88d2b8fd60b6a5b2e815592615a08f00f1ed5b5942885cf201c36ad0"
section_count = 3

[[files]]
path = "interfaces/cli/migrate-keep-cli-from-report-issue-to-the-issue-group-cli-std-is.md"
digest = "sha256:a36e9cbc3a2c500db4d02a408b395968a2d60d5018571062c8ca69c85cfe3776"
ir_digest = "sha256:a66b22845f9153755420bf11970a2084c0e48ebad3a5fb7f2d78280224428ac6"
section_count = 3

[[files]]
path = "logic/adopt-libs-raft-host-per-shard-hosts-h2c-peer-transport.md"
digest = "sha256:bbb1252ee1dfae65bb9e9d11359ce233c3ba96900d8f3f67a2491b2380de2da7"
ir_digest = "sha256:ce3b445018ddfdfb54505006c986a8b3503be1850b4e4d5cb4ddd7067a27d433"
section_count = 3

[[files]]
path = "logic/adopt-libs-service-backup-snapshot-sink-keep-backup-verb.md"
digest = "sha256:5916317aece4134bbd60353d3c30161e5a045da56d6771e72a50d223379f28a8"
ir_digest = "sha256:bc405b81cf6a7112431c78d44fe1d5bb9caca992022ec552bad60b517632b8cc"
section_count = 3

[[files]]
path = "logic/keep-service-auth-adoption-wrap-claimtoken-in-shared-verifier.md"
digest = "sha256:347fbe4c0f35232f2fd09c0093e7880a8f8f9bd14cf46cfb6df5e030604df818"
ir_digest = "sha256:0006e759d123c20e263edd77a0ab5b651ccb0f1e3299d7d03882a73bdc1d6b7a"
section_count = 3

[[files]]
path = "logic/keep-service-http-adoption-compose-shared-probes-trace-and-drain.md"
digest = "sha256:a25b16977d01b9a5fffb94331dd8e8ccc20dd03a135c208ca86b9abb6075484b"
ir_digest = "sha256:e0c20db47540c86981126786621fa38ce012056a34232cae0ce320697d3d286e"
section_count = 3

[[files]]
path = "logic/per-namespace-key-isolation-x-keep-namespace-applied-after-token.md"
digest = "sha256:5d75c139e0b758d1d448678a2e88f89dde673fb55c932723932a78b357de0d0d"
ir_digest = "sha256:9615d7a04a89f5516706e37888c1d5a99a2c741b24d878c03b7b9033837a284e"
section_count = 2

[[files]]
path = "semantic/keep-runtime.md"
digest = "sha256:ec19bd2568250d06ad1a9b1388b4c1d2ca124681221268b16c1ed5495e7ae92e"
ir_digest = "sha256:9048e50a62448b246d6c74b739fcea30e6cde8e371a1aab8535b4b37f710e008"
section_count = 3
