version = 2
project = "beam"
ir_kind = "td"
td_path = "apps/beam/tech-design"
generated_at = "2026-07-20T15:33:51.512403+00:00"
digest = "sha256:f3ca68d47dd0130bfb9933ec94b95c07f1478028439fb53f7a582e178a01abe1"
source_digest = "sha256:f3ca68d47dd0130bfb9933ec94b95c07f1478028439fb53f7a582e178a01abe1"
ir_digest = "sha256:2fbcba1e7ef9651a53e98a95a555173401de7b16a377ce791b238c4d164ac7d3"

[[files]]
path = "README.md"
digest = "sha256:f6f39e8d11f3dae0d43070ca73c67465526efd6845f8e40a478a7748548dceb0"
ir_digest = "sha256:ffd60e3aff92c538315b70c3984361efaa6fab25e0af61264310a39a68b8cfcd"
section_count = 0

[[files]]
path = "interfaces/cli/scaffold-service-crate-and-standard-cli-shell.md"
digest = "sha256:df9a8c0b03bbb4ad5e678cdee37448cd98d89c0da4f712411b5877af69df3c02"
ir_digest = "sha256:47584459ba2cc2f9e62072693907b4d3b9bd1398dd0be1b30a9ee18a5d3f375e"
section_count = 2

[[files]]
path = "interfaces/rest/enforce-service-auth-on-data-and-admin-apis.md"
digest = "sha256:cfe2922da7bc12d5ca96dd2e26b510683c32e91fc2b540cd4ef269fe3eb777f4"
ir_digest = "sha256:996464c4a09f9040e3316b3490293e397afca8ec3f5f483e78fb256b6f04f502"
section_count = 3

[[files]]
path = "interfaces/rest/wire-the-high-throughput-pipeline-into-production-query-serving.md"
digest = "sha256:07fef08476078d4387eb702d32959645a2fcc224f4997f4f0d67fe7e8c6f5a49"
ir_digest = "sha256:f610e42d7bb715106b358d0dcc626d046510a9fb228d98549511c12415c15559"
section_count = 3

[[files]]
path = "logic/beam-high-throughput-four-pillar-architecture.md"
digest = "sha256:23631b81845716566788f24465e4396865bc4f4cff5789812ca5acfa41210cbf"
ir_digest = "sha256:3c495efffa7a09192815a2e9055da3ca8ade0961bca9c42ea32282224436fb8d"
section_count = 4

[[files]]
path = "logic/converge-retired-paths-and-broken-evidence-references.md"
digest = "sha256:ee7511fef4ce34aca86c8687c9d095d264992f2f575c4199b8a6be12d148a691"
ir_digest = "sha256:cf1d301310d7c83c053821e5215f157f206a1b6a300feda13459c4acb4da23ca"
section_count = 3

[[files]]
path = "logic/implement-error-honest-asynchronous-nvme-vector-repository.md"
digest = "sha256:a76535955dcce9103aef65eaa7c900e0cdb020d2ea1b62253967edd0dd094efe"
ir_digest = "sha256:00341f61309ecb0832af69a34df5184155ee85541f097f2447615a3639b8dbdb"
section_count = 3

[[files]]
path = "logic/implement-real-metric-aware-wgpu-distance-adapter.md"
digest = "sha256:f9bb723245f36f00fe8e3af016253a03c8a2dba9e8e61ec1a7fbbd898e10c294"
ir_digest = "sha256:2f61b8ee1fc894ff8108bd1eccd9947d3757072984df911df59557fb7d46659a"
section_count = 3

[[files]]
path = "logic/persist-serve-state-atomically-and-recover-across-restart.md"
digest = "sha256:b805b8ab781b3e2a9a5d415a9fc0ee9fa724a5dbf084aa6acf39ffd171bc0465"
ir_digest = "sha256:d938588947efc5418131a90d17b5e4343dc15006fe63add05ef2e70628c46900"
section_count = 3

[[files]]
path = "logic/render-a-durable-stateful-gpu-kubernetes-data-plane.md"
digest = "sha256:50215e168fbe88c387a576cbc317a16c1f519bdfa1c1148a36100ba39f446d2e"
ir_digest = "sha256:efdb915d29a0cf5829c6a894e903c80de10dacdbc1b8ada1d496a32a296ba162"
section_count = 3

[[files]]
path = "logic/replace-placeholder-kubernetes-operator-with-real-reconciliation.md"
digest = "sha256:4e13d25d3ab5c2b373f24b92287f7b98768bd74da9f6fc7fdbc6fd3432848adb"
ir_digest = "sha256:9a48d29ff55cb1cd79c84f1cea6782079be25b9a0f396af24ae58a8bd0e60e4c"
section_count = 3

[[files]]
path = "semantic/correct-ddd-search-metric-and-candidate-identity-semantics.md"
digest = "sha256:44c332829a679f87c96389287475c09cd47269e361905f5135ed51873523ee6f"
ir_digest = "sha256:64923e96d0f2ad2148850ec10eae69947a6b81e7fcb3719cc9f8350ac3c6f84f"
section_count = 3

[[files]]
path = "validate/make-required-service-and-gpu-test-gates-execution-honest.md"
digest = "sha256:606626e41725ca99e369e55a06c472fe8bb69e50f08b08cbad7f8057cea53795"
ir_digest = "sha256:896f48627ccbd1db004b43ac9271a04ecf949c84147cafe1060a31a2e868386f"
section_count = 3
