version = 2
project = "courier"
ir_kind = "td"
td_path = "apps/courier/tech-design"
generated_at = "2026-07-16T04:54:32.718054+00:00"
digest = "sha256:49ec0d2a18590cda12f02eccfa084807a361e308d48d54023cde9040865c6665"
source_digest = "sha256:49ec0d2a18590cda12f02eccfa084807a361e308d48d54023cde9040865c6665"
ir_digest = "sha256:a7b650d3f331fdf475f7e2bb89c261943db5a3c4e6de8c8d3fd7f6019bafb7ae"

[[files]]
path = "semantic/apps/courier/build.md"
digest = "sha256:86fca19cd32f730898624793bfdb4fa1abee614ed8ecd8e753ffdeb61f4b82dc"
ir_digest = "sha256:bc5b46045e0eb20522a4577ef1b709ff68ba56d2af9f3c59dbe8f5e7a3b6994e"
section_count = 2

[[files]]
path = "semantic/src/bin/courier.md"
digest = "sha256:3f180c3c8562a999fb126fa9f7ec431feac2e4e171f0c4d1bf80285ba3abd1fd"
ir_digest = "sha256:e0ebc23b255df8fc8f5fbfa1aa261b021c5dbdc93c296a0c1c1f2b1df28ff65d"
section_count = 2

[[files]]
path = "semantic/src/http/auth.md"
digest = "sha256:4cecb29e6796832f1564a949fcfcd0f09c4d4fa5d096f6c4ee5290dc0693a6ff"
ir_digest = "sha256:f8d61a444bc88c4bb0a247056ad3bbf8f0cc80c26dd8b2596413053c7d31434f"
section_count = 3

[[files]]
path = "semantic/src/http/github.md"
digest = "sha256:aff111ccc89d3e2fad20b8a565236666b807a8d423faf607958106d56070ec50"
ir_digest = "sha256:967d5cdfe49ff250d127cb791a2cf070ca4fb2b311ad77e7c215247c735971f3"
section_count = 3

[[files]]
path = "semantic/src/http/mod.md"
digest = "sha256:3511d469a3674acd05d00dd5c168a7d38face13c4be559e641c76bcdac2f1bc2"
ir_digest = "sha256:bbf9f69b26cefc385b4b02652150531b7e85255b967b62fec0eb3bcfb66cd75d"
section_count = 3

[[files]]
path = "semantic/src/http/openapi.md"
digest = "sha256:07caf8815891efb697367a8ae01fb0032826b0594dfd92d8dee2911b146d556c"
ir_digest = "sha256:316990f630a83e0831e6f5ec7938492ec4881b4e1f61ad8acecc7015a170a120"
section_count = 3

[[files]]
path = "semantic/src/http/routes.md"
digest = "sha256:29310dff41a373d0d9de7b0626197a310421bbc56102d1192f83ff1e8990f6ab"
ir_digest = "sha256:90b1ccfa5c9086fea1829965df189c553a46a95675ac9b2d40de2d6631ed7bf2"
section_count = 7

[[files]]
path = "semantic/src/lib.md"
digest = "sha256:c144bc698cd4feecb506826d56e13068c4c08dc7303a38678c6cb33382529578"
ir_digest = "sha256:1b77dfd0bfed165ddb031a01bb804e0cfbf780f490107911088f2036a9b68b08"
section_count = 2

[[files]]
path = "semantic/src/llm.md"
digest = "sha256:cbfbec3e3a127a6dd9088ec66825ce5957c14c74ec5298bfaca05e275faeca09"
ir_digest = "sha256:bedd428367caf68533bfb945951aba940e8b4bc0a2bc1981c86d919bb22b5d21"
section_count = 2
