version = 2
project = "courier"
ir_kind = "td"
td_path = "apps/courier/tech-design"
generated_at = "2026-07-16T04:59:29.728157+00:00"
digest = "sha256:da692e5e6453c2672119c8aa01a770bb9de93a9df53bf4ab05a38622b9a61b38"
source_digest = "sha256:da692e5e6453c2672119c8aa01a770bb9de93a9df53bf4ab05a38622b9a61b38"
ir_digest = "sha256:cd49acbed4f82e1fcd4fac8280a3f85982383e4efd6b9bade5556b616d4fda3c"

[[files]]
path = "semantic/apps/courier/build.md"
digest = "sha256:5bb8b93b17c3fffe57bf71f3d324b67e0b27a44f0310891b19fcfbe55463f26e"
ir_digest = "sha256:308ddc280c95e511b7878695b0a2912b6154611e41c56a443b6e1a6e2e7ba628"
section_count = 2

[[files]]
path = "semantic/src/bin/courier.md"
digest = "sha256:a70dac0a527b8e0e2156108cc2c4f8991a202b3aaaedf5ee9f9436fdd163b9f8"
ir_digest = "sha256:764d36bf0afdbc7767d4a219833ff5897bda1237acaefd6d75ffa77f70e8ce0d"
section_count = 3

[[files]]
path = "semantic/src/http/auth.md"
digest = "sha256:a704cadd6285583d377049e57955f8f7e6570d903e08911e60a1aba1ef038170"
ir_digest = "sha256:f0961fda9199d1032af4513d002c44d4033cf10f639d6fb7ab9aa70e798c301c"
section_count = 3

[[files]]
path = "semantic/src/http/github.md"
digest = "sha256:8167a55175e1cded3c531230fd036b55fe632fb0d080d6426fcb91a6a1a7bf55"
ir_digest = "sha256:44f529d373489ed1871de397de9f9d746ee6a37a8a915cc7c1804c6c76c6003f"
section_count = 3

[[files]]
path = "semantic/src/http/mod.md"
digest = "sha256:0b4a17093e5922d2e2f56821fb1e748804439c760c4affcb47990334dc7485da"
ir_digest = "sha256:2118a0e0305261df27bd49ac3a1461dc297d251d6c4069a448256f470258c26f"
section_count = 3

[[files]]
path = "semantic/src/http/openapi.md"
digest = "sha256:c4bb073cdd4c55a8bb5499054d470c9f4bbb5fb79fa604d1510d886ac85fbc84"
ir_digest = "sha256:b6d0ca860e63e4bccbeec69764ac1f39cb742687cc50a3ffcf974da749abfdc8"
section_count = 3

[[files]]
path = "semantic/src/http/routes.md"
digest = "sha256:c1f1cb2a715ddf409ddda078c4c790e539d387cc2e365e931b647d8ed8ea6769"
ir_digest = "sha256:e458d0fcfcb26ddff83655a3781b39a1dd55da09efc4963cab4cd66f891d26dc"
section_count = 7

[[files]]
path = "semantic/src/lib.md"
digest = "sha256:f7a81131e3ad3ce5c6df67bd88cc69edf3bfe0d551ddcd5edaf3780a4168f999"
ir_digest = "sha256:be2153e029cdb4b23cb23087ccc9c181ea455f96426f1f2b9e7be7a01d91022c"
section_count = 3

[[files]]
path = "semantic/src/llm.md"
digest = "sha256:93a7551cd32a25839e82e2779428823eb581b43de15f2ab0b2e8930d4c0f96e0"
ir_digest = "sha256:14703dab22d9aeb634113f3980b42eb0a5ff468848e79c0d19a860df81291edf"
section_count = 3
