version = 2
project = "courier"
ir_kind = "td"
td_path = "apps/courier/tech-design"
generated_at = "2026-07-16T05:10:52.817173+00:00"
digest = "sha256:e1cb0c99caffb60c9f4c1f3932a74a7d7bedededcb56ee2a08159baa45825f78"
source_digest = "sha256:e1cb0c99caffb60c9f4c1f3932a74a7d7bedededcb56ee2a08159baa45825f78"
ir_digest = "sha256:819dd27c95f498fc8b37bbf76517860bcf69ef7eca6b904a237bc546d67056c7"

[[files]]
path = "semantic/courier-apps-courier.md"
digest = "sha256:d7b27f6f91203aa2ad4793823c554202fdb5ff35a4093ae36385cde604ec705c"
ir_digest = "sha256:3293eab948e3e18157bb9071aefff7a21992cfdf0ebd71ed19c9f701bf31ddbc"
section_count = 2

[[files]]
path = "semantic/src/bin/courier.md"
digest = "sha256:06ce863e0aa59891da87f857eee6ff4418b4c84dd3bfce86d47ae8d8c0844480"
ir_digest = "sha256:1ef0934a2d23a748debf089e101284fa8eb3949a068c19aed6a1f45ada7e6561"
section_count = 3

[[files]]
path = "semantic/src/http/auth.md"
digest = "sha256:cb705ff4e5457ee2f1afca0a2f1dfb0e4a4aa0319985ddca0f3f3c2920006b93"
ir_digest = "sha256:0377057497d637d762de9c2f9f8eec6956b77f3d9b4e27dae1d42c3bf7ad7dee"
section_count = 3

[[files]]
path = "semantic/src/http/github.md"
digest = "sha256:e73c092383e3643f1f45a226719661383e4ba1d40d440dc0c20c37a2b08f7b51"
ir_digest = "sha256:0aed5d79fc092d337700cd7e4e42605c0873592da45ff989be064fdb73e6dd75"
section_count = 3

[[files]]
path = "semantic/src/http/mod.md"
digest = "sha256:a652ed4e768ad8a1fefb6168ff4952b99770d716bec2ae70762aa834fb20df9b"
ir_digest = "sha256:68fb390cbea9e204510b4f9b75dd129fc42d8401166fcd3921fc6526d20f1c23"
section_count = 3

[[files]]
path = "semantic/src/http/openapi.md"
digest = "sha256:12f42f99d09b390a2fa84f9e0661e1abd610d8769e0aaa9a93a283c7577acb73"
ir_digest = "sha256:3db4011599808f318355cba895385c4413afd2317d0ef38f326935eafe52c7a7"
section_count = 3

[[files]]
path = "semantic/src/http/routes.md"
digest = "sha256:47a73e56c1aba1e8080b6c7e041698f5557d87a766af6364885ef25b63ba5019"
ir_digest = "sha256:19eeb42692bd7ccd63466fd8eddba2ab3f029a6afe944fbabce8e3fa01189642"
section_count = 7

[[files]]
path = "semantic/src/lib.md"
digest = "sha256:734ba5d7b7dc95db831e3d7ec08fa9b825c49e9d3f7f499cbc8e07e2f524d334"
ir_digest = "sha256:ffb68b28f6edfdc64dcf8cf9bcc4b836b4dc11c7bd943afa7fbd8dfcd6641b0a"
section_count = 3
