version = 1
project = "cap"
td_path = "projects/cap/tech-design"
generated_at = "2026-06-14T08:41:22.122092+00:00"
digest = "sha256:26fcdab57b59006b4dfb6cb5164285653b98cbc51f9959e497a25d90be7402c7"

[[files]]
path = "logic/cap-hook-auto-command-optimizer-whitelist.md"
digest = "sha256:32d74c28c212c7dea17cf2ebf71fceb219b90d24059dc32aba53b68bc5186232"

[[files]]
path = "logic/external-contracts.md"
digest = "sha256:3315f1717899a0b6733cfba78b45e6e811a9a03186a028ada0c30e6be239e5c9"

[[files]]
path = "semantic/cap-benches.md"
digest = "sha256:4e4177698b62759b4992eb00975845389a6b1d5ca5faf4da98a969ac515e5819"

[[files]]
path = "semantic/cap-build-script.md"
digest = "sha256:f2dd849b501e5ef5bae4d871a1c69085b64c6ab5b87ea9a02a0535cd173af412"

[[files]]
path = "semantic/cap-install-script.md"
digest = "sha256:e885508afb302a67436050c737d649298dd8f331105bd5c5bd71dda9dca4035b"

[[files]]
path = "semantic/cap-projects-cap.md"
digest = "sha256:8d75f95a24f0e99e6a25e53f684bf24a1e64afc95c4636e31e3144bb277e7c34"

[[files]]
path = "semantic/cap-src.md"
digest = "sha256:3b5bf846e9470874732ac1c879c213039cb0f997d7c5000066dd19641c047d97"

[[files]]
path = "semantic/cap-tests.md"
digest = "sha256:67835808e7d022e0e9f7d9f616637a5a97f8f1cb55619db6d91c5e182e945081"

[[files]]
path = "semantic/source/cli.md"
digest = "sha256:59b56ee87b4058a9b7f98897514113a45055ce918ac787a65063fdfc080af3e3"

[[files]]
path = "semantic/source/config.md"
digest = "sha256:ebc0d839785f50d6dbace6b0b7b7d58612aa9c07d2139b7c3a998cae1c36bc1a"

[[files]]
path = "semantic/source/daemon.md"
digest = "sha256:914513b0d0883461e92b01a6ec89ab8b7d345b07115646ab3208542cdc2162ec"

[[files]]
path = "semantic/source/eventlog.md"
digest = "sha256:ff269c5ea5389d3f6fc93f85372588273aca50bb222d06453803c8a515072007"

[[files]]
path = "semantic/source/full_main.md"
digest = "sha256:07a4eac01ff058db98121b8afcbb12c12a67495bdd68202cae729660d9e31dc3"

[[files]]
path = "semantic/source/hook-install.md"
digest = "sha256:326e558dc9cf5f65641d5ce601c1f7dc8f772e135da1409335f310309426180e"

[[files]]
path = "semantic/source/hook.md"
digest = "sha256:33d1908aa95f27f24fe2abc71235acf9102781c3aed18f84923389937020728a"

[[files]]
path = "semantic/source/lib.md"
digest = "sha256:b8b4a989151eb2c5464f1095fa478a9e96b6d10a8dad7e225954658d9056fb5b"

[[files]]
path = "semantic/source/projects-cap-benches-command_resources-rs.md"
digest = "sha256:f98fd97eefcdd5a1d43a2485ddaf0d5ec7078cc38d002a714aefa619a916e480"

[[files]]
path = "semantic/source/projects-cap-tests-behavior-cap-command-replacement-parity-rs.md"
digest = "sha256:6f3473296330abc0d9c1a94cfc5dcdb4f3b6ecdef21e7a09ac531d9385bcb3a4"

[[files]]
path = "semantic/source/reap.md"
digest = "sha256:1ed5ff5d2c2687d4f4d7821330ffeb1e9628584cff7290d7f2a03b654ffb93df"

[[files]]
path = "semantic/source/sampler.md"
digest = "sha256:98d3aa382d0fb80da594ff7f4c678515de5edb1734412431980e31dbe9af1fc6"

[[files]]
path = "semantic/source/throttle.md"
digest = "sha256:1043f4373c90186c5c6f30208b3372f65820ab45e085a11f2e7b4cddc79b212b"
