version = 1
project = "tape"
ir_kind = "ec"
ec_path = "projects/tape/external-contracts"
inventory_path = "projects/tape/aw.toml"
generated_at = "2026-07-07T16:23:31.572578+00:00"
ir_digest = "sha256:06f87a8766552ea4e5dd13ba1a1300ac4ed93b1505893a83c90674da69538c48"
source_digest = "sha256:f29dab6b120fdf2f2e402cbb12659ab2139f0834c484af9e915f0dbb1159566b"
tool_contracts = []

[[sources]]
path = "projects/tape/external-contracts/claim-closure/production-claims.md"
digest = "sha256:c8429ebb0ad87dba4de2421903cff72e01a03671bbd65857b63ca40b7b17cc76"

[[sources]]
path = "projects/tape/external-contracts/competitor-feature-parity/behavior/topic-exchange-functional.md"
digest = "sha256:6543637e0a38f903450d81fc7d277420aec2733a2837f4c349eeee0d2e5d3513"

[[sources]]
path = "projects/tape/external-contracts/competitor-performance/efficiency/competitive-benchmark.md"
digest = "sha256:ebe60b2f62e93a94c5e7a37a090eea55214c6a8de48991607b106d24a1cb2393"

[[cases]]
id = "tape-chainable-output-conformance"
capability_id = "chainable-output-conformance"
claim_id = "local-replay-command-next-markers"
contract_id = "tape-local-command-chainability"
dimension = "behavior"
source_ref = "projects/tape/external-contracts/claim-closure/production-claims.md#tape-chainable-output-conformance"
test_path = "projects/tape/tests/behavior_tape_claim_chainable_output.rs"
command = "cargo test -p tape --test cli_contract append_replay_checkpoint_roundtrip -- --exact --nocapture"
required_for_production = true
assertions = ["Append, replay, and checkpoint commands emit parseable JSON payloads with next-step markers for agent chaining."]
evidence_digest = "sha256:e3b0c44298fc1c149afbf4c8996fb92427ae41e4649b934ca495991b7852b855"
evaluator_digest = "sha256:e3b0c44298fc1c149afbf4c8996fb92427ae41e4649b934ca495991b7852b855"
digest = "sha256:b493407c72d7dd8731add295394294b2b0d530572066d8d289b390f82ef45f52"

[[cases]]
id = "tape-cli-interface-replay-verbs"
capability_id = "cli-interface"
claim_id = "tape-cli-convention-and-replay-verbs"
contract_id = "tape-cli-command-surface-and-replay-ergonomics"
dimension = "behavior"
source_ref = "projects/tape/external-contracts/claim-closure/production-claims.md#tape-cli-interface-replay-verbs"
test_path = "projects/tape/tests/behavior_tape_claim_cli_interface.rs"
command = "cargo test -p tape --test cli_contract -- --nocapture"
required_for_production = true
assertions = [
    "The tape binary exposes append, replay, checkpoint, spec, llm, upgrade, and issue commands.",
    "The local append/replay/checkpoint workflow runs end to end through the CLI.",
]
evidence_digest = "sha256:e3b0c44298fc1c149afbf4c8996fb92427ae41e4649b934ca495991b7852b855"
evaluator_digest = "sha256:e3b0c44298fc1c149afbf4c8996fb92427ae41e4649b934ca495991b7852b855"
digest = "sha256:a4ab63224dcdaeff517e00e96e401ca20151cfc6b652bdbdee2fbf0eefd3415b"

[[cases]]
id = "tape-cli-standard-surface"
capability_id = "cli-standard-surface"
claim_id = "shared-llm-upgrade-issue-surface"
contract_id = "tape-shared-cli-std-surface"
dimension = "behavior"
source_ref = "projects/tape/external-contracts/claim-closure/production-claims.md#tape-cli-standard-surface"
test_path = "projects/tape/tests/behavior_tape_claim_cli_standard_surface.rs"
command = "cargo test -p tape --test cli_contract help_ships_standard_and_replay_commands -- --exact --nocapture"
required_for_production = true
assertions = ["The mandatory llm, upgrade, and issue command groups remain visible on top-level help."]
evidence_digest = "sha256:e3b0c44298fc1c149afbf4c8996fb92427ae41e4649b934ca495991b7852b855"
evaluator_digest = "sha256:e3b0c44298fc1c149afbf4c8996fb92427ae41e4649b934ca495991b7852b855"
digest = "sha256:2e6dc254b1709e89f2260cf19e8defd08d7c72972ec4cb8bed9f93376a2a8c95"

[[cases]]
id = "tape-competitor-feature-parity-topic-exchange-functional"
capability_id = "competitor-feature-parity"
claim_id = "topic-replay-competitor-feature-matrix"
contract_id = "topic-replay-vs-log-and-exchange-functional-correctness"
dimension = "behavior"
source_ref = "projects/tape/external-contracts/competitor-feature-parity/behavior/topic-exchange-functional.md#tape-competitor-feature-parity-topic-exchange-functional"
test_path = "projects/tape/tests/behavior_tape_claim_competitor_feature_topic_exchange_functional.rs"
command = "cargo test -p tape --test competitor_feature_parity -- --nocapture"
required_for_production = true
assertions = [
    "Tape validates ordered append, offset replay, timestamp replay, and durable consumer checkpoints through the local journal core.",
    "Kafka, Redpanda, Pulsar, JetStream, and RabbitMQ Streams are classified as replay-log baselines for feature parity.",
    "RabbitMQ topic exchange is included as a topic-routing/fanout comparison row, but is not treated as Tape's offset/time replay baseline.",
]
evidence_digest = "sha256:e3b0c44298fc1c149afbf4c8996fb92427ae41e4649b934ca495991b7852b855"
evaluator_digest = "sha256:e3b0c44298fc1c149afbf4c8996fb92427ae41e4649b934ca495991b7852b855"
digest = "sha256:82109c5004326aaccb01a97abbbea9f636942ca801a37c678e28482afd2e9346"

[[cases]]
id = "tape-competitor-performance-claim-closure"
capability_id = "competitor-performance"
claim_id = "topic-replay-competitor-performance-baseline"
contract_id = "topic-replay-performance-local-and-nats-win"
dimension = "efficiency"
source_ref = "projects/tape/external-contracts/claim-closure/production-claims.md#tape-competitor-performance-claim-closure"
test_path = "projects/tape/tests/behavior_tape_claim_competitor_performance_claim_closure.rs"
command = "cargo test -p tape --test tape_perf_gate -- --nocapture && cargo test -p tape --test tape_vs_nats_jetstream -- --nocapture"
required_for_production = true
assertions = [
    "The local Tape performance regression gate passes for append, replay, and checkpoint operations.",
    "Tape's NATS JetStream local backlog replay win is backed by a real-service benchmark gate.",
    "Other replay-log peer performance wins remain unclaimed until calibrated real-service benchmark runs exist.",
]
evidence_digest = "sha256:e3b0c44298fc1c149afbf4c8996fb92427ae41e4649b934ca495991b7852b855"
evaluator_digest = "sha256:e3b0c44298fc1c149afbf4c8996fb92427ae41e4649b934ca495991b7852b855"
digest = "sha256:a0e435692394c036fabd1e2cb445cd21a894406fa42caa516ab2879d3fd3211d"

[[cases]]
id = "tape-competitor-performance-local-regression-and-calibration-ledger"
capability_id = "competitor-performance"
claim_id = "topic-replay-competitor-performance-baseline"
contract_id = "topic-replay-local-performance-and-peer-calibration"
dimension = "efficiency"
source_ref = "projects/tape/external-contracts/competitor-performance/efficiency/competitive-benchmark.md#tape-competitor-performance-local-regression-and-calibration-ledger"
test_path = "projects/tape/tests/behavior_tape_claim_competitor_performance.rs"
command = "cargo test -p tape --test tape_perf_gate -- --nocapture"
required_for_production = true
assertions = [
    "Tape's local append/replay/checkpoint benchmark stays inside conservative regression budgets.",
    "Kafka, Redpanda, Pulsar, and RabbitMQ Streams performance wins are not claimed without calibrated real-service peer runs.",
    "RabbitMQ topic exchange remains routing-only and is not treated as a replay performance baseline.",
]
evidence_digest = "sha256:e3b0c44298fc1c149afbf4c8996fb92427ae41e4649b934ca495991b7852b855"
evaluator_digest = "sha256:e3b0c44298fc1c149afbf4c8996fb92427ae41e4649b934ca495991b7852b855"
digest = "sha256:9729ca22c728c3262b8c7f74ae1b8a0d7fb7594e7d2a657478d0c1d8cd964b03"

[[cases]]
id = "tape-competitor-performance-nats-jetstream-replay-win"
capability_id = "competitor-performance"
claim_id = "topic-replay-competitor-performance-baseline"
contract_id = "topic-replay-nats-jetstream-local-backlog-win"
dimension = "efficiency"
source_ref = "projects/tape/external-contracts/competitor-performance/efficiency/competitive-benchmark.md#tape-competitor-performance-nats-jetstream-replay-win"
test_path = "projects/tape/tests/behavior_tape_claim_competitor_performance_nats_jetstream.rs"
command = "cargo test -p tape --test tape_vs_nats_jetstream -- --nocapture"
required_for_production = true
assertions = [
    "The test starts a real local nats-server with JetStream enabled.",
    "Tape and JetStream replay the same 20,000-event, 128-byte-payload backlog workload from the beginning.",
    "Tape's zero-copy full-replay latency is at least 1.5x faster than NATS JetStream for the local backlog replay workload.",
]
evidence_digest = "sha256:e3b0c44298fc1c149afbf4c8996fb92427ae41e4649b934ca495991b7852b855"
evaluator_digest = "sha256:e3b0c44298fc1c149afbf4c8996fb92427ae41e4649b934ca495991b7852b855"
digest = "sha256:fe0463f33b63aa2cade8e02dbf89296d5bc39161210c045e1420ffd5db061541"

[[cases]]
id = "tape-consumer-checkpoints"
capability_id = "consumer-checkpoints"
claim_id = "durable-consumer-cursor-contract"
contract_id = "tape-durable-consumer-checkpoint"
dimension = "behavior"
source_ref = "projects/tape/external-contracts/claim-closure/production-claims.md#tape-consumer-checkpoints"
test_path = "projects/tape/tests/behavior_tape_claim_consumer_checkpoints.rs"
command = "cargo test -p tape tests::checkpoints_advance_and_reject_stale_offsets --lib -- --exact --nocapture"
required_for_production = true
assertions = [
    "Tape stores consumer checkpoints.",
    "Tape rejects stale checkpoint writes.",
    "Tape rejects checkpoints beyond the topic end offset.",
]
evidence_digest = "sha256:e3b0c44298fc1c149afbf4c8996fb92427ae41e4649b934ca495991b7852b855"
evaluator_digest = "sha256:e3b0c44298fc1c149afbf4c8996fb92427ae41e4649b934ca495991b7852b855"
digest = "sha256:67a97f96de2eaa6370ef831b8a72d34ba23596b85a78f1ad547274171d198803"

[[cases]]
id = "tape-http2-api-list"
capability_id = "http2-api-list"
claim_id = "h2c-openapi-route-list"
contract_id = "tape-offline-openapi-route-inventory"
dimension = "behavior"
source_ref = "projects/tape/external-contracts/claim-closure/production-claims.md#tape-http2-api-list"
test_path = "projects/tape/tests/behavior_tape_claim_http2_api_list.rs"
command = "cargo test -p tape --test cli_contract spec_routes_list_topic_contract -- --exact --nocapture"
required_for_production = true
assertions = [
    "The offline route inventory includes topic append, replay, and checkpoint routes.",
    "The offline route inventory includes the OpenAPI route.",
]
evidence_digest = "sha256:e3b0c44298fc1c149afbf4c8996fb92427ae41e4649b934ca495991b7852b855"
evaluator_digest = "sha256:e3b0c44298fc1c149afbf4c8996fb92427ae41e4649b934ca495991b7852b855"
digest = "sha256:cf277f1982015fadb7102ddfdcc6e928a0432f377c21f9fcefbbcfaae5c7df29"

[[cases]]
id = "tape-standard-operational-endpoints"
capability_id = "standard-operational-endpoints"
claim_id = "standard-service-route-inventory"
contract_id = "tape-standard-service-endpoint-inventory"
dimension = "behavior"
source_ref = "projects/tape/external-contracts/claim-closure/production-claims.md#tape-standard-operational-endpoints"
test_path = "projects/tape/tests/behavior_tape_claim_standard_operational_endpoints.rs"
command = "cargo test -p tape --test cli_contract spec_routes_list_topic_contract -- --exact --nocapture"
required_for_production = true
assertions = ["The offline route inventory includes /healthz, /readyz, /metrics, /openapi.json, and /docs."]
evidence_digest = "sha256:e3b0c44298fc1c149afbf4c8996fb92427ae41e4649b934ca495991b7852b855"
evaluator_digest = "sha256:e3b0c44298fc1c149afbf4c8996fb92427ae41e4649b934ca495991b7852b855"
digest = "sha256:13e32fe3b711f65331f512d93e53ce43bc1905d28851295c739d9238da61399c"

[[cases]]
id = "tape-topic-replay-journal"
capability_id = "topic-replay-journal"
claim_id = "append-and-replay-contract"
contract_id = "tape-append-replay-local-journal"
dimension = "behavior"
source_ref = "projects/tape/external-contracts/claim-closure/production-claims.md#tape-topic-replay-journal"
test_path = "projects/tape/tests/behavior_tape_claim_topic_replay_journal.rs"
command = "cargo test -p tape tests::append_and_replay_by_offset_and_time --lib -- --exact --nocapture"
required_for_production = true
assertions = [
    "Tape assigns ordered offsets per topic.",
    "Tape replays by offset and by timestamp.",
]
evidence_digest = "sha256:e3b0c44298fc1c149afbf4c8996fb92427ae41e4649b934ca495991b7852b855"
evaluator_digest = "sha256:e3b0c44298fc1c149afbf4c8996fb92427ae41e4649b934ca495991b7852b855"
digest = "sha256:387e6de8be62a59a5dd914ca99163f919569d35da2953ecc0c14dd85cdc7b05b"
