version = 2
project = "loom"
ir_kind = "td"
td_path = "apps/loom/tech-design"
generated_at = "2026-07-23T01:32:30.461389+00:00"
digest = "sha256:0caba246a2630e5a2fa087e62a076ee9b1286ff714a6a402cd3ad12399e914a9"
source_digest = "sha256:0caba246a2630e5a2fa087e62a076ee9b1286ff714a6a402cd3ad12399e914a9"
ir_digest = "sha256:e84a1810777b6dfb654b8060e736f05c4d374a73c99d7334517c7584995ce4de"

[[files]]
path = "interfaces/rest/adopt-sift-owned-operational-telemetry-contract.md"
digest = "sha256:5cae20c3c948ba3b73d4b2d2fc2daa6d1b42926fc8e09f0476e339cef671d634"
ir_digest = "sha256:90f3d5167b2c50da790d311488a627b050149f96277501159a127ec1ddb02487"
section_count = 3

[[files]]
path = "specs/apps/loom/benchmark/celery_app.md"
digest = "sha256:369ca836920b078f70bc71238bfb7b8753f52f3e9cd69870ea2d8ea4b47ce09a"
ir_digest = "sha256:94da01ddb986aeced45b63d0f394bb7ab62eb642184c2b7c69ec3e7025f68538"
section_count = 2
