version = 1
project = "workbench"
ir_kind = "ec"
ec_path = "apps/workbench/external-contracts"
inventory_path = "apps/workbench/aw.toml"
generated_at = "2026-07-20T20:05:53.608571+00:00"
ir_digest = "sha256:8c7799527b6d303267e0e3cf5ce73ea07dd9bff944f98ee54cb1d9350ca8472a"
source_digest = "sha256:4f732904ce4653092684b9b94aca702c74d45b13f6f9b34e1e5e9d6ee1323652"
tool_contracts = []

[[sources]]
path = "apps/workbench/external-contracts/behavior/folder-agent-artifact-journey.md"
digest = "sha256:866ce6b2b11273e6f17b976bc7abdae9d7e2fe1a9b25b537f5d9728cf20f396b"

[[sources]]
path = "apps/workbench/external-contracts/efficiency/folder-agent-artifact-efficiency.md"
digest = "sha256:16eb6434b34c5c1699286b3110a98637efc957b0e444c6e72b9bac2f4577e0b4"

[[sources]]
path = "apps/workbench/external-contracts/stability/folder-agent-artifact-stability.md"
digest = "sha256:aa1ecb91ccb17ce88223599f119af99af610c56b096e2c917ab939fe0e9cd36e"

[[cases]]
id = "folder-agent-artifact-efficiency"
capability_id = "terminal-first-agent-workbench"
claim_id = "folder-agent-artifact-production-efficiency"
contract_id = "folder-agent-artifact-efficiency"
dimension = "efficiency"
source_ref = "apps/workbench/external-contracts/efficiency/folder-agent-artifact-efficiency.md#folder-agent-artifact-efficiency"
test_path = "apps/workbench/tests/efficiency_folder_agent_artifact_efficiency.rs"
command = "cargo test -p workbench --test production_journey -- --nocapture"
required_for_production = true
assertions = [
    "Across the production Tauri IPC to real-PTY boundary, deterministic agent launch-to-OSC7-ready latency is at most 2000 milliseconds.",
    "Peak resident memory for the complete production_journey test process is at most 524288 KiB, measured by getrusage rather than reported by Workbench.",
    "The retained ipc-journey.json records measured and limit values under schema workbench.production-ipc.evidence.v1 and the gate rejects either limit violation.",
]
evidence_digest = "sha256:e3b0c44298fc1c149afbf4c8996fb92427ae41e4649b934ca495991b7852b855"
evaluator_digest = "sha256:e3b0c44298fc1c149afbf4c8996fb92427ae41e4649b934ca495991b7852b855"
digest = "sha256:188e441200247b771e3086fad9870e403f9c06654e830b276e2e0f1c890e94f2"

[[cases]]
id = "folder-agent-artifact-journey"
capability_id = "terminal-first-agent-workbench"
claim_id = "folder-agent-artifact-production-journey"
contract_id = "folder-agent-artifact-journey"
dimension = "behavior"
source_ref = "apps/workbench/external-contracts/behavior/folder-agent-artifact-journey.md#folder-agent-artifact-journey"
test_path = "apps/workbench/tests/behavior_folder_agent_artifact_journey.rs"
command = "cargo test -p workbench --test production_journey -- --nocapture"
required_for_production = true
assertions = [
    "The production configure_builder Tauri IPC handler resolves a canonical registered folder and launches a deterministic agent executable through the same real PTY command boundary used by Claude Code, Codex, and AGY; only the executable is substituted.",
    "The composed IPC journey sends input, resizes, interrupts, terminates, observes OSC 7 cwd, and renders Git, Markdown, and configured AW context with canonical source navigation.",
    "Unavailable-agent errors cross the production IPC boundary without losing the selected folder, and a subsequent available agent launch succeeds.",
    "Jet rejects invalid production bridge arguments and asserts recorded launch agent and canonical cwd, terminal input, context root, and context target values before accepting keyboard, desktop, constrained, and placeholder-free evidence.",
    "apps/workbench/evidence/production-journey/v1/manifest.json binds these assertions to ipc-journey.json, the PTY transcript, context summary, and screenshots.",
]
evidence_digest = "sha256:e3b0c44298fc1c149afbf4c8996fb92427ae41e4649b934ca495991b7852b855"
evaluator_digest = "sha256:e3b0c44298fc1c149afbf4c8996fb92427ae41e4649b934ca495991b7852b855"
digest = "sha256:86e9474969a60803bdf9fdedd421860709937a722fcc6eb0c47b869257db0c26"

[[cases]]
id = "folder-agent-artifact-stability"
capability_id = "terminal-first-agent-workbench"
claim_id = "folder-agent-artifact-production-stability"
contract_id = "folder-agent-artifact-stability"
dimension = "stability"
source_ref = "apps/workbench/external-contracts/stability/folder-agent-artifact-stability.md#folder-agent-artifact-stability"
test_path = "apps/workbench/tests/stability_folder_agent_artifact_stability.rs"
command = "cargo test -p workbench --test production_journey -- --nocapture"
required_for_production = true
assertions = [
    "Twelve consecutive production Tauri IPC sessions each complete real PTY launch, input, resize, and one of interrupt, terminate, or normal-exit lifecycle modes.",
    "Every child process id observed at launch is reaped and no longer alive after the cycle; the selected canonical folder remains unchanged.",
    "Unavailable-agent recovery precedes a successful real launch, and Git, Markdown, and AW context plus source navigation are rendered and asserted after every completed lifecycle cycle.",
    "Every session transcript remains at or below the 524288-byte production bound, with measured peak, twelve context cycles, and lifecycle modes retained in ipc-journey.json.",
]
evidence_digest = "sha256:e3b0c44298fc1c149afbf4c8996fb92427ae41e4649b934ca495991b7852b855"
evaluator_digest = "sha256:e3b0c44298fc1c149afbf4c8996fb92427ae41e4649b934ca495991b7852b855"
digest = "sha256:2f00c4c48d3882cdec9552a7c62458b4287d565114d2766a6e37ac1155015d27"
