version = 2
project = "peer-tls"
ir_kind = "td"
td_path = "libs/peer-tls/tech-design"
generated_at = "2026-08-04T03:06:30.229975+00:00"
digest = "sha256:7fff359b923dde5209d90f8a5c0cb9089e85b8d7481e7e7b0b10e11857dbfd8f"
source_digest = "sha256:7fff359b923dde5209d90f8a5c0cb9089e85b8d7481e7e7b0b10e11857dbfd8f"
ir_digest = "sha256:7426db3a459b40e0a56efcb2f9283d5d089cc94100d3a45c5a7f737433d8c469"

[[files]]
path = "pyproject.toml"
digest = "sha256:252ea5e8758c33b4ee274da80d4384c338ff61c6805d9cafbdb67c43b3541fca"

[[files]]
path = "src/peer_tls/__init__.py"
digest = "sha256:aafd60a5de8dfd13b96e82522c477136db2b57280e358d566e114686bbee1929"

[[files]]
path = "src/peer_tls/application/__init__.py"
digest = "sha256:59308e55f5a8fd11bd908ad0ab739f81b0c728c31a95785f817ae05aee9348f3"

[[files]]
path = "src/peer_tls/application/build_mtls_config.py"
digest = "sha256:038d0ede0bfd4eacef50754236cab8c6f1fdcc040342e8d869d81c8c3c7c14b8"

[[files]]
path = "src/peer_tls/application/rotate_material.py"
digest = "sha256:1ca5ba460145929c347b914e51c9c23dd0a239b9787c96260baf322f15f7221b"

[[files]]
path = "src/peer_tls/application/validate_material.py"
digest = "sha256:8a819f04908c92547b3e7a7cc70aca972ba811a8255c7296763b8601a38ef258"

[[files]]
path = "src/peer_tls/domain/__init__.py"
digest = "sha256:ef90b431034cfbcc095720b3b64218b742e159a108fe6477038eec14496f6b70"

[[files]]
path = "src/peer_tls/domain/identity.py"
digest = "sha256:d4ded3b5fddd28b6e47fc12b681df404e15141aa77d3a4c01638e84dac0ee500"

[[files]]
path = "src/peer_tls/domain/material.py"
digest = "sha256:a513eec3637377d0b07a52c2155f3522b4be80ad782f221ebbbe1eacd0099ae4"

[[files]]
path = "src/peer_tls/domain/rotation.py"
digest = "sha256:bc9d94c5fa6238504dcaeea09a201ef93e70ae9b73f95312298dea7bbcc7a89d"

[[files]]
path = "src/peer_tls/domain/validation.py"
digest = "sha256:e30098332d76f211dace83984902515ba9cbdc5d565d0b9bdbfbed094f735e50"

[[files]]
path = "src/peer_tls/domain/verdict.py"
digest = "sha256:ac0729a568e78a66baf2b6357c0d31aece10b6979e76aa97252a7da9332ccab2"

[[files]]
path = "src/peer_tls/infrastructure/__init__.py"
digest = "sha256:5510f21289132bd0cb83686f2aa1fc9d154e135ec83f18d17ad6f08ad8ab9b20"

[[files]]
path = "src/peer_tls/infrastructure/config_plan.py"
digest = "sha256:ed5e284a6b000bb3f365338f9a69748277a407f581d02c129892795d75125bf5"

[[files]]
path = "src/peer_tls/infrastructure/env_resolver.py"
digest = "sha256:f18eb6ed46ebf6b6a5b0b0cedc92cface9b1f27870b6d1fe0ce1e0bf5845c47d"

[[files]]
path = "src/peer_tls/infrastructure/ports.py"
digest = "sha256:bd38120043de7614288bbc9d52c10e44e167ab5c380f772c831477bce888e84b"

[[files]]
path = "src/peer_tls/work_items/author_full_typed_python_td_ddd_and_fill_the_python_ec.py"
digest = "sha256:f356830bd9a28e257275d059d031dbeaf8773b51e8d65a882d40645ba5a4bce4"

[[files]]
path = "tests/unit/test_application_services.py"
digest = "sha256:cc542de4e923eb18c6159996fc0b3960ace16ce7038138fff6996731c166c738"

[[files]]
path = "tests/unit/test_domain_rotation.py"
digest = "sha256:c6008c9f4ce077cb73a02856a170abdc4bb2701e046e4a6b3f51379af5330b3a"

[[files]]
path = "tests/unit/test_domain_validation.py"
digest = "sha256:457f6e3f2e45bcdab22d8d5154bf4f131f63d00702faeb92d95ba9d1c662a19b"

[[files]]
path = "tests/unit/test_layer_boundaries.py"
digest = "sha256:afe55a817c946b962c618d67ff711e92e72d446a610cd7f85e5840d2c2ac22de"

[[files]]
path = "tests/unit/test_work_item_contract.py"
digest = "sha256:c72b15bbed9981422a1b72510fe34f9acc31f62662ad92b3f66d35692afd4928"

[[files]]
path = "uv.lock"
digest = "sha256:7b7e8ea9ba42aa2c12c96b058c564c59f464a7decb7f1c1550e53232dcd309cd"
