version = 1
project = "beam"
ir_kind = "ec"
ec_path = "apps/beam/external-contracts"
inventory_path = "apps/beam/aw.toml"
generated_at = "2026-07-20T16:34:34.981563+00:00"
ir_digest = "sha256:3e7984f65fe44a1e6e58382e978b4e3852af07af77de1c2efec5a746187b620d"
source_digest = "sha256:786706fb54ab807be5a5d5cfa111ec87ac778ffd8da33ea9e58f5d3bd3126e49"

[[sources]]
path = "apps/beam/external-contracts/competitor-performance/efficiency/beam-high-throughput.md"
digest = "sha256:3b9324338be8217387235acf6101c91c5bc0f4e9c9ab31ca76c1d33c082aa6bf"

[[cases]]
id = "beam-competitor-performance-ddd-overhead"
capability_id = "competitor-performance"
claim_id = "competitive-throughput-ddd-zero-cost"
contract_id = "search-efficiency-ddd-overhead"
dimension = "efficiency"
source_ref = "apps/beam/external-contracts/competitor-performance/efficiency/beam-high-throughput.md#beam-competitor-performance-ddd-overhead"
test_path = "apps/beam/tests/benchmark_beam_competitor_performance_ddd_overhead.rs"
command = "cd apps/beam && ../../target/debug/vat run --scenario ddd-overhead # cargo test"
required_for_production = true
assertions = [
    "The execution time ratio between the PipelineScheduler query batch execution and a monolithic inline direct loop remains under 1.3x.",
    "Dynamic dispatch overhead of the VectorRepository and DistanceCalculator traits does not exceed 30% of total query latency.",
]
evidence_digest = "sha256:e3b0c44298fc1c149afbf4c8996fb92427ae41e4649b934ca495991b7852b855"
evaluator_digest = "sha256:e3b0c44298fc1c149afbf4c8996fb92427ae41e4649b934ca495991b7852b855"
digest = "sha256:e5625c669ef0baab017ac368598735561dca0a04ee1351541174aaf9aa729d9b"

[[cases]]
id = "beam-competitor-performance-gpu-batch-scaling"
capability_id = "competitor-performance"
claim_id = "competitive-throughput-gpu-scaling"
contract_id = "search-efficiency-gpu-scaling"
dimension = "efficiency"
source_ref = "apps/beam/external-contracts/competitor-performance/efficiency/beam-high-throughput.md#beam-competitor-performance-gpu-batch-scaling"
test_path = "apps/beam/tests/benchmark_beam_competitor_performance_gpu_batching.rs"
command = "cd apps/beam && ../../target/debug/vat run --scenario gpu-batching # cargo test"
required_for_production = true
assertions = [
    "The system throughput (QPS) of a batch size of 64 is at least 2x higher than a batch size of 1.",
    "The GPU distance engine demonstrates at least 1.5x throughput (QPS) advantage over CPU distance calculations for a batch size of 128.",
    "Exact refinement parity: The Top-K query results returned by the GPU engine exactly match the CPU reference implementation.",
]
evidence_digest = "sha256:e3b0c44298fc1c149afbf4c8996fb92427ae41e4649b934ca495991b7852b855"
evaluator_digest = "sha256:e3b0c44298fc1c149afbf4c8996fb92427ae41e4649b934ca495991b7852b855"
digest = "sha256:c1530a3fc4826cd4cb9864e5469a50361b30707299d4c962f1a4874aabbde424"

[[cases]]
id = "beam-competitor-performance-memory-footprint"
capability_id = "competitor-performance"
claim_id = "competitive-throughput-out-of-core-scaling"
contract_id = "search-efficiency-memory-footprint"
dimension = "efficiency"
source_ref = "apps/beam/external-contracts/competitor-performance/efficiency/beam-high-throughput.md#beam-competitor-performance-memory-footprint"
test_path = "apps/beam/tests/benchmark_beam_competitor_performance_out_of_core.rs"
command = "cd apps/beam && ../../target/debug/vat run --scenario out-of-core # cargo test"
required_for_production = true
assertions = [
    "Host RAM consumption is bounded and does not grow linearly with the number of vectors stored in the IoUringVectorRepository.",
    "The peak VRAM allocation remains bounded within the GPU context limit during active query batches.",
]
evidence_digest = "sha256:e3b0c44298fc1c149afbf4c8996fb92427ae41e4649b934ca495991b7852b855"
evaluator_digest = "sha256:e3b0c44298fc1c149afbf4c8996fb92427ae41e4649b934ca495991b7852b855"
digest = "sha256:31424eb7ff51ef74bb598aa340f2737602028a5aabf8c9e19dabf1099b991490"

[[cases]]
id = "beam-competitor-performance-pipeline-overlap"
capability_id = "competitor-performance"
claim_id = "competitive-throughput-gate-saturate-four-pillars"
contract_id = "search-efficiency-batched-rag-throughput"
dimension = "efficiency"
source_ref = "apps/beam/external-contracts/competitor-performance/efficiency/beam-high-throughput.md#beam-competitor-performance-pipeline-overlap"
test_path = "apps/beam/tests/benchmark_beam_competitor_performance_pipeline_overlap.rs"
command = "cd apps/beam && ../../target/debug/vat run --scenario pipeline-overlap # cargo test"
required_for_production = true
assertions = [
    "Pipelined scheduler execution hides Disk I/O latency concurrently with GPU computations.",
    "The total elapsed time for pipelined execution is shorter than sequential execution of the same batches.",
]
evidence_digest = "sha256:e3b0c44298fc1c149afbf4c8996fb92427ae41e4649b934ca495991b7852b855"
evaluator_digest = "sha256:e3b0c44298fc1c149afbf4c8996fb92427ae41e4649b934ca495991b7852b855"
digest = "sha256:8d772d2aa77a8f1eb4272cfad177fe19b1e5c6cdf4a2a18b8cd8a86d5d656a39"

[[tool_contracts]]
id = "beam-meter-search-efficiency-ddd"
tool = "meter"
dimension = "efficiency"
source_ref = "apps/beam/external-contracts/competitor-performance/efficiency/beam-high-throughput.md#beam-meter-search-efficiency-ddd"
manifest_path = "apps/beam/meter-search-efficiency-ddd.toml"
command = "cd apps/beam && ../../target/debug/vat run ec-efficiency-meter"
content_digest = "sha256:b4e523a3f0b42000ee93c78894022d1817345e32f3805edfa162bcd63795feb3"
digest = "sha256:961660c0b85b4980b3599f2e57cf6ef0bf2dba2ba81cc8976fad0bcef2a3f528"

[[tool_contracts]]
id = "beam-meter-search-efficiency-gpu"
tool = "meter"
dimension = "efficiency"
source_ref = "apps/beam/external-contracts/competitor-performance/efficiency/beam-high-throughput.md#beam-meter-search-efficiency-gpu"
manifest_path = "apps/beam/meter-search-efficiency-gpu.toml"
command = "cd apps/beam && ../../target/debug/vat run ec-efficiency-meter"
content_digest = "sha256:ca140b7a0f9e5f3fdf92a376edfd173143d93da1b4fcf773fbcc3414ceea561d"
digest = "sha256:338c2910dac2c2078d64f36c7eacf0497cb7be9f225b171bd8e4763045a43a69"

[[tool_contracts]]
id = "beam-meter-search-efficiency-ooc"
tool = "meter"
dimension = "efficiency"
source_ref = "apps/beam/external-contracts/competitor-performance/efficiency/beam-high-throughput.md#beam-meter-search-efficiency-ooc"
manifest_path = "apps/beam/meter-search-efficiency-ooc.toml"
command = "cd apps/beam && ../../target/debug/vat run ec-efficiency-meter"
content_digest = "sha256:227e471f0edb8b9136d5ea9f76e5e4298bbb429ea695897e8c9c60c67c8fa7eb"
digest = "sha256:d90394c099fb24f2672800b65563b8bbd466709b3ccee739456bf9ad17886bda"

[[tool_contracts]]
id = "beam-meter-search-efficiency-overlap"
tool = "meter"
dimension = "efficiency"
source_ref = "apps/beam/external-contracts/competitor-performance/efficiency/beam-high-throughput.md#beam-meter-search-efficiency-overlap"
manifest_path = "apps/beam/meter-search-efficiency-overlap.toml"
command = "cd apps/beam && ../../target/debug/vat run ec-efficiency-meter"
content_digest = "sha256:00d5e521fb6df88ac907c669a6fcb976db41ace25763fb359ce7bb5d93e98ea5"
digest = "sha256:f1003c1ebe723c04b865e447612d7b5d3f553b691a67a9b658648ccf9b90b4cd"
