version = 1
project = "beam"
ir_kind = "ec"
ec_path = "apps/beam/external-contracts"
inventory_path = "apps/beam/aw.toml"
generated_at = "2026-07-20T09:03:57.593256+00:00"
ir_digest = "sha256:c9d807a72abedb921702fb2238806b4884d47a72fd936570d18f383263f8fdc1"
source_digest = "sha256:913b0ee604d1a85c88042c09a4a0f02f66b7c6503a023f01447438a1273148b1"

[[sources]]
path = "apps/beam/external-contracts/competitor-performance/efficiency/beam-high-throughput.md"
digest = "sha256:6978128c5f3f33192305956452b2f1e0786b07e483577f1ca34a2edb51d139a8"

[[cases]]
id = "beam-competitor-performance-ddd-overhead"
capability_id = "competitor-performance"
claim_id = "competitive-throughput-ddd-zero-cost"
contract_id = "search-efficiency-ddd-overhead"
dimension = "efficiency"
source_ref = "apps/beam/external-contracts/competitor-performance/efficiency/beam-high-throughput.md#beam-competitor-performance-ddd-overhead"
test_path = "apps/beam/tests/benchmark_beam_competitor_performance_ddd.rs"
command = "cd apps/beam && ../../target/debug/vat run --scenario ddd-overhead # cargo test"
required_for_production = true
assertions = [
    "The Domain Service `PipelineScheduler` introduces less than 1% latency overhead compared to a tightly-coupled monolithic pipeline.",
    "The Hexagonal `VectorRepository` and `DistanceCalculator` trait dynamic dispatch (or static monomorphization) costs are invisible in the flamegraph.",
]
evidence_digest = "sha256:e3b0c44298fc1c149afbf4c8996fb92427ae41e4649b934ca495991b7852b855"
evaluator_digest = "sha256:e3b0c44298fc1c149afbf4c8996fb92427ae41e4649b934ca495991b7852b855"
digest = "sha256:d0b639358ae0180ec7c34121e0aaf1e85382a7be1728c1bdd07bf46bc7b671ef"

[[cases]]
id = "beam-competitor-performance-gpu-batch-scaling"
capability_id = "competitor-performance"
claim_id = "competitive-throughput-gpu-scaling"
contract_id = "search-efficiency-gpu-scaling"
dimension = "efficiency"
source_ref = "apps/beam/external-contracts/competitor-performance/efficiency/beam-high-throughput.md#beam-competitor-performance-gpu-batch-scaling"
test_path = "apps/beam/tests/benchmark_beam_competitor_performance_gpu.rs"
command = "cd apps/beam && ../../target/debug/vat run --scenario gpu-batching # cargo test"
required_for_production = true
assertions = [
    "System throughput (QPS) scales linearly as `QueryBatch` size increases from 1 to 512.",
    "Peak batched throughput demonstrates at least 10x QPS advantage over the `HnswCpuIndex` baseline from Lumen.",
    "Exact refinement parity: The final Top-K results emitted by the GPU exactly match the CPU oracle for the identical candidate set.",
]
evidence_digest = "sha256:e3b0c44298fc1c149afbf4c8996fb92427ae41e4649b934ca495991b7852b855"
evaluator_digest = "sha256:e3b0c44298fc1c149afbf4c8996fb92427ae41e4649b934ca495991b7852b855"
digest = "sha256:54224758d44ee67967c069e2bcac93dcd716df6610c9770be51c783cec5ae658"

[[cases]]
id = "beam-competitor-performance-memory-footprint"
capability_id = "competitor-performance"
claim_id = "competitive-throughput-out-of-core-scaling"
contract_id = "search-efficiency-memory-footprint"
dimension = "efficiency"
source_ref = "apps/beam/external-contracts/competitor-performance/efficiency/beam-high-throughput.md#beam-competitor-performance-memory-footprint"
test_path = "apps/beam/tests/benchmark_beam_competitor_performance_memory.rs"
command = "cd apps/beam && ../../target/debug/vat run --scenario out-of-core # cargo test"
required_for_production = true
assertions = [
    "Host RAM consumption is bounded strictly to the size of the `HnswNavigator` graph and compressed PQ codes.",
    "Scaling the `ColdPayload` from 10M to 100M vectors increases NVMe footprint but triggers less than 15% increase in Host RAM usage.",
    "GPU VRAM allocation never exceeds the statically allocated PinnedBuffer size for batched GEMM.",
]
evidence_digest = "sha256:e3b0c44298fc1c149afbf4c8996fb92427ae41e4649b934ca495991b7852b855"
evaluator_digest = "sha256:e3b0c44298fc1c149afbf4c8996fb92427ae41e4649b934ca495991b7852b855"
digest = "sha256:4fc425c7236d93a374ec7439af8f38dc4ac661346f0624940c63bea8f64d71f1"

[[cases]]
id = "beam-competitor-performance-pipeline-overlap"
capability_id = "competitor-performance"
claim_id = "competitive-throughput-gate-saturate-four-pillars"
contract_id = "search-efficiency-batched-rag-throughput"
dimension = "efficiency"
source_ref = "apps/beam/external-contracts/competitor-performance/efficiency/beam-high-throughput.md#beam-competitor-performance-pipeline-overlap"
test_path = "apps/beam/tests/benchmark_beam_competitor_performance_overlap.rs"
command = "cd apps/beam && ../../target/debug/vat run --scenario pipeline-overlap # cargo test"
required_for_production = true
assertions = [
    "Async `IoUringVectorRepository` fetches Uncompressed Vectors from NVMe concurrently with `WgpuDistanceEngine` calculations.",
    "GPU Tiled GEMM processing time strictly overlaps with NVMe fetch time on subsequent batches (Pipeline Stall < 5%).",
    "PCIe DMA transfers (RAM to VRAM) achieve at least 80% of peak bandwidth (e.g. 12GB/s on PCIe Gen4 x16).",
]
evidence_digest = "sha256:e3b0c44298fc1c149afbf4c8996fb92427ae41e4649b934ca495991b7852b855"
evaluator_digest = "sha256:e3b0c44298fc1c149afbf4c8996fb92427ae41e4649b934ca495991b7852b855"
digest = "sha256:9ba8f940a885eea6dc201a51563289f542ebdf7ab9c04bae04a01f30308553b9"

[[tool_contracts]]
id = "beam-meter-search-efficiency-memory"
tool = "meter"
dimension = "efficiency"
source_ref = "apps/beam/external-contracts/competitor-performance/efficiency/beam-high-throughput.md#beam-meter-search-efficiency-memory"
manifest_path = "apps/beam/meter-search-efficiency-memory.toml"
command = "cd apps/beam && ../../target/debug/vat run ec-efficiency-meter"
content_digest = "sha256:6abdedff86a12024704fe9ace5060db65977c4cb8bae76858f7341f29e23ac7a"
digest = "sha256:f9373c247689ccf9ef18ba28ad1bd46f03d323e1cc4b66cbe1cb1eb176c61052"

[[tool_contracts]]
id = "beam-meter-search-efficiency-throughput"
tool = "meter"
dimension = "efficiency"
source_ref = "apps/beam/external-contracts/competitor-performance/efficiency/beam-high-throughput.md#beam-meter-search-efficiency-throughput"
manifest_path = "apps/beam/meter-search-efficiency-throughput.toml"
command = "cd apps/beam && ../../target/debug/vat run ec-efficiency-meter"
content_digest = "sha256:9b8003144022ddf0e9859a46ef10a0e1858cae188579beecc34c7de4d21f438f"
digest = "sha256:3570ebe6a0708030692c1ed64d020078ed7eae858480deef559a45784e1ab3a5"
