// !$*UTF8*$!
/* HANDWRITE-BEGIN gap="missing-generator:logic:workbench-xcode-project" tracker="#2278" reason="Define the thin native app and XCUI test targets over the shared Swift sources." */
{
	archiveVersion = 1;
	classes = {
	};
	objectVersion = 77;
	objects = {

/* Begin PBXBuildFile section */
		200000000000000000000001 /* WorkbenchMacApp.swift in Sources */ = {isa = PBXBuildFile; fileRef = 101000000000000000000001 /* WorkbenchMacApp.swift */; };
		200000000000000000000002 /* WorkbenchView.swift in Sources */ = {isa = PBXBuildFile; fileRef = 101000000000000000000002 /* WorkbenchView.swift */; };
		200000000000000000000003 /* TerminalSurface.swift in Sources */ = {isa = PBXBuildFile; fileRef = 101000000000000000000003 /* TerminalSurface.swift */; };
		200000000000000000000004 /* CoreProtocol.swift in Sources */ = {isa = PBXBuildFile; fileRef = 101000000000000000000004 /* CoreProtocol.swift */; };
		200000000000000000000005 /* WorkbenchModel.swift in Sources */ = {isa = PBXBuildFile; fileRef = 101000000000000000000005 /* WorkbenchModel.swift */; };
		200000000000000000000008 /* ProjectStore.swift in Sources */ = {isa = PBXBuildFile; fileRef = 101000000000000000000010 /* ProjectStore.swift */; };
		200000000000000000000009 /* DiagnosticLog.swift in Sources */ = {isa = PBXBuildFile; fileRef = 101000000000000000000011 /* DiagnosticLog.swift */; };
		200000000000000000000006 /* WorkbenchMacUITests.swift in Sources */ = {isa = PBXBuildFile; fileRef = 101000000000000000000006 /* WorkbenchMacUITests.swift */; };
		200000000000000000000007 /* SwiftTerm in Frameworks */ = {isa = PBXBuildFile; productRef = 800000000000000000000002 /* SwiftTerm */; };
/* End PBXBuildFile section */

/* Begin PBXContainerItemProxy section */
		500000000000000000000001 /* PBXContainerItemProxy */ = {
			isa = PBXContainerItemProxy;
			containerPortal = 100000000000000000000001 /* Project object */;
			proxyType = 1;
			remoteGlobalIDString = 400000000000000000000001;
			remoteInfo = WorkbenchMac;
		};
/* End PBXContainerItemProxy section */

/* Begin PBXFileReference section */
		101000000000000000000001 /* WorkbenchMacApp.swift */ = {isa = PBXFileReference; lastKnownFileType = sourcecode.swift; path = WorkbenchMacApp.swift; sourceTree = "<group>"; };
		101000000000000000000002 /* WorkbenchView.swift */ = {isa = PBXFileReference; lastKnownFileType = sourcecode.swift; path = WorkbenchView.swift; sourceTree = "<group>"; };
		101000000000000000000003 /* TerminalSurface.swift */ = {isa = PBXFileReference; lastKnownFileType = sourcecode.swift; path = TerminalSurface.swift; sourceTree = "<group>"; };
		101000000000000000000004 /* CoreProtocol.swift */ = {isa = PBXFileReference; lastKnownFileType = sourcecode.swift; path = CoreProtocol.swift; sourceTree = "<group>"; };
		101000000000000000000005 /* WorkbenchModel.swift */ = {isa = PBXFileReference; lastKnownFileType = sourcecode.swift; path = WorkbenchModel.swift; sourceTree = "<group>"; };
		101000000000000000000006 /* WorkbenchMacUITests.swift */ = {isa = PBXFileReference; lastKnownFileType = sourcecode.swift; path = WorkbenchMacUITests.swift; sourceTree = "<group>"; };
		101000000000000000000007 /* embed-workbench-core.sh */ = {isa = PBXFileReference; lastKnownFileType = text.script.sh; path = "embed-workbench-core.sh"; sourceTree = "<group>"; };
		101000000000000000000008 /* Workbench.app */ = {isa = PBXFileReference; explicitFileType = wrapper.application; includeInIndex = 0; path = Workbench.app; sourceTree = BUILT_PRODUCTS_DIR; };
		101000000000000000000009 /* WorkbenchMacUITests.xctest */ = {isa = PBXFileReference; explicitFileType = wrapper.cfbundle; includeInIndex = 0; path = WorkbenchMacUITests.xctest; sourceTree = BUILT_PRODUCTS_DIR; };
		101000000000000000000010 /* ProjectStore.swift */ = {isa = PBXFileReference; lastKnownFileType = sourcecode.swift; path = ProjectStore.swift; sourceTree = "<group>"; };
		101000000000000000000011 /* DiagnosticLog.swift */ = {isa = PBXFileReference; lastKnownFileType = sourcecode.swift; path = DiagnosticLog.swift; sourceTree = "<group>"; };
/* End PBXFileReference section */

/* Begin PBXFrameworksBuildPhase section */
		300000000000000000000002 /* Frameworks */ = {
			isa = PBXFrameworksBuildPhase;
			buildActionMask = 2147483647;
			files = (
				200000000000000000000007 /* SwiftTerm in Frameworks */,
			);
			runOnlyForDeploymentPostprocessing = 0;
		};
		300000000000000000000006 /* Frameworks */ = {
			isa = PBXFrameworksBuildPhase;
			buildActionMask = 2147483647;
			files = (
			);
			runOnlyForDeploymentPostprocessing = 0;
		};
/* End PBXFrameworksBuildPhase section */

/* Begin PBXGroup section */
		100000000000000000000002 = {
			isa = PBXGroup;
			children = (
				100000000000000000000004 /* WorkbenchMac */,
				100000000000000000000005 /* WorkbenchMacCore */,
				100000000000000000000006 /* UITests */,
				100000000000000000000007 /* Scripts */,
				100000000000000000000003 /* Products */,
			);
			sourceTree = "<group>";
		};
		100000000000000000000003 /* Products */ = {
			isa = PBXGroup;
			children = (
				101000000000000000000008 /* Workbench.app */,
				101000000000000000000009 /* WorkbenchMacUITests.xctest */,
			);
			name = Products;
			sourceTree = "<group>";
		};
		100000000000000000000004 /* WorkbenchMac */ = {
			isa = PBXGroup;
			children = (
				101000000000000000000001 /* WorkbenchMacApp.swift */,
				101000000000000000000002 /* WorkbenchView.swift */,
				101000000000000000000003 /* TerminalSurface.swift */,
			);
			name = WorkbenchMac;
			path = Sources/WorkbenchMac;
			sourceTree = "<group>";
		};
		100000000000000000000005 /* WorkbenchMacCore */ = {
			isa = PBXGroup;
			children = (
				101000000000000000000004 /* CoreProtocol.swift */,
				101000000000000000000005 /* WorkbenchModel.swift */,
				101000000000000000000010 /* ProjectStore.swift */,
				101000000000000000000011 /* DiagnosticLog.swift */,
			);
			name = WorkbenchMacCore;
			path = Sources/WorkbenchMacCore;
			sourceTree = "<group>";
		};
		100000000000000000000006 /* UITests */ = {
			isa = PBXGroup;
			children = (
				101000000000000000000006 /* WorkbenchMacUITests.swift */,
			);
			path = UITests;
			sourceTree = "<group>";
		};
		100000000000000000000007 /* Scripts */ = {
			isa = PBXGroup;
			children = (
				101000000000000000000007 /* embed-workbench-core.sh */,
			);
			path = Scripts;
			sourceTree = "<group>";
		};
/* End PBXGroup section */

/* Begin PBXNativeTarget section */
		400000000000000000000001 /* WorkbenchMac */ = {
			isa = PBXNativeTarget;
			buildConfigurationList = 700000000000000000000002 /* Build configuration list for PBXNativeTarget "WorkbenchMac" */;
			buildPhases = (
				300000000000000000000001 /* Sources */,
				300000000000000000000002 /* Frameworks */,
				300000000000000000000003 /* Resources */,
				300000000000000000000004 /* Embed workbench-core */,
			);
			buildRules = (
			);
			dependencies = (
			);
			name = WorkbenchMac;
			packageProductDependencies = (
				800000000000000000000002 /* SwiftTerm */,
			);
			productName = WorkbenchMac;
			productReference = 101000000000000000000008 /* Workbench.app */;
			productType = "com.apple.product-type.application";
		};
		400000000000000000000002 /* WorkbenchMacUITests */ = {
			isa = PBXNativeTarget;
			buildConfigurationList = 700000000000000000000003 /* Build configuration list for PBXNativeTarget "WorkbenchMacUITests" */;
			buildPhases = (
				300000000000000000000005 /* Sources */,
				300000000000000000000006 /* Frameworks */,
				300000000000000000000007 /* Resources */,
			);
			buildRules = (
			);
			dependencies = (
				500000000000000000000002 /* PBXTargetDependency */,
			);
			name = WorkbenchMacUITests;
			productName = WorkbenchMacUITests;
			productReference = 101000000000000000000009 /* WorkbenchMacUITests.xctest */;
			productType = "com.apple.product-type.bundle.ui-testing";
		};
/* End PBXNativeTarget section */

/* Begin PBXProject section */
		100000000000000000000001 /* Project object */ = {
			isa = PBXProject;
			attributes = {
				BuildIndependentTargetsInParallel = 1;
				LastSwiftUpdateCheck = 2650;
				LastUpgradeCheck = 2650;
				TargetAttributes = {
					400000000000000000000001 = {
						CreatedOnToolsVersion = 26.0;
					};
					400000000000000000000002 = {
						CreatedOnToolsVersion = 26.0;
						TestTargetID = 400000000000000000000001;
					};
				};
			};
			buildConfigurationList = 700000000000000000000001 /* Build configuration list for PBXProject "WorkbenchMac" */;
			developmentRegion = en;
			hasScannedForEncodings = 0;
			knownRegions = (
				en,
				Base,
			);
			mainGroup = 100000000000000000000002;
			minimizedProjectReferenceProxies = 1;
			packageReferences = (
				800000000000000000000001 /* XCRemoteSwiftPackageReference "SwiftTerm" */,
			);
			preferredProjectObjectVersion = 77;
			productRefGroup = 100000000000000000000003 /* Products */;
			projectDirPath = "";
			projectRoot = "";
			targets = (
				400000000000000000000001 /* WorkbenchMac */,
				400000000000000000000002 /* WorkbenchMacUITests */,
			);
		};
/* End PBXProject section */

/* Begin PBXResourcesBuildPhase section */
		300000000000000000000003 /* Resources */ = {
			isa = PBXResourcesBuildPhase;
			buildActionMask = 2147483647;
			files = (
			);
			runOnlyForDeploymentPostprocessing = 0;
		};
		300000000000000000000007 /* Resources */ = {
			isa = PBXResourcesBuildPhase;
			buildActionMask = 2147483647;
			files = (
			);
			runOnlyForDeploymentPostprocessing = 0;
		};
/* End PBXResourcesBuildPhase section */

/* Begin PBXShellScriptBuildPhase section */
		300000000000000000000004 /* Embed workbench-core */ = {
			isa = PBXShellScriptBuildPhase;
			alwaysOutOfDate = 1;
			buildActionMask = 2147483647;
			files = (
			);
			inputFileListPaths = (
			);
			inputPaths = (
				"$(SRCROOT)/Scripts/embed-workbench-core.sh",
			);
			name = "Embed workbench-core";
			outputFileListPaths = (
			);
			outputPaths = (
				"$(TARGET_BUILD_DIR)/$(UNLOCALIZED_RESOURCES_FOLDER_PATH)/workbench-core",
			);
			runOnlyForDeploymentPostprocessing = 0;
			shellPath = /bin/sh;
			shellScript = "\"${SRCROOT}/Scripts/embed-workbench-core.sh\" \"${TARGET_BUILD_DIR}/${UNLOCALIZED_RESOURCES_FOLDER_PATH}/workbench-core\"\n";
		};
/* End PBXShellScriptBuildPhase section */

/* Begin PBXSourcesBuildPhase section */
		300000000000000000000001 /* Sources */ = {
			isa = PBXSourcesBuildPhase;
			buildActionMask = 2147483647;
			files = (
				200000000000000000000001 /* WorkbenchMacApp.swift in Sources */,
				200000000000000000000002 /* WorkbenchView.swift in Sources */,
				200000000000000000000003 /* TerminalSurface.swift in Sources */,
				200000000000000000000004 /* CoreProtocol.swift in Sources */,
				200000000000000000000005 /* WorkbenchModel.swift in Sources */,
				200000000000000000000008 /* ProjectStore.swift in Sources */,
				200000000000000000000009 /* DiagnosticLog.swift in Sources */,
			);
			runOnlyForDeploymentPostprocessing = 0;
		};
		300000000000000000000005 /* Sources */ = {
			isa = PBXSourcesBuildPhase;
			buildActionMask = 2147483647;
			files = (
				200000000000000000000006 /* WorkbenchMacUITests.swift in Sources */,
			);
			runOnlyForDeploymentPostprocessing = 0;
		};
/* End PBXSourcesBuildPhase section */

/* Begin PBXTargetDependency section */
		500000000000000000000002 /* PBXTargetDependency */ = {
			isa = PBXTargetDependency;
			target = 400000000000000000000001 /* WorkbenchMac */;
			targetProxy = 500000000000000000000001 /* PBXContainerItemProxy */;
		};
/* End PBXTargetDependency section */

/* Begin XCBuildConfiguration section */
		600000000000000000000001 /* Debug */ = {
			isa = XCBuildConfiguration;
			buildSettings = {
				ALWAYS_SEARCH_USER_PATHS = NO;
				CLANG_ENABLE_MODULES = YES;
				CLANG_ENABLE_OBJC_ARC = YES;
				CLANG_WARN_BOOL_CONVERSION = YES;
				CLANG_WARN_CONSTANT_CONVERSION = YES;
				CLANG_WARN_DOCUMENTATION_COMMENTS = YES;
				CLANG_WARN_EMPTY_BODY = YES;
				CLANG_WARN_ENUM_CONVERSION = YES;
				CLANG_WARN_INFINITE_RECURSION = YES;
				CLANG_WARN_INT_CONVERSION = YES;
				CLANG_WARN_UNREACHABLE_CODE = YES;
				COPY_PHASE_STRIP = NO;
				DEBUG_INFORMATION_FORMAT = dwarf;
				ENABLE_TESTABILITY = YES;
				GCC_C_LANGUAGE_STANDARD = gnu17;
				GCC_OPTIMIZATION_LEVEL = 0;
				LOCALIZATION_PREFERS_STRING_CATALOGS = YES;
				MACOSX_DEPLOYMENT_TARGET = 14.0;
				MTL_ENABLE_DEBUG_INFO = INCLUDE_SOURCE;
				MTL_FAST_MATH = YES;
				ONLY_ACTIVE_ARCH = YES;
				SDKROOT = macosx;
				SWIFT_ACTIVE_COMPILATION_CONDITIONS = "DEBUG $(inherited)";
				SWIFT_OPTIMIZATION_LEVEL = "-Onone";
			};
			name = Debug;
		};
		600000000000000000000002 /* Release */ = {
			isa = XCBuildConfiguration;
			buildSettings = {
				ALWAYS_SEARCH_USER_PATHS = NO;
				CLANG_ENABLE_MODULES = YES;
				CLANG_ENABLE_OBJC_ARC = YES;
				CLANG_WARN_BOOL_CONVERSION = YES;
				CLANG_WARN_CONSTANT_CONVERSION = YES;
				CLANG_WARN_DOCUMENTATION_COMMENTS = YES;
				CLANG_WARN_EMPTY_BODY = YES;
				CLANG_WARN_ENUM_CONVERSION = YES;
				CLANG_WARN_INFINITE_RECURSION = YES;
				CLANG_WARN_INT_CONVERSION = YES;
				CLANG_WARN_UNREACHABLE_CODE = YES;
				COPY_PHASE_STRIP = NO;
				DEBUG_INFORMATION_FORMAT = "dwarf-with-dsym";
				GCC_C_LANGUAGE_STANDARD = gnu17;
				LOCALIZATION_PREFERS_STRING_CATALOGS = YES;
				MACOSX_DEPLOYMENT_TARGET = 14.0;
				MTL_ENABLE_DEBUG_INFO = NO;
				MTL_FAST_MATH = YES;
				SDKROOT = macosx;
				SWIFT_COMPILATION_MODE = wholemodule;
			};
			name = Release;
		};
		600000000000000000000003 /* Debug */ = {
			isa = XCBuildConfiguration;
			buildSettings = {
				CODE_SIGN_STYLE = Automatic;
				COMBINE_HIDPI_IMAGES = YES;
				CURRENT_PROJECT_VERSION = 1;
				ENABLE_APP_SANDBOX = NO;
				ENABLE_HARDENED_RUNTIME = NO;
				ENABLE_PREVIEWS = YES;
				GENERATE_INFOPLIST_FILE = YES;
				INFOPLIST_KEY_CFBundleDisplayName = Workbench;
				INFOPLIST_KEY_LSApplicationCategoryType = "public.app-category.developer-tools";
				LD_RUNPATH_SEARCH_PATHS = (
					"$(inherited)",
					"@executable_path/../Frameworks",
				);
				MARKETING_VERSION = 0.1.0;
				PRODUCT_BUNDLE_IDENTIFIER = com.cclab.workbench;
				PRODUCT_NAME = Workbench;
				SWIFT_EMIT_LOC_STRINGS = YES;
				SWIFT_VERSION = 5.0;
			};
			name = Debug;
		};
		600000000000000000000004 /* Release */ = {
			isa = XCBuildConfiguration;
			buildSettings = {
				CODE_SIGN_STYLE = Automatic;
				COMBINE_HIDPI_IMAGES = YES;
				CURRENT_PROJECT_VERSION = 1;
				ENABLE_APP_SANDBOX = NO;
				ENABLE_HARDENED_RUNTIME = YES;
				GENERATE_INFOPLIST_FILE = YES;
				INFOPLIST_KEY_CFBundleDisplayName = Workbench;
				INFOPLIST_KEY_LSApplicationCategoryType = "public.app-category.developer-tools";
				LD_RUNPATH_SEARCH_PATHS = (
					"$(inherited)",
					"@executable_path/../Frameworks",
				);
				MARKETING_VERSION = 0.1.0;
				PRODUCT_BUNDLE_IDENTIFIER = com.cclab.workbench;
				PRODUCT_NAME = Workbench;
				SWIFT_EMIT_LOC_STRINGS = YES;
				SWIFT_VERSION = 5.0;
			};
			name = Release;
		};
		600000000000000000000005 /* Debug */ = {
			isa = XCBuildConfiguration;
			buildSettings = {
				CODE_SIGN_STYLE = Automatic;
				GENERATE_INFOPLIST_FILE = YES;
				LD_RUNPATH_SEARCH_PATHS = (
					"$(inherited)",
					"@executable_path/../Frameworks",
					"@loader_path/../Frameworks",
				);
				PRODUCT_BUNDLE_IDENTIFIER = com.cclab.workbench.uitests;
				PRODUCT_NAME = "$(TARGET_NAME)";
				SWIFT_VERSION = 5.0;
				TEST_TARGET_NAME = WorkbenchMac;
			};
			name = Debug;
		};
		600000000000000000000006 /* Release */ = {
			isa = XCBuildConfiguration;
			buildSettings = {
				CODE_SIGN_STYLE = Automatic;
				GENERATE_INFOPLIST_FILE = YES;
				LD_RUNPATH_SEARCH_PATHS = (
					"$(inherited)",
					"@executable_path/../Frameworks",
					"@loader_path/../Frameworks",
				);
				PRODUCT_BUNDLE_IDENTIFIER = com.cclab.workbench.uitests;
				PRODUCT_NAME = "$(TARGET_NAME)";
				SWIFT_VERSION = 5.0;
				TEST_TARGET_NAME = WorkbenchMac;
			};
			name = Release;
		};
/* End XCBuildConfiguration section */

/* Begin XCConfigurationList section */
		700000000000000000000001 /* Build configuration list for PBXProject "WorkbenchMac" */ = {
			isa = XCConfigurationList;
			buildConfigurations = (
				600000000000000000000001 /* Debug */,
				600000000000000000000002 /* Release */,
			);
			defaultConfigurationIsVisible = 0;
			defaultConfigurationName = Release;
		};
		700000000000000000000002 /* Build configuration list for PBXNativeTarget "WorkbenchMac" */ = {
			isa = XCConfigurationList;
			buildConfigurations = (
				600000000000000000000003 /* Debug */,
				600000000000000000000004 /* Release */,
			);
			defaultConfigurationIsVisible = 0;
			defaultConfigurationName = Release;
		};
		700000000000000000000003 /* Build configuration list for PBXNativeTarget "WorkbenchMacUITests" */ = {
			isa = XCConfigurationList;
			buildConfigurations = (
				600000000000000000000005 /* Debug */,
				600000000000000000000006 /* Release */,
			);
			defaultConfigurationIsVisible = 0;
			defaultConfigurationName = Release;
		};
/* End XCConfigurationList section */

/* Begin XCRemoteSwiftPackageReference section */
		800000000000000000000001 /* XCRemoteSwiftPackageReference "SwiftTerm" */ = {
			isa = XCRemoteSwiftPackageReference;
			repositoryURL = "https://github.com/migueldeicaza/SwiftTerm.git";
			requirement = {
				kind = exactVersion;
				version = 1.15.0;
			};
		};
/* End XCRemoteSwiftPackageReference section */

/* Begin XCSwiftPackageProductDependency section */
		800000000000000000000002 /* SwiftTerm */ = {
			isa = XCSwiftPackageProductDependency;
			package = 800000000000000000000001 /* XCRemoteSwiftPackageReference "SwiftTerm" */;
			productName = SwiftTerm;
		};
/* End XCSwiftPackageProductDependency section */
	};
	rootObject = 100000000000000000000001 /* Project object */;
}
/* HANDWRITE-END */
