version = 1
project = "relay"
ir_kind = "ec"
ec_path = "apps/relay/external-contracts"
inventory_path = "apps/relay/aw.toml"
generated_at = "2026-07-20T13:45:05.482207+00:00"
ir_digest = "sha256:f2ebb1db53e7c4bf5153e2507a58f6473dd2c7c00d07db14dde4b14f60ac2746"
source_digest = "sha256:8642270034d3f2fa978ecb3daddd5e65c88433be1daa907610674633333f49eb"

[[sources]]
path = "apps/relay/external-contracts/competitor-performance/efficiency/perf-gate.md"
digest = "sha256:c16b42b7f5d33ca08c03bceadfccfd17b99d0c95c1b78019c4b17c3961a6e68e"

[[sources]]
path = "apps/relay/external-contracts/security-hardening/security/security-evidence.md"
digest = "sha256:59eb8dfb5bb0f1870d7e0b43c4dc87cafb3825a9cfd22b54f95f0af510e89417"

[[cases]]
id = "relay-competitor-performance-behavior"
capability_id = "competitor-performance"
claim_id = "normalized-win-ratchet-decision-model"
contract_id = "relay-work-queue-performance-workload-behavior"
dimension = "behavior"
source_ref = "apps/relay/external-contracts/competitor-performance/efficiency/perf-gate.md#relay-competitor-performance-behavior"
test_path = "apps/relay/tests/behavior_relay_competitor_performance_behavior.rs"
command = "bash apps/relay/scripts/ec-evidence.sh performance-behavior"
required_for_production = true
assertions = [
    "The publish, ordered lease, batch acknowledgement, committed-watermark, redelivery, and per-subject isolation workloads complete with every message acknowledged exactly once.",
    "The normalized decision model fails both a pinned-ratio regression and loss of a must-beat cell; this behavior case does not claim that its hard-coded inputs are measured performance.",
    "The outer oracle requires all eleven named behavior tests and a non-zero execution count in each test binary, so a renamed or removed test cannot pass as a zero-match Cargo filter.",
]
evidence_digest = "sha256:e3b0c44298fc1c149afbf4c8996fb92427ae41e4649b934ca495991b7852b855"
evaluator_digest = "sha256:e3b0c44298fc1c149afbf4c8996fb92427ae41e4649b934ca495991b7852b855"
digest = "sha256:715382f2ff1a4d4da0434ada14d9c57e72c8e3b023cef20f49fb909c1ccf52fb"

[[cases]]
id = "relay-competitor-performance-bounded-soak"
capability_id = "competitor-performance"
claim_id = "normalized-win-ratchet-decision-model"
contract_id = "relay-performance-workload-stability"
dimension = "stability"
source_ref = "apps/relay/external-contracts/competitor-performance/efficiency/perf-gate.md#relay-competitor-performance-bounded-soak"
test_path = "apps/relay/tests/stability_relay_competitor_performance_bounded_soak.rs"
command = "RELAY_SOAK_AUTOSTART=1 bash apps/relay/scripts/soak.sh"
required_for_production = true
assertions = [
    "The bounded fixed-state publish, lease, heartbeat, and inspect workload completes for 60 seconds with a non-zero operation count and zero HTTP or lifecycle errors.",
    "The second observation window stays within the pinned RSS, file-descriptor, thread/task, and p99 latency growth ceilings.",
]
evidence_digest = "sha256:e3b0c44298fc1c149afbf4c8996fb92427ae41e4649b934ca495991b7852b855"
evaluator_digest = "sha256:e3b0c44298fc1c149afbf4c8996fb92427ae41e4649b934ca495991b7852b855"
digest = "sha256:dd44bf35a7806625b10e788b6bf8089db0e1e796a153bdfc1949c310d54db205"

[[cases]]
id = "relay-competitor-performance-measured-durable-lifecycle"
capability_id = "competitor-performance"
claim_id = "normalized-win-ratchet-decision-model"
contract_id = "relay-measured-durable-lifecycle-envelope"
dimension = "efficiency"
source_ref = "apps/relay/external-contracts/competitor-performance/efficiency/perf-gate.md#relay-competitor-performance-measured-durable-lifecycle"
test_path = "apps/relay/tests/efficiency_relay_competitor_performance_measured_durable_lifecycle.rs"
command = "bash apps/relay/scripts/ec-evidence.sh performance-efficiency"
required_for_production = true
assertions = [
    "A report-only child process uses temporary disk storage with FsyncPolicy::Always to publish and then lease/ack exactly 2,000 128-byte payloads in 100-message batches.",
    "The child emits one machine-readable report containing non-zero elapsed time, at least 20 samples per phase, throughput, batch p95, acknowledgement counts, and error count; missing, malformed, zero-sample, incomplete, or error reports fail closed.",
    "An independent parent parser requires publish and lease/ack throughput >= 500 messages/second and batch p95 <= 500,000 microseconds without calling Relay's perf_gate verdict helper.",
    "A test-owned outer oracle first proves its own zero-test and missing-marker rejection, requires both ignored test names, then accepts only exactly one executed gate and exactly one relay_perf_gate report marker before Meter records the same release invocation.",
    "RabbitMQ, NATS JetStream, Redis Streams, and Dragonfly results remain advisory calibration; this local envelope does not assert an external-broker win.",
]
evidence_digest = "sha256:e3b0c44298fc1c149afbf4c8996fb92427ae41e4649b934ca495991b7852b855"
evaluator_digest = "sha256:e3b0c44298fc1c149afbf4c8996fb92427ae41e4649b934ca495991b7852b855"
digest = "sha256:e4dac2370a0d1711a53dbad41e0bd7a336975f94afeaa764d22d047332c522d2"

[[cases]]
id = "relay-security-hardening-auth-and-admission-behavior"
capability_id = "security-hardening"
claim_id = "request-limit-and-malformed-frame-negative-tests"
contract_id = "relay-auth-rbac-and-admission-behavior"
dimension = "behavior"
source_ref = "apps/relay/external-contracts/security-hardening/security/security-evidence.md#relay-security-hardening-auth-and-admission-behavior"
test_path = "apps/relay/tests/behavior_relay_security_hardening_auth_and_admission_behavior.rs"
command = "bash apps/relay/scripts/ec-evidence.sh security-behavior"
required_for_production = true
assertions = [
    "Required auth returns 401 for missing or unknown bearer tokens and 403 when a reader attempts publish or a subject-scoped reader crosses its grant; the streaming consume route enforces the same boundary.",
    "Valid subject writers/readers and wildcard administrators retain their intended publish, lease, ack, heartbeat, and batch behavior, while health, readiness, metrics, OpenAPI, and docs remain tokenless.",
    "A configured one-write admission budget allows the first publish, rejects the second with 429 and Retry-After: 60, and never rate-limits health probes.",
    "The outer oracle requires all eight auth and two admission test names and independently rejects either suite when its executed count is zero.",
]
evidence_digest = "sha256:e3b0c44298fc1c149afbf4c8996fb92427ae41e4649b934ca495991b7852b855"
evaluator_digest = "sha256:e3b0c44298fc1c149afbf4c8996fb92427ae41e4649b934ca495991b7852b855"
digest = "sha256:ae800cfd81b554cd6e25f1d4a643c7b82a17fe477ab738c47fb987020d5b1fa1"

[[cases]]
id = "relay-security-hardening-guard-scan"
capability_id = "security-hardening"
claim_id = "guard-static-runtime-evidence"
contract_id = "relay-guard-security-report"
dimension = "security"
source_ref = "apps/relay/external-contracts/security-hardening/security/security-evidence.md#relay-security-hardening-guard-scan"
test_path = "apps/relay/tests/security_relay_security_hardening_guard_scan.rs"
command = "cd apps/relay && ../../target/debug/vat run guard-security"
required_for_production = true
assertions = [
    "guard scan over apps/relay reports no untriaged Docker, Kubernetes, or static security findings.",
    "guard runs the fail-closed evidence driver before attaching Meter evidence from auth, admission, peer-mTLS, direct-Kubernetes, and service-auth reload suites; missing required names, zero execution, a failed control, or an outer-oracle self-test regression makes the runner fail.",
    "The security evidence runs inside vat so generated reports and transient files do not mutate the host checkout.",
]
evidence_digest = "sha256:e3b0c44298fc1c149afbf4c8996fb92427ae41e4649b934ca495991b7852b855"
evaluator_digest = "sha256:e3b0c44298fc1c149afbf4c8996fb92427ae41e4649b934ca495991b7852b855"
digest = "sha256:2bcbc2a4887ec0f109fb296d925078cab1c31a6a99090f0c891330bd0c2e460d"

[[cases]]
id = "relay-security-hardening-negative-peer-and-kubernetes-boundaries"
capability_id = "security-hardening"
claim_id = "network-policy-and-peer-mtls-termination"
contract_id = "relay-untrusted-peer-and-restricted-workload-security"
dimension = "security"
source_ref = "apps/relay/external-contracts/security-hardening/security/security-evidence.md#relay-security-hardening-negative-peer-and-kubernetes-boundaries"
test_path = "apps/relay/tests/security_relay_security_hardening_negative_peer_and_kubernetes_boundaries.rs"
command = "bash apps/relay/scripts/ec-evidence.sh security-boundaries"
required_for_production = true
assertions = [
    "A client that trusts Relay's legitimate server CA but presents an identity signed by an attacker CA is rejected by the required-mTLS server handshake before HTTP or Raft routing.",
    "Peers signed by the trusted CA still elect, replicate, and converge over the authenticated listener.",
    "The direct StatefulSet is non-root with a read-only root filesystem and durable PVC; the production overlay projects credentials read-only, enables NetworkPolicy and observability components, and does not apply an unsafe voter HPA.",
    "The outer oracle requires both named peer-mTLS tests and both named Kubernetes tests and rejects a zero-test result from either binary.",
]
evidence_digest = "sha256:e3b0c44298fc1c149afbf4c8996fb92427ae41e4649b934ca495991b7852b855"
evaluator_digest = "sha256:e3b0c44298fc1c149afbf4c8996fb92427ae41e4649b934ca495991b7852b855"
digest = "sha256:6479462c14afe94b6cd125ba404fec770eec3f4854d39f203d2d6c2ef42e8577"

[[cases]]
id = "relay-security-hardening-rotation-and-peer-stability"
capability_id = "security-hardening"
claim_id = "bearer-auth-token-registry"
contract_id = "relay-security-last-known-good-stability"
dimension = "stability"
source_ref = "apps/relay/external-contracts/security-hardening/security/security-evidence.md#relay-security-hardening-rotation-and-peer-stability"
test_path = "apps/relay/tests/stability_relay_security_hardening_rotation_and_peer_stability.rs"
command = "bash apps/relay/scripts/ec-evidence.sh security-stability"
required_for_production = true
assertions = [
    "A valid registry rotation becomes visible without restarting Relay, invalid JSON/empty/read-failed rotations retain the last-known-good registry, and failure audit classes remain credential-free.",
    "The trusted three-peer required-mTLS group remains able to elect, replicate, converge, and shut down after the negative certificate-rejection case is present.",
    "The outer oracle requires all five reload tests plus the exact Relay rotation and trusted-peer tests, and each focused invocation must execute at least one test.",
]
evidence_digest = "sha256:e3b0c44298fc1c149afbf4c8996fb92427ae41e4649b934ca495991b7852b855"
evaluator_digest = "sha256:e3b0c44298fc1c149afbf4c8996fb92427ae41e4649b934ca495991b7852b855"
digest = "sha256:3bd4db5af577977f7fbf68a4d652256c5b58e606e98bc0774adcd982f0441d76"

[[tool_contracts]]
id = "relay-guard-security"
tool = "guard"
dimension = "security"
source_ref = "apps/relay/external-contracts/security-hardening/security/security-evidence.md#relay-guard-security"
manifest_path = "apps/relay/guard-relay-security.toml"
command = "cd apps/relay && ../../target/debug/vat run guard-security"
content_digest = "sha256:5509ae8a1a6fa3408c9b083bca2a183d9a5e44c0049400eb79c05acbe03aac7d"
digest = "sha256:9643fb044f7077c7c9074aa2286b382b5ce04496ffc5f3ff16ca2f6278729b62"

[[tool_contracts]]
id = "relay-meter-performance"
tool = "meter"
dimension = "efficiency"
source_ref = "apps/relay/external-contracts/competitor-performance/efficiency/perf-gate.md#relay-meter-performance"
manifest_path = "apps/relay/meter-relay-performance.toml"
command = "cd apps/relay && ../../target/debug/vat run meter-perf"
content_digest = "sha256:30ccedbe3f8baaf10e8f8d3b016f2624c931c7537887cef2a448738baca7d9da"
digest = "sha256:75e5883051ece384e9828c53825633b711aa2d331a5211f523625f3ea65dc475"
