version = 1
project = "guard"
td_path = "projects/guard/tech-design"
generated_at = "2026-06-16T14:32:54.237562+00:00"
digest = "sha256:404ae20f59997d99dc396b54ce50f774d10ed8369a2962f0e64baa7c539ffdf0"

[[files]]
path = "semantic/guard-build-script.md"
digest = "sha256:aa666bd92ef8f43bda01ae450bf7d0201aee35a45b3fe7a70998f2cc085f1de8"

[[files]]
path = "semantic/guard-ec-static-security-smoke.md"
digest = "sha256:4cd0c21346186cc3788dec76004a1dbfc35b48ba6dbbb378ce63b629bc2a1319"

[[files]]
path = "semantic/guard-guard-cli-src-bin.md"
digest = "sha256:f5f74e1df591aaf0e66c848840a994331a5cd5041df405d87887a2b60edd3726"

[[files]]
path = "semantic/guard-guard-cli-src.md"
digest = "sha256:242b56df92a40c36564d604aee0dcbb9fb1383566ed9a3e2499e0e7df47d2189"

[[files]]
path = "semantic/guard-install-script.md"
digest = "sha256:8120ba4c665ffe7f4d9ce3b45321a5378975422e1f81a84b1a9288027bb40b00"

[[files]]
path = "semantic/guard-projects-guard.md"
digest = "sha256:12c7c0f674f261b14bdcd2f41af78573860d554b1eb7159a1af0a479d1d6f3b7"

[[files]]
path = "semantic/guard-src.md"
digest = "sha256:e6400608d444046fbef0b76a39705a61a71906e9fb0bb950bdb5df36506e737d"

[[files]]
path = "semantic/source/projects-guard-guard-cli-src-bin-guard-rs.md"
digest = "sha256:bb62565f6bf42a7bd6163024e3b14c88000065d53dcc1b7fdf54a689212952fb"

[[files]]
path = "semantic/source/projects-guard-guard-cli-src-dispatch-rs.md"
digest = "sha256:05a68ee57c0ecb1375351650f6037adb565fa5b224dd9f2607f4bb912b796a02"

[[files]]
path = "semantic/source/projects-guard-guard-cli-src-lib-rs.md"
digest = "sha256:3590a975e86582ac1047fe816df4c02ae2f0672795e21159e6386526b99aace1"

[[files]]
path = "semantic/source/projects-guard-src-baseline-rs.md"
digest = "sha256:336c7e7d92ab981bd29c141b193b970f3b657a8e054a62b6b5277ea8e1bd80ac"

[[files]]
path = "semantic/source/projects-guard-src-config-rs.md"
digest = "sha256:5b5db73226ae6a0702ecf49e38ef85af736c57db4eaa4895aff0de2f371aa401"

[[files]]
path = "semantic/source/projects-guard-src-lib-rs.md"
digest = "sha256:e703ccdfc7750f35a5bcbb1a60f34841afc54d85ab3764b0a7161d01d051837e"

[[files]]
path = "semantic/source/projects-guard-src-report-rs.md"
digest = "sha256:34c601db44ac5d3aecc296c6b52f7fa67310633d5e2c8b46541676c14af74344"

[[files]]
path = "semantic/source/projects-guard-src-scan-rs.md"
digest = "sha256:3bfcb236c40e74e19683f0b8c0f8e4233ca310ce8171fb633d15a41fd2e4de28"
