version = 2
project = "keep"
ir_kind = "td"
td_path = "apps/keep/tech-design"
generated_at = "2026-07-22T23:48:32.846811+00:00"
digest = "sha256:8ea811af7836a77c9389cb21b80cd0baecf0e3fce132fa33ad056d6218eeacf7"
source_digest = "sha256:8ea811af7836a77c9389cb21b80cd0baecf0e3fce132fa33ad056d6218eeacf7"
ir_digest = "sha256:0786904c6f1154409b14d34cca16c43e36915595fddf82a02ed117f10a6841ec"

[[files]]
path = "interfaces/rest/adopt-sift-owned-operational-telemetry-contract.md"
digest = "sha256:c7732a9c02d26e8698a19db28fbcfbf9422726292e4f48ec77ccfac9e438b830"
ir_digest = "sha256:5b5dca49ad09eb3acd3d18f1cc51a764db44e4fd4cbdf179a1345bdcd16804bf"
section_count = 3
