version = 2
project = "guard"
ir_kind = "td"
td_path = "apps/guard/tech-design"
generated_at = "2026-07-29T03:16:33.327421+00:00"
digest = "sha256:376c2e28149e9a1a8121551c11e33a2e28a9cbafd740b2a3f83c813e58ec7423"
source_digest = "sha256:376c2e28149e9a1a8121551c11e33a2e28a9cbafd740b2a3f83c813e58ec7423"
ir_digest = "sha256:d681eed26be3821223d22b20e15ac9aed935ec78866224650259736ff0723c97"

[[files]]
path = "src/cli.py"
digest = "sha256:1fc978ce5c901d28e3abfd05acc50228b852c8850cc5be25eabf91f726fcbdf1"

[[files]]
path = "src/distribution.py"
digest = "sha256:d6313a28c1278a42a05f71dd9d2f4c01033b76a85c48ebcc903e4a92cfb2a5ad"

[[files]]
path = "src/evidence.py"
digest = "sha256:96ce619582709430b5c074c42eb60ad48060b43115c217b122e0cfc1755e030b"

[[files]]
path = "src/policy.py"
digest = "sha256:3b87e5f1e7e064e46e2249337943dceb5fd6e545a2f6a7d56642d02cc04aa4d1"

[[files]]
path = "src/report.py"
digest = "sha256:8d0884e3d0bb1460d7157f3e02cc691444f7a9446ef51a62a88b8c860b9d8334"

[[files]]
path = "src/scan.py"
digest = "sha256:c4ad08882f2d3f3f980228b9bc1d53ebb6247442a363b0927108fe3f3f69782b"

[[files]]
path = "tests/unit/test_guard_design.py"
digest = "sha256:c4606c28496da38075bdd62a6164a6b4e58521e02d3ad70317fe0868c4ed1375"
