version = 1
project = "loom"
ir_kind = "ec"
ec_path = "apps/loom/external-contracts"
inventory_path = "apps/loom/aw.toml"
generated_at = "2026-07-20T09:56:58.482869+00:00"
ir_digest = "sha256:06fe2890d9bf09afd677ab95f9f9818d9134e4d93e47ed2b53a454633af89851"
source_digest = "sha256:5cfe7891ce202f47815135fab4eaa44d03fd16bac0fb9c1aaeb81026e2474453"
tool_contracts = []

[[sources]]
path = "apps/loom/external-contracts/behavior/541.md"
digest = "sha256:d37194680b6a48ad0b0d97f67496bc92da06474a64e8014185aecae93eaaf293"

[[cases]]
id = "loom-cli-interface-issue"
capability_id = "cli-interface"
claim_id = "loom-cli-convention-and-control-verbs"
contract_id = "loom-cli-issue-verbs"
dimension = "behavior"
source_ref = "apps/loom/external-contracts/behavior/541.md#loom-cli-interface-issue"
test_path = "apps/loom/tests/behavior_loom_cli_interface_issue.rs"
command = "cargo test -p loom --test cli_contract"
required_for_production = true
assertions = [
    "loom --help contains standard subcommands (controller, worker, spec, llm, upgrade, issue).",
    "loom controller --help outputs: strongly-consistent DAG state",
    "loom worker --help outputs: Resident pull-loop worker harness",
    "loom llm outline outputs: architecture, roles, control-api",
    "loom llm architecture outputs: never traverse loom",
    "loom upgrade --check outputs: current:",
    "loom spec --format openapi outputs a valid OpenAPI JSON document",
    "loom spec gen --lang py outputs models.py and client.py",
    "loom worker fails without environment variables (requires LOOM_KEEP)",
    "loom issue search and view fail offline with no online feature error",
    "loom issue create runs offline in dry run mode emitting a pre-filled issue URL",
]
evidence_digest = "sha256:e3b0c44298fc1c149afbf4c8996fb92427ae41e4649b934ca495991b7852b855"
evaluator_digest = "sha256:e3b0c44298fc1c149afbf4c8996fb92427ae41e4649b934ca495991b7852b855"
digest = "sha256:072e421ef84ddeeb9b9dac6244f77ebe6d59f073d55980df9c937396dce8df37"
