version = 1
project = "meter"
td_path = "projects/meter/tech-design"
generated_at = "2026-06-07T22:48:03.931311+00:00"
digest = "sha256:fbe7463f6c5b0eae5cc96dafa578b572ed9e98a400544c357252932990e8ff29"

[[files]]
path = ".gitkeep"
digest = "sha256:c99c4ccde305d3e049351d8f5099d5a1c9dbca0fff3cea6bdf1c79f8794b4902"

[[files]]
path = "logic/external-contracts.md"
digest = "sha256:2f0b65b4f4d1349faab5a3120f6d431f8e3a7ab90ade77cb7fe0236f412cb795"

[[files]]
path = "semantic/meter-projects-meter.md"
digest = "sha256:f7bdc8d956c683ff19663827f31c16d3541d00904b43a7fe1bfb5572fd687243"

[[files]]
path = "semantic/source/projects-meter-benches-discovery-benchmark-rs.md"
digest = "sha256:7950e25a05ee29d68490fbbe533a313e2c40ab474bd41f8797031d24bbf8a47c"

[[files]]
path = "semantic/source/projects-meter-benches-serialization-benchmark-rs.md"
digest = "sha256:2b2208a2616ed51c480d7794ab8e8c10fe8295c7ef10e4b7c74160451b6e4dfc"

[[files]]
path = "semantic/source/projects-meter-examples-adaptive-benchmark-demo-rs.md"
digest = "sha256:2ba8b3b63741284862ddaec7d68ff3d1c6b31ba5d68def60295267da16086f94"

[[files]]
path = "semantic/source/projects-meter-examples-async-fuzzing-example-rs.md"
digest = "sha256:93f3b80bf88cfbb90753797dad97bf39d04f9be03e4b5eac8a6ae4e17e8a2b04"

[[files]]
path = "semantic/source/projects-meter-examples-baseline-demo-rs.md"
digest = "sha256:446ff97ee649f9f2e5daab96b7fbf204e24059357d7f01d641136d950918fcab"

[[files]]
path = "semantic/source/projects-meter-examples-boundary-tracing-rs.md"
digest = "sha256:d9b845b9b688542f05dfb795dd70ae5b387544b04f46387ef9326b5e44b93eee"

[[files]]
path = "semantic/source/projects-meter-examples-junit-reporter-example-rs.md"
digest = "sha256:5e4008d1d6a9e2a803acf35aaaabcb0b9f549d9272bc8ec1647dc12855014c29"

[[files]]
path = "semantic/source/projects-meter-examples-latency-percentiles-demo-rs.md"
digest = "sha256:c18e2e5973b032755e6d4b623a1b1c0f05b432214f1aff98861c3e334f6b4d8c"

[[files]]
path = "semantic/source/projects-meter-examples-payload-database-example-rs.md"
digest = "sha256:056a54c5ef038ed024e35f856238894e19840259042023599c8b8e04756a486f"

[[files]]
path = "semantic/source/projects-meter-examples-profile-target-rs.md"
digest = "sha256:7769ac09e5f2f5324f59292b16ad708c98a022af2bd73ac4ebd3550348a81067"

[[files]]
path = "semantic/source/projects-meter-meter-cli-src-bin-meter-rs.md"
digest = "sha256:1b7223ee8a7cb94e6e38a9fd53fd7c5999932051dd41e57a47711f01636aa38d"

[[files]]
path = "semantic/source/projects-meter-meter-cli-src-dispatch-rs.md"
digest = "sha256:0fb02e779d6e59ed5d06d1fd63e2c00fa79dbeb32a2310f0500bd48ffadf8b9b"

[[files]]
path = "semantic/source/projects-meter-meter-cli-src-lib-rs.md"
digest = "sha256:c2c1378bbb364fe51e38d355abc66aa02bac0c5946216f393195f014ef454b5c"

[[files]]
path = "semantic/source/projects-meter-scripts-ts-harness-js.md"
digest = "sha256:eb9b305dd559a2fd1c4de2c01f55afd8197721266918c0747ab77ffadb69e380"

[[files]]
path = "semantic/source/projects-meter-src-agent-eval-cost-rs.md"
digest = "sha256:638829d6e61742544e4a045586c840123815b3c7731b6913292057e066f13010"

[[files]]
path = "semantic/source/projects-meter-src-agent-eval-dataset-rs.md"
digest = "sha256:d280560f554b7a5567fcd972a66320c19261e5ad0c793978f8fd3b68e11f4e85"

[[files]]
path = "semantic/source/projects-meter-src-agent-eval-evaluator-rs.md"
digest = "sha256:9394ca8f261da47cca59018a72f22d42116e1818886e247bfb30e1906a9031b8"

[[files]]
path = "semantic/source/projects-meter-src-agent-eval-llm-judge-rs.md"
digest = "sha256:4f4a8c03ce7e6aed74a0d4fc0b851c479f1b7dfc307486e5b7f811e99bc66dda"

[[files]]
path = "semantic/source/projects-meter-src-agent-eval-mod-rs.md"
digest = "sha256:18652f0d8fff8ee4f1c159da69d877a1dd703b31b198fff5db439981b9d6e8b3"

[[files]]
path = "semantic/source/projects-meter-src-agent-eval-prompt-engine-rs.md"
digest = "sha256:13a68ca73be7c96df701a58502d8051b2c5d611698c25c0534e8fd47c6904289"

[[files]]
path = "semantic/source/projects-meter-src-agent-eval-prompt-mod-rs.md"
digest = "sha256:838942cffaf0429f33b2e9b3e6a55e2f3ccbecbb722b590fb83855dfc408145d"

[[files]]
path = "semantic/source/projects-meter-src-agent-eval-prompt-registry-rs.md"
digest = "sha256:e8c81fc3f61ed64c7a9e9295d0ca52d8451c2cb4c89b9eb3241de8c7c9c5848a"

[[files]]
path = "semantic/source/projects-meter-src-agent-eval-prompt-template-rs.md"
digest = "sha256:92c93d4cbbdd0dea615e12429f25778d34cfd49772267b83a8b25317f09ed54d"

[[files]]
path = "semantic/source/projects-meter-src-agent-eval-regression-rs.md"
digest = "sha256:8d0ee94644cfdd5e94637580df3969a96f335ecd7a2316f95c388928b18db64f"

[[files]]
path = "semantic/source/projects-meter-src-agent-eval-result-rs.md"
digest = "sha256:2412c46d7f8d1ab338563383630799541438339c7fe5e5bfb58f89c1344fe975"

[[files]]
path = "semantic/source/projects-meter-src-agent-eval-test-case-rs.md"
digest = "sha256:d39aa16fff467bdc39c4482eb7f1de68be5f3430e34e08f1c1a8afe4b34fc09c"

[[files]]
path = "semantic/source/projects-meter-src-assertions-rs.md"
digest = "sha256:c0af81d91a87a5fda6e30b1f2ab0a990161f4835bd2c80628958981d9d16f277"

[[files]]
path = "semantic/source/projects-meter-src-baseline-rs.md"
digest = "sha256:3d3ec617e952b853d98b73106284efb37935c31612691a9a413da8a8c4fa7369"

[[files]]
path = "semantic/source/projects-meter-src-benchmark-rs.md"
digest = "sha256:3e15c2d801407495a63d16b6b83311260048533d179168458cff3e9d3d34ca05"

[[files]]
path = "semantic/source/projects-meter-src-capture-audit-rs.md"
digest = "sha256:38d2390147fc567bbc81f092995b1a4cc95ac9c23fb819115446a814811fa8c7"

[[files]]
path = "semantic/source/projects-meter-src-capture-bench-rs.md"
digest = "sha256:598bea66f2b41177a5aff9bdb07ed621b932dd553ca8e602bb315498f43d1cbe"

[[files]]
path = "semantic/source/projects-meter-src-capture-delegate-rs.md"
digest = "sha256:cd14e45b9168798816be6227ad199a646c3d87c69f9245e93cf37b1aac052ebc"

[[files]]
path = "semantic/source/projects-meter-src-capture-fold-rs.md"
digest = "sha256:732365c3e585c5e33792765433cd5622d7389d8bc0296f9d5282c359bbb6788f"

[[files]]
path = "semantic/source/projects-meter-src-capture-fuzz-rs.md"
digest = "sha256:abc5287022107f514bd1aadf1442e5355385bdc938d1bbddebd76773164a5edc"

[[files]]
path = "semantic/source/projects-meter-src-capture-mod-rs.md"
digest = "sha256:f5f2f70ea0b017ad7df61095951c204df91925d7ec6a36553b135f469b75c01e"

[[files]]
path = "semantic/source/projects-meter-src-capture-run-rs.md"
digest = "sha256:a3a0218346c39c1347500e2a09be61faa8f0f6b8f3f4c4acb8ae8bf63d789082"

[[files]]
path = "semantic/source/projects-meter-src-capture-sampler-rs.md"
digest = "sha256:1cb0e5a5f9e4ec64f9c2e23192bea8c162ed6e70637196e030c97e2f2f36d892"

[[files]]
path = "semantic/source/projects-meter-src-discovery-rs.md"
digest = "sha256:3b7b8f5d27f1897cace082ffa918fefa02747ffa958baf54c89415ce229c0ea7"

[[files]]
path = "semantic/source/projects-meter-src-fixtures-rs.md"
digest = "sha256:bbae6ffd424908364ddfa19eef17a56bb65b4ce41dc3ddf432fba1943fe53874"

[[files]]
path = "semantic/source/projects-meter-src-hooks-rs.md"
digest = "sha256:32336067301bc10ed58cee72cf1ef28d65aa8acf0fa9bc8271ef78c2f2822afb"

[[files]]
path = "semantic/source/projects-meter-src-http-server-rs.md"
digest = "sha256:7b4a561902ffb2fcecaaa3fd6c2df582b48097e5b658f594e3d85caab309be44"

[[files]]
path = "semantic/source/projects-meter-src-lib-rs.md"
digest = "sha256:254e3739a066cdbee164e47a552879953d219b5b483a3991ced27a41e8dd8db0"

[[files]]
path = "semantic/source/projects-meter-src-parametrize-rs.md"
digest = "sha256:ab080c3c40f6871aa3c026f80deb60be3b94db7705b1e761757110a6f5856043"

[[files]]
path = "semantic/source/projects-meter-src-performance-boundary-rs.md"
digest = "sha256:e968ad6a536108b82cae11e8feaa4ab0f597211d20134521e03d6222af622b51"

[[files]]
path = "semantic/source/projects-meter-src-performance-mod-rs.md"
digest = "sha256:f4dc5079b110eba1682515ea81a5b40a0043cc7160a726db7ff0599e68a97e71"

[[files]]
path = "semantic/source/projects-meter-src-performance-profiler-rs.md"
digest = "sha256:88c4da69e01b3d2302a8a9f089cb737b7e7c02094ceab50ba1a8fa45755391e0"

[[files]]
path = "semantic/source/projects-meter-src-plugin-rs.md"
digest = "sha256:42035ecd908a86bf307b7aac793b72e39767f4ba6625308aae0e015877a00462"

[[files]]
path = "semantic/source/projects-meter-src-report-builder-rs.md"
digest = "sha256:3f7024f44aad4984e1204e11df65d49dc0f7c7db341d77bb2b1c980acbbf88cc"

[[files]]
path = "semantic/source/projects-meter-src-report-emit-rs.md"
digest = "sha256:976de79a2fb2f4ecc8b98c44dd7f8680fbc787bca5a3623e1195fe2b1b146c18"

[[files]]
path = "semantic/source/projects-meter-src-report-env-rs.md"
digest = "sha256:bc4a2038ad2ce0dbe073994a0f954b987da47cfc205adb8687f658dee2a49d25"

[[files]]
path = "semantic/source/projects-meter-src-report-envelope-rs.md"
digest = "sha256:2228d1291c1d7ba9d1734384c4a329112e8dfe16669b8275acfec3f561a83fd1"

[[files]]
path = "semantic/source/projects-meter-src-report-finding-rs.md"
digest = "sha256:fcf4f45f2e630c741cac224f062b2f7048ff9da7961f6efcc7a2791866b404a7"

[[files]]
path = "semantic/source/projects-meter-src-report-mod-rs.md"
digest = "sha256:ae8703d4d7389b522857783ea3259793d03b48010158035fbb150c4960ae44eb"

[[files]]
path = "semantic/source/projects-meter-src-report-persist-rs.md"
digest = "sha256:bac9b6622830f65eaa4ad547f6035f8c8237ac1141394a50da2730d16c2028ce"

[[files]]
path = "semantic/source/projects-meter-src-report-producer-rs.md"
digest = "sha256:ef662a8c990993104f89cc98541845eaaed2747f94279531e683f8690a9347cf"

[[files]]
path = "semantic/source/projects-meter-src-report-schema-rs.md"
digest = "sha256:9a4bf81fe2b8a90ed1d3bcb1c6d03b47906fd292c15e3015ef8074fd458fa6df"

[[files]]
path = "semantic/source/projects-meter-src-reporter-rs.md"
digest = "sha256:89bf3d00dc96c06d0b2d3b15580aa8ca444b08bcc6f097b512fed8ee03933617"

[[files]]
path = "semantic/source/projects-meter-src-runner-rs.md"
digest = "sha256:dde654078605bee64178dbd086ed0c981c35effd973fd167433518c6e31daca8"

[[files]]
path = "semantic/source/projects-meter-src-rust-runner-rs.md"
digest = "sha256:cc4b3643aeba7b59e5e882cd2f27ab049a3eae364c74116e1b194c913a48cf36"

[[files]]
path = "semantic/source/projects-meter-src-security-async-fuzzer-rs.md"
digest = "sha256:8eb612ffac8430d0db8c6018fddb295f8fd4fddf37c6f2f4d96559c1647aab30"

[[files]]
path = "semantic/source/projects-meter-src-security-fuzzer-rs.md"
digest = "sha256:8b91e1c89138f602fc80dd5490255b56d5082fe9688926bc969a2eb9c3eb8586"

[[files]]
path = "semantic/source/projects-meter-src-security-mod-rs.md"
digest = "sha256:c175ae21d4b15275c7d7bced094fc59efdb5ebc4eb09970186d9d205f0f79792"

[[files]]
path = "semantic/source/projects-meter-src-security-payloads-rs.md"
digest = "sha256:9db505ca642f3209f3a3c6f5328d5717fdac86a16b8959c99b24797cf0b20124"

[[files]]
path = "semantic/source/projects-meter-src-security-sql-injection-rs.md"
digest = "sha256:87af69a2859d07c6593b049b801ce89d1c265bff23bc2a80b31335c8991c964d"

[[files]]
path = "semantic/source/projects-meter-src-ts-runner-rs.md"
digest = "sha256:41877127abb0db5d219a43f9bca3f3cba542fc6099687d483138845f56e69fff"

[[files]]
path = "semantic/source/projects-meter-tests-async-fuzzing-test-rs.md"
digest = "sha256:ea136d09e1b7bf274c44cf92c01dad0868b7754865150121e034226824ecdc10"

[[files]]
path = "semantic/source/projects-meter-tests-audit-trust-bug-rs.md"
digest = "sha256:8bd78716bf0dfcd8aa8fc752756b73cfdf87ceae883760e07ccec82ce5226db2"

[[files]]
path = "semantic/source/projects-meter-tests-fixtures-vuln-crate-src-main-rs.md"
digest = "sha256:311e53df79ebec245532f2d2243d168d20071622be7c86c8d92972435fa41388"

[[files]]
path = "semantic/source/projects-meter-tests-junit-example-rs.md"
digest = "sha256:b9a90ffbe3bfa760e9fdcded6c6952b3ebc5e7b9cd415065c9b9f06fe4a492f1"
