version = 1
project = "meter"
td_path = "projects/meter/tech-design"
generated_at = "2026-06-12T09:13:30.550092+00:00"
digest = "sha256:b38f99df3dfaf9493711ecfcdc532465e33ef42906bcc92ee9cd0a8d897ab629"

[[files]]
path = ".gitkeep"
digest = "sha256:c99c4ccde305d3e049351d8f5099d5a1c9dbca0fff3cea6bdf1c79f8794b4902"

[[files]]
path = "logic/external-contracts.md"
digest = "sha256:2f0b65b4f4d1349faab5a3120f6d431f8e3a7ab90ade77cb7fe0236f412cb795"

[[files]]
path = "logic/single-knob-meter-toml-level-gate-l1-vitals-in-capture-until-exi.md"
digest = "sha256:b79850ae0401374a1dc9b73b2b18e6d23c50587f7a91a9d2bcfcb3c3b553db60"

[[files]]
path = "semantic/meter-projects-meter.md"
digest = "sha256:f7bdc8d956c683ff19663827f31c16d3541d00904b43a7fe1bfb5572fd687243"

[[files]]
path = "semantic/source/projects-meter-benches-discovery-benchmark-rs.md"
digest = "sha256:a5f467059d14b74c3296d66c3ec180f5f66da0afdf9f4c23bc1674e8f8959a81"

[[files]]
path = "semantic/source/projects-meter-benches-serialization-benchmark-rs.md"
digest = "sha256:4784904b9b7565b7c64eff01d60b70fbfe0fa546c66f793db27a4070713b03df"

[[files]]
path = "semantic/source/projects-meter-examples-adaptive-benchmark-demo-rs.md"
digest = "sha256:3ffe463e5d95af18c3263b1e65b82389b9328b6fe1be6452c883f5e1bd79e872"

[[files]]
path = "semantic/source/projects-meter-examples-async-fuzzing-example-rs.md"
digest = "sha256:7756b91473f69838a966e75896ee62ef6e099fb4b21e9438503ee15eac51607d"

[[files]]
path = "semantic/source/projects-meter-examples-baseline-demo-rs.md"
digest = "sha256:d3a5a4307303d2376669dc32cb11752c66801a29cc987eb23e41f04992629b86"

[[files]]
path = "semantic/source/projects-meter-examples-boundary-tracing-rs.md"
digest = "sha256:fc85f6d5c4ef7a7cca926f6708bff3771e4690c351b1c9c82e9951634bc0e6e9"

[[files]]
path = "semantic/source/projects-meter-examples-junit-reporter-example-rs.md"
digest = "sha256:89164c496d2b7ba790c907419bcd5e21beee009b30a331aa3443a1a78d32031e"

[[files]]
path = "semantic/source/projects-meter-examples-latency-percentiles-demo-rs.md"
digest = "sha256:ececda842d99ea4aaa634ce14b0c5f430188a2178e1b34b390d2e745592ff8f7"

[[files]]
path = "semantic/source/projects-meter-examples-payload-database-example-rs.md"
digest = "sha256:e3a9690da0afd0150c3503c31a4930209bb3e32c36e97264229986e534ff0d6c"

[[files]]
path = "semantic/source/projects-meter-examples-profile-target-rs.md"
digest = "sha256:ae99b624982169adf356e10b66f2260f71fe0f9ed3d63f758fa1ad461842d523"

[[files]]
path = "semantic/source/projects-meter-meter-cli-src-bin-meter-rs.md"
digest = "sha256:e899b98b63afee153c1e8de7c3e0fd78ca7295c8a78b9006fcce93c0b8581c27"

[[files]]
path = "semantic/source/projects-meter-meter-cli-src-dispatch-rs.md"
digest = "sha256:b8caeada717df00e74e3deca4ced799a27505efbf8a443019ddd5026c2ea4ff2"

[[files]]
path = "semantic/source/projects-meter-meter-cli-src-lib-rs.md"
digest = "sha256:1d7947b1742b658c24c65f5704f56b32fc10f879ccd195e3e1d7272de23dd2c2"

[[files]]
path = "semantic/source/projects-meter-scripts-ts-harness-js.md"
digest = "sha256:2990f0744276f5121588be9c3cd3b2f9bc887e38e33bb4575e01b3cfbf4405f7"

[[files]]
path = "semantic/source/projects-meter-src-agent-eval-cost-rs.md"
digest = "sha256:7b7e2099043907538fb310dfc7c05e34481398ec7bffa3bb62633826527b3b9e"

[[files]]
path = "semantic/source/projects-meter-src-agent-eval-dataset-rs.md"
digest = "sha256:92cab2650bc65752fa74292bac0ac44bdfed0db918d408e3b187d8c8fd0a6bbc"

[[files]]
path = "semantic/source/projects-meter-src-agent-eval-evaluator-rs.md"
digest = "sha256:52e65ce851e358fa9bc7c39b1f5d5ac697c9da8916ef711196399c925263ce45"

[[files]]
path = "semantic/source/projects-meter-src-agent-eval-llm-judge-rs.md"
digest = "sha256:15297aa04b385f6fd6f75a016ca2ddf7110b0638370f6c3803c21ff12e8d8316"

[[files]]
path = "semantic/source/projects-meter-src-agent-eval-mod-rs.md"
digest = "sha256:ffa72b75f32d77f287410e53f4b8086fd2e476a4010e62ca0a413651f678da89"

[[files]]
path = "semantic/source/projects-meter-src-agent-eval-prompt-engine-rs.md"
digest = "sha256:86f77df9e31ef5857a768804d8fc5cf75a234ad41663614e3f8401768ec12fbd"

[[files]]
path = "semantic/source/projects-meter-src-agent-eval-prompt-mod-rs.md"
digest = "sha256:41fc1dc37d4b4db879b8cd1de964bd21ff32ba52c91fce557f2ddc7142ede9d7"

[[files]]
path = "semantic/source/projects-meter-src-agent-eval-prompt-registry-rs.md"
digest = "sha256:0d367fed4cb4901e938399e52b3a515059d58b513585d53ee0335f7985ea378f"

[[files]]
path = "semantic/source/projects-meter-src-agent-eval-prompt-template-rs.md"
digest = "sha256:cd8d8a25b649e63dcb85caaf6b237cb3eaff156a0ee6439fdb1840da0ab1b9ac"

[[files]]
path = "semantic/source/projects-meter-src-agent-eval-regression-rs.md"
digest = "sha256:2ccb14fb574ab1804f46f440d7c0e529661beb13abaf30c4d0632c706fc844f3"

[[files]]
path = "semantic/source/projects-meter-src-agent-eval-result-rs.md"
digest = "sha256:afb46068c2ab4fc80036e38df0b1cbac1e6db9efb993640524ace927f395ca6e"

[[files]]
path = "semantic/source/projects-meter-src-agent-eval-test-case-rs.md"
digest = "sha256:878038d49fcc63d6ac1f44b70465b9a107963618d44d5e6c4c4a45a8cb2e932c"

[[files]]
path = "semantic/source/projects-meter-src-assertions-rs.md"
digest = "sha256:65d4088dbb922b02546389de725a794df28152519e592c5f420866ced9bfa54b"

[[files]]
path = "semantic/source/projects-meter-src-baseline-rs.md"
digest = "sha256:6a74a7f17516b6599d85f29a92717c98dd1812450472d7c44ace7f3dbfeb3561"

[[files]]
path = "semantic/source/projects-meter-src-benchmark-rs.md"
digest = "sha256:f77c39044b3f45a51b5e2be403cc69435dfbd5c5536c45c209827f2012c27d8c"

[[files]]
path = "semantic/source/projects-meter-src-capture-audit-rs.md"
digest = "sha256:f087a47a77ee180c841d392e94dbf52c69837f2447c948a65212c563d636c5f2"

[[files]]
path = "semantic/source/projects-meter-src-capture-bench-rs.md"
digest = "sha256:79d10b33bbcd2853fe226ae8004780cdcb1fd6447bf3fbc127a51ae1e9a9a931"

[[files]]
path = "semantic/source/projects-meter-src-capture-delegate-rs.md"
digest = "sha256:e417213dd8373817ccbc19a4156478720f8a1a54d8bd1d9299f4231f0a0137d0"

[[files]]
path = "semantic/source/projects-meter-src-capture-fold-rs.md"
digest = "sha256:a7182bff03d088ae3abec4c0bac110e85f9847e5fe3e5c912766865d5e438316"

[[files]]
path = "semantic/source/projects-meter-src-capture-mod-rs.md"
digest = "sha256:2130d25ced182971b0ed4a80302317bd079052a4a23019476bbce876112e3a2d"

[[files]]
path = "semantic/source/projects-meter-src-capture-run-rs.md"
digest = "sha256:f76dd34adeb8e92122bd4c04430c1210d660d081af6dc7ec49347c72da8d238e"

[[files]]
path = "semantic/source/projects-meter-src-capture-sampler-rs.md"
digest = "sha256:0a2871b94432aac0c8863e600917a2a1faf9fd7ffb4fd5fd4e06755d40f684cf"

[[files]]
path = "semantic/source/projects-meter-src-discovery-rs.md"
digest = "sha256:38f851a96b543461d430e3f412f393dfa03391e7da61cb908ab379290ee362a8"

[[files]]
path = "semantic/source/projects-meter-src-fixtures-rs.md"
digest = "sha256:8ec6bdad2eba2f56d1a1750c9954e168e8163fa9b53132f5738c71e81e7bde65"

[[files]]
path = "semantic/source/projects-meter-src-hooks-rs.md"
digest = "sha256:85ff8b171cfee5f401b4ff2f80859921c486ee602c7ea6bf27bf609f0c71f2ff"

[[files]]
path = "semantic/source/projects-meter-src-http-server-rs.md"
digest = "sha256:8baa5efba5aae62ae6752741a0c5b2d7ccc16a9cb295d641bac03c6a36aa36df"

[[files]]
path = "semantic/source/projects-meter-src-lib-rs.md"
digest = "sha256:039756e12a2f21a63cb1d53e2a7ab5a481870356505e72981260bbe3a5539c07"

[[files]]
path = "semantic/source/projects-meter-src-parametrize-rs.md"
digest = "sha256:263d8f985a2d473e1f331f7675e17bc2a4d82dd172022682c73b6af5473ee9f9"

[[files]]
path = "semantic/source/projects-meter-src-performance-boundary-rs.md"
digest = "sha256:0cf6eca6427df8551ae1b72a64b3fd0640b101b8fc98bbf3f052b52b82f91c52"

[[files]]
path = "semantic/source/projects-meter-src-performance-mod-rs.md"
digest = "sha256:02bfc5ccd96bc069788648c3f6e312a5267362791d7210ca483936fbc39f8d3c"

[[files]]
path = "semantic/source/projects-meter-src-performance-profiler-rs.md"
digest = "sha256:6fda5c21355c461c38223ce57d09196b07eb0c2fc0b40b0826a263b2d71b5971"

[[files]]
path = "semantic/source/projects-meter-src-plugin-rs.md"
digest = "sha256:caaff456b90d982b5ebfda46d9694340b487a5fdf5ae7f89e79e9e357e86fde4"

[[files]]
path = "semantic/source/projects-meter-src-report-builder-rs.md"
digest = "sha256:3695a929ea76052fddb087404f5008c408f45b5270960cb13e0635e601514820"

[[files]]
path = "semantic/source/projects-meter-src-report-emit-rs.md"
digest = "sha256:9988668f780a8b83252d7605295bc74938f7180943d5bfe7c4488c8df12b8b5e"

[[files]]
path = "semantic/source/projects-meter-src-report-env-rs.md"
digest = "sha256:3c85e1cf7d74345b7da2157925927727f7fc5dd9e93baf915535b7e28b301688"

[[files]]
path = "semantic/source/projects-meter-src-report-envelope-rs.md"
digest = "sha256:67387b26e609c57f030cbf4d61085ada14a3d80e39ce8d3bcc8b22e617720874"

[[files]]
path = "semantic/source/projects-meter-src-report-finding-rs.md"
digest = "sha256:76c5a0c284e4beaee5c2256068cf9699a55554a489a4df444895fa74b4080be1"

[[files]]
path = "semantic/source/projects-meter-src-report-mod-rs.md"
digest = "sha256:75a8913702cfbd265a27a5d53dd93e69dba6697e4d2ad6a74dedf80e52e4f47d"

[[files]]
path = "semantic/source/projects-meter-src-report-persist-rs.md"
digest = "sha256:bd497c430b92016057a2168eac4354da4e2cb81ef888f59dcc0e8aec60fffe19"

[[files]]
path = "semantic/source/projects-meter-src-report-producer-rs.md"
digest = "sha256:7a1b0dca7a3b3c974334dbc2681ea85d033de9d974d5eca204f6f808695d7310"

[[files]]
path = "semantic/source/projects-meter-src-report-schema-rs.md"
digest = "sha256:2de91475fd4b2d3f61eda7f0117aa240388784500c3b05b741e8582965eb7a4a"

[[files]]
path = "semantic/source/projects-meter-src-reporter-rs.md"
digest = "sha256:729b19e3af800cc83bf032067d894ce9d744541c7799b00ce266428ddec3388b"

[[files]]
path = "semantic/source/projects-meter-src-runner-rs.md"
digest = "sha256:c5a139243eeef44314a5bdc17b3a1aba7356b5e3eaf609055c163d70f61f806b"

[[files]]
path = "semantic/source/projects-meter-src-rust-runner-rs.md"
digest = "sha256:e1c5916f9aa37052ce8b920d4e6b683b783d9793b6598b6695c563a66a9aa6d4"

[[files]]
path = "semantic/source/projects-meter-src-security-async-fuzzer-rs.md"
digest = "sha256:a0cfc6d3680e042df7db11731fac4256af6064debc81c4ff3c4aa7e3876756f2"

[[files]]
path = "semantic/source/projects-meter-src-security-fuzzer-rs.md"
digest = "sha256:a18d5a28bcc7f5b1eabe6a4e8c6cd90b552ad912d7c3849e500cbf976ff4fc41"

[[files]]
path = "semantic/source/projects-meter-src-security-mod-rs.md"
digest = "sha256:89682a2ad00451cb06144208065a1fcea0ad4ce31a7f1e8bba0973f7407c8ac8"

[[files]]
path = "semantic/source/projects-meter-src-security-payloads-rs.md"
digest = "sha256:2fee722225dfc9f5bc582779c7bd440876f9e5fb49a5942ed290d33e57441445"

[[files]]
path = "semantic/source/projects-meter-src-security-sql-injection-rs.md"
digest = "sha256:016366b373a41b67a6dca861a4dced6c2fa3b47f1db0547c200ab71de421422d"

[[files]]
path = "semantic/source/projects-meter-src-ts-runner-rs.md"
digest = "sha256:783f99823618dcaeb509aacb13fee8dc281d6734c9808a6482ba1038cb3a827d"

[[files]]
path = "semantic/source/projects-meter-tests-async-fuzzing-test-rs.md"
digest = "sha256:9a689a43dd453982ce43738ed748fb151685c30d59be63449256f4a527e543bf"

[[files]]
path = "semantic/source/projects-meter-tests-audit-trust-bug-rs.md"
digest = "sha256:6102347d99d5c78670eb44c4bc76e9f59a401f91c1898e14de5fa1eae131487e"

[[files]]
path = "semantic/source/projects-meter-tests-fixtures-vuln-crate-src-main-rs.md"
digest = "sha256:263fafff91706c2f5d08a5cbf5ecda39fe54171251c7cc5611a0a6f582a69a7b"

[[files]]
path = "semantic/source/projects-meter-tests-junit-example-rs.md"
digest = "sha256:1675b75566ef5bf6e51e639e5674c6d4b2c8b0585cb96395b8f8d3d578decef9"
