version = 2
project = "pgpool"
ir_kind = "td"
td_path = "apps/pgpool/tech-design"
generated_at = "2026-07-09T06:36:06.726621+00:00"
digest = "sha256:c748218a73169c9e0756d98e0726f64952e109d13227898e31d6dfe2f221cd99"
source_digest = "sha256:c748218a73169c9e0756d98e0726f64952e109d13227898e31d6dfe2f221cd99"
ir_digest = "sha256:c771a73de5bb46fd44716816230fb5593179ac79d5a7b0ccac3e69833f9ddac8"

[[files]]
path = "logic/pg-wire-message-codec-frontend-backend-frames.md"
digest = "sha256:57eff20ef4dffb83799bb164163b27f3ed6d089b3fdb1d3f6f8edfeb2354a0c6"
ir_digest = "sha256:960d2f9162deae0cd1bbb5faf2db04edf33593b2228e057304a85b4fa82876c5"
section_count = 5

[[files]]
path = "logic/session-mode-proxy-with-auth-passthrough-and-serve-entrypoint.md"
digest = "sha256:b28c37e4cfa11ef5e0f026965bf3f5838838b183a3513d5ee6dfde3546c7bd49"
ir_digest = "sha256:92a3c946a4227eca6204eca24ddeaf072d54c7cbc3b7826a7448c475589f9f78"
section_count = 5
