version = 2
project = "tape"
ir_kind = "td"
td_path = "projects/tape/tech-design"
generated_at = "2026-07-07T16:23:31.551124+00:00"
digest = "sha256:490d57aa4d5333f15e2a21038554a14a12e7a88c1337128836ddca4093d0bc3d"
source_digest = "sha256:490d57aa4d5333f15e2a21038554a14a12e7a88c1337128836ddca4093d0bc3d"
ir_digest = "sha256:3385b6c3fb6ce36ac36fe03f76f9f6a93f6e72ec8eb42150e973ed2ec33ee7b8"

[[files]]
path = "README.md"
digest = "sha256:dc7fb8fe7a4210bf50824fc477078de4b62f30208e3c506f7756e1ab5c787104"
ir_digest = "sha256:ffd60e3aff92c538315b70c3984361efaa6fab25e0af61264310a39a68b8cfcd"
section_count = 0

[[files]]
path = "semantic/source/projects-tape-build-rs.md"
digest = "sha256:82fac55b5d65790c3ffbdec576076e173f5400cfeb782683525ed74b2001fe3b"
ir_digest = "sha256:0e1817e10a5678fa74d3b6705f181dcc81b3fd6128dfc109914f2fd1679eb82a"
section_count = 3

[[files]]
path = "semantic/source/projects-tape-src-bench-rs.md"
digest = "sha256:7d28f9a8e53b6ed8b38a4b3b8980c86bd8d9bae99444afd2ab17daa7313f79ea"
ir_digest = "sha256:6624b63b509c4cec150b2020e5438065df702e31b1119e2c99c1d4c9466ec1d8"
section_count = 4

[[files]]
path = "semantic/source/projects-tape-src-bin-tape-bench-rs.md"
digest = "sha256:0903ef17f520d23c7ea7ff7cd4fead01a080439f079a471a46bc97ef361a8d3e"
ir_digest = "sha256:a98992e0da844e2ffdfd01768b20d6329019f0c2bcac67e6741db32793e12e83"
section_count = 3

[[files]]
path = "semantic/source/projects-tape-src-bin-tape-rs.md"
digest = "sha256:0b3aa7bcd53e0198e3762993526f1c3f62595710b135da89de1820862ffbac6d"
ir_digest = "sha256:58ab0be903b41c84a554e3f28e932416b682f29964eb8775fa656c628ca9f70e"
section_count = 4

[[files]]
path = "semantic/source/projects-tape-src-lib-rs.md"
digest = "sha256:3adf46afd1e90f7cca919d5b4a5c22c6340181ca19c76da0279a095a09b9ea1f"
ir_digest = "sha256:e8af33c26dadcf09ee596a1199525be6e19f38b44c40c0c3c3e4030ff169be71"
section_count = 4

[[files]]
path = "semantic/source/projects-tape-src-spec-rs.md"
digest = "sha256:18450eed0d0b461200cfb3a815bdde499044c7753e1eb9dcb0332da16c7dbee8"
ir_digest = "sha256:7098d7516cd0e20f5c6b4ab9497c5a048a0e269745c7f8053771ea2c6bf4c5dd"
section_count = 4

[[files]]
path = "semantic/source/projects-tape-tests-cli-contract-rs.md"
digest = "sha256:5a9cd173601cd47324079b5d775f74211447d161ffcd25879aa177177479cbc3"
ir_digest = "sha256:d152c557500cf059feca810f2acf06d1db72b800e255c080cd0d1a149e231b94"
section_count = 3

[[files]]
path = "semantic/source/projects-tape-tests-competitor-feature-parity-rs.md"
digest = "sha256:afb82921ba41801b6945a7630c866a31346d3c3d246cd670e49137aadee2d3bb"
ir_digest = "sha256:31e0dfee37458a5cf797f0722d0cafb897ca62e5d321c15f54672a37689415e5"
section_count = 3

[[files]]
path = "semantic/source/projects-tape-tests-tape-perf-gate-rs.md"
digest = "sha256:24f4668f870c3bdf8019b56ac2c98a28cc545b0f647f18500da9c57fbf772fa9"
ir_digest = "sha256:14240b36ff55c2512a3b7b4c8f623bc7d63709c0659f8ece7c3ac777c6cfb540"
section_count = 3

[[files]]
path = "semantic/source/projects-tape-tests-tape-vs-nats-jetstream-rs.md"
digest = "sha256:759f827ea2a74e5847cae7e78e74a8f029ba782c509439a26be0c4a5f25e97d3"
ir_digest = "sha256:9de53642ddd3c2ab6d0b9ae50cd5b519113c3d6db5e435d16aeff74c87c95280"
section_count = 3

[[files]]
path = "semantic/tape-build-script.md"
digest = "sha256:f8c80e04e9c91fed327967467c93c119a7542deac6d0a1bd75810a844ce189fe"
ir_digest = "sha256:e06d33eea74e4c0f7287fdb506d802f279415ace7f01ebbdf06cb75264121104"
section_count = 3

[[files]]
path = "semantic/tape-install-script.md"
digest = "sha256:3b7f98ad224897eb31c687f4faf1f752e242739b1672c69221048cae01fd5785"
ir_digest = "sha256:b1809dc682098b6fb9bc8894577698e6955777fa2f66f8cd15b348c32d36bd34"
section_count = 3

[[files]]
path = "semantic/tape-projects-tape.md"
digest = "sha256:8f216b685910da008e0203fb6a9a8ace8787bf7b72bdf1083467823689ddf476"
ir_digest = "sha256:d245d6e61913bf85f3110d15fa8921e2f07187910f2f1c50bbe8b23582bb8129"
section_count = 3
