version = 1
project = "relay"
td_path = "projects/relay/tech-design"
generated_at = "2026-06-20T14:26:46.661241+00:00"
digest = "sha256:a89576408fae832c046a2a8d4b86fbacbcde6d8c7bc6caf9dc5a5b8248d4b503"

[[files]]
path = "interfaces/rest/http-2-openapi-transport-client-side-sharding-streaming-subscrib.md"
digest = "sha256:f4eca33406eb642d92afd1859776073de69df3fd0c4df6e12a025fd144a577eb"

[[files]]
path = "interfaces/rest/relay-keep-worker-facing-openapi-contract-polyglot-worker-integr.md"
digest = "sha256:1823425df637d13a67f4e6aa89661831b16392aed22fb9018cefcb2f1d06d111"

[[files]]
path = "interfaces/rest/work-queue-api-lease-ack-heartbeat.md"
digest = "sha256:4b60a1feb6cdc35fe0c432505482727ebbdbaebf207d8532359092a914370665"

[[files]]
path = "logic/bounded-ram-durable-log-entry-eviction-offset-index-disk-backed.md"
digest = "sha256:45c7f0701704886bff0ed25db7ee531aa18e53b116eee40f0693f096c0c5e7db"

[[files]]
path = "logic/competitor-perf-gate-vs-nats-rabbitmq-redpanda-arena-ratchet.md"
digest = "sha256:56061c7b6a0954119814d373c6a501e971779bd8e361835c3707617b98bae03e"

[[files]]
path = "logic/core-durable-log-single-multi-broadcast-delivery-model.md"
digest = "sha256:0b29d2df9006f1ab0105f863a0ac9b97e9a871d6eed99f9beb982837dd12b567"

[[files]]
path = "logic/default-durable-engine-throughput-group-commit-fsync-publish-bat.md"
digest = "sha256:59948f81413e00d80c09861eddab47ed3c6fd0cfb9d7f07f16abc5c3f52f1275"

[[files]]
path = "logic/h2c-raft-transport-driver-producer-redirect-to-leader.md"
digest = "sha256:a5f8ca1aa48fa912ff7d768569b378ecff21ba60cb87703abb6eaec1df79de73"

[[files]]
path = "logic/ha-via-leader-follower-log-replication-async-primary-backup.md"
digest = "sha256:d961955ef2bc9a4e258a43d117f799f4d30e391501dc5eda1a698c63e58f3eb6"

[[files]]
path = "logic/k8s-manifests-ordinal-role-kind-failover-smoke-raft-ha-layer-2.md"
digest = "sha256:2919f9b9be02bf1d55f3f05de90f58128346820df51feecb752e6c250de3786a"

[[files]]
path = "logic/log-segment-rotation-retention-full-log-lifecycle.md"
digest = "sha256:10a3465cffaf6ed5b7c59c86735c2e85f981090dc9ccaf988179f0c568049c38"

[[files]]
path = "logic/multi-shard-per-subject-server-side-sharding-horizontal-scale.md"
digest = "sha256:a4557b5a2cfebd2a0e48d319b08e98b39fcac11982781009e6257d18e90013f4"

[[files]]
path = "logic/raft-hard-state-persistence-fsyncpolicy-crash-safe-single-voter.md"
digest = "sha256:e0abf58c27e661333d5feff7b93cbe350b8897d525335c1a93a2c235fc190633"

[[files]]
path = "logic/reconciler-lease-reclaim-redeliver-liveness.md"
digest = "sha256:8713bae64cfbe618f577a924c76cc656656e27676849f4e3decf5e6a4bde2fd5"

[[files]]
path = "logic/single-shard-raft-consensus-core-self-contained-rsm-auto-voter-l.md"
digest = "sha256:a0c64c71c4d6fcd535e231a8c861fca1fe362948f5665ddcc9684dc2a65fa131"

[[files]]
path = "logic/sparse-offset-index-scale-the-log-to-billions-of-entries.md"
digest = "sha256:b568c5d90a8a57a1fe2ba861a5344ae9656b05e5108b23b78e9f9c0a37d54dee"

[[files]]
path = "logic/work-queue-throughput-per-shard-lock-o-1-lease-cursor-batch-leas.md"
digest = "sha256:c14877cb770c187d72f4e904d762eb32cdbcb6242c8dc6fd252034e9098d44d1"
