version = 1
project = "relay"
td_path = "projects/relay/tech-design"
generated_at = "2026-06-20T13:40:33.226531+00:00"
digest = "sha256:ed09185809b1d5e24062efa974db304ea19071af3340dd926b6e0dcf27412836"

[[files]]
path = "interfaces/rest/http-2-openapi-transport-client-side-sharding-streaming-subscrib.md"
digest = "sha256:14709bdd4b3a883424cd06acea8cbacde8472248f721463bdbe3f8a40b0c339b"

[[files]]
path = "interfaces/rest/relay-keep-worker-facing-openapi-contract-polyglot-worker-integr.md"
digest = "sha256:032874e6b7a49c03990b7776f61240bd37d76f86d570d38974d49f5fc20d2899"

[[files]]
path = "interfaces/rest/work-queue-api-lease-ack-heartbeat.md"
digest = "sha256:31a44c0b4bf2fa26e65f376eb8e685f36d1f24841425db975df31c655c4be0c3"

[[files]]
path = "logic/bounded-ram-durable-log-entry-eviction-offset-index-disk-backed.md"
digest = "sha256:45c7f0701704886bff0ed25db7ee531aa18e53b116eee40f0693f096c0c5e7db"

[[files]]
path = "logic/competitor-perf-gate-vs-nats-rabbitmq-redpanda-arena-ratchet.md"
digest = "sha256:155f84ea421e4ea4e796f7fd40dc7d92bdc0e6b80b878d3d8503b04c5d023b26"

[[files]]
path = "logic/core-durable-log-single-multi-broadcast-delivery-model.md"
digest = "sha256:af683c7fa0985c5acad7c019e55e4bfdf578dad8a180d80b6adc583f16705b05"

[[files]]
path = "logic/default-durable-engine-throughput-group-commit-fsync-publish-bat.md"
digest = "sha256:f0519c61d62313ff24e2c3d50374d613831ebfc588ef198c1bef45cbecda99b4"

[[files]]
path = "logic/h2c-raft-transport-driver-producer-redirect-to-leader.md"
digest = "sha256:e49c91771a1970d5f514c29d16261dadede94eed3347c4787bab2c1bb2d5d7c7"

[[files]]
path = "logic/ha-via-leader-follower-log-replication-async-primary-backup.md"
digest = "sha256:d961955ef2bc9a4e258a43d117f799f4d30e391501dc5eda1a698c63e58f3eb6"

[[files]]
path = "logic/k8s-manifests-ordinal-role-kind-failover-smoke-raft-ha-layer-2.md"
digest = "sha256:2e8dbe0a9d186c25defdaf739c59b16e10a94ae3398f34d1d2172375d09ebcd8"

[[files]]
path = "logic/log-segment-rotation-retention-full-log-lifecycle.md"
digest = "sha256:02b9489702059bccb093e32ed5aacb58bdedd52bb4be95536213c32fb329cfe0"

[[files]]
path = "logic/multi-shard-per-subject-server-side-sharding-horizontal-scale.md"
digest = "sha256:a4557b5a2cfebd2a0e48d319b08e98b39fcac11982781009e6257d18e90013f4"

[[files]]
path = "logic/raft-hard-state-persistence-fsyncpolicy-crash-safe-single-voter.md"
digest = "sha256:06634736d3b09bc523f8df5abc4be5f9f6f8b2e6dcb248ae58e56c82fd28146f"

[[files]]
path = "logic/reconciler-lease-reclaim-redeliver-liveness.md"
digest = "sha256:22e29a69065e5e574bd0d987cdf75165eba2db3930a8aac38ca3017cc7210285"

[[files]]
path = "logic/single-shard-raft-consensus-core-self-contained-rsm-auto-voter-l.md"
digest = "sha256:3984abfc02f5929f42e0d3d255582eae9bb555a38b917614908024f4dd87896e"

[[files]]
path = "logic/sparse-offset-index-scale-the-log-to-billions-of-entries.md"
digest = "sha256:b568c5d90a8a57a1fe2ba861a5344ae9656b05e5108b23b78e9f9c0a37d54dee"

[[files]]
path = "logic/work-queue-throughput-per-shard-lock-o-1-lease-cursor-batch-leas.md"
digest = "sha256:9969745d432ab5426f7f70ab24fd1d0d2eae6963ff7074968e1fa04aa7edcec6"
